
Microsoft Visual Studio Solution File, Format Version 12.00
# Visual Studio 14
VisualStudioVersion = 14.0.25420.1
MinimumVisualStudioVersion = 10.0.40219.1
Project("{FAE04EC0-301F-11D3-BF4B-00C04F79EFBC}") = "Dumbledore", "ItsMagic\Dumbledore.csproj", "{979BDAFE-02D5-48EB-8722-3F99FC3275BA}"
EndProject
Project("{FAE04EC0-301F-11D3-BF4B-00C04F79EFBC}") = "Dumbledore.Tests", "ItsMagic.Tests\Dumbledore.Tests.csproj", "{F664C524-5C97-4129-BDB9-42DDE7030362}"
EndProject
Project("{FAE04EC0-301F-11D3-BF4B-00C04F79EFBC}") = "RemoveLogRepo", "RemoveLogRepo\RemoveLogRepo.csproj", "{86D7AFF2-025E-441E-8125-4025AD63C7CE}"
EndProject
Global
	GlobalSection(SolutionConfigurationPlatforms) = preSolution
		Debug|Any CPU = Debug|Any CPU
		Release|Any CPU = Release|Any CPU
	EndGlobalSection
	GlobalSection(ProjectConfigurationPlatforms) = postSolution
		{979BDAFE-02D5-48EB-8722-3F99FC3275BA}.Debug|Any CPU.ActiveCfg = Debug|Any CPU
		{979BDAFE-02D5-48EB-8722-3F99FC3275BA}.Debug|Any CPU.Build.0 = Debug|Any CPU
		{979BDAFE-02D5-48EB-8722-3F99FC3275BA}.Release|Any CPU.ActiveCfg = Release|Any CPU
		{979BDAFE-02D5-48EB-8722-3F99FC3275BA}.Release|Any CPU.Build.0 = Release|Any CPU
		{F664C524-5C97-4129-BDB9-42DDE7030362}.Debug|Any CPU.ActiveCfg = Debug|Any CPU
		{F664C524-5C97-4129-BDB9-42DDE7030362}.Debug|Any CPU.Build.0 = Debug|Any CPU
		{F664C524-5C97-4129-BDB9-42DDE7030362}.Release|Any CPU.ActiveCfg = Release|Any CPU
		{F664C524-5C97-4129-BDB9-42DDE7030362}.Release|Any CPU.Build.0 = Release|Any CPU
		{86D7AFF2-025E-441E-8125-4025AD63C7CE}.Debug|Any CPU.ActiveCfg = Debug|Any CPU
		{86D7AFF2-025E-441E-8125-4025AD63C7CE}.Debug|Any CPU.Build.0 = Debug|Any CPU
		{86D7AFF2-025E-441E-8125-4025AD63C7CE}.Release|Any CPU.ActiveCfg = Release|Any CPU
		{86D7AFF2-025E-441E-8125-4025AD63C7CE}.Release|Any CPU.Build.0 = Release|Any CPU
	EndGlobalSection
	GlobalSection(SolutionProperties) = preSolution
		HideSolutionNode = FALSE
	EndGlobalSection
EndGlobal
