Microsoft Visual Studio Solution File, Format Version 12.00
# Visual Studio 14
VisualStudioVersion = 14.0.25420.1
MinimumVisualStudioVersion = 10.0.40219.1
Project("{FAE04EC0-301F-11D3-BF4B-00C04F79EFBC}") = "Mercury.CoreTypes", "Platform\Mercury.CoreTypes\Mercury.CoreTypes.csproj", "{A78F75AB-FEA0-4A70-9EF6-5ABD55CBF2EF}"
EndProject
Project("{2150E333-8FDC-42A3-9474-1A3956D46DE8}") = ".nuget", ".nuget", "{888B003C-746F-401D-BBD2-64118CA400A6}"
	ProjectSection(SolutionItems) = preProject
		.nuget\NuGet.Config = .nuget\NuGet.Config
	EndProjectSection
EndProject
Project("{2150E333-8FDC-42A3-9474-1A3956D46DE8}") = "Deployment", "Deployment", "{FB2349F4-D77F-4D35-A2DE-97B1F1D02E81}"
	ProjectSection(SolutionItems) = preProject
		..\Scripts\Terminal.msbuild = ..\Scripts\Terminal.msbuild
	EndProjectSection
EndProject
Project("{FAE04EC0-301F-11D3-BF4B-00C04F79EFBC}") = "Terminal", "Terminal\Terminal\Terminal.csproj", "{57FA7CF2-9479-4C8B-83B4-0C2262A5E6FC}"
EndProject
Project("{FAE04EC0-301F-11D3-BF4B-00C04F79EFBC}") = "Terminal.Tests", "Terminal\Terminal.Tests\Terminal.Tests.csproj", "{2A4EEDD4-1F42-4B69-BA33-A8ACF6B09D0A}"
	ProjectSection(ProjectDependencies) = postProject
		{57FA7CF2-9479-4C8B-83B4-0C2262A5E6FC} = {57FA7CF2-9479-4C8B-83B4-0C2262A5E6FC}
	EndProjectSection
EndProject
Project("{FAE04EC0-301F-11D3-BF4B-00C04F79EFBC}") = "Terminal.Deployer", "Terminal\Terminal.Deployer\Terminal.Deployer.csproj", "{51A66FEC-3E1B-40D7-9EA8-88523ABC5FBC}"
EndProject
Project("{FAE04EC0-301F-11D3-BF4B-00C04F79EFBC}") = "ServiceContracts", "TerminalGateway\ServiceContracts\ServiceContracts.csproj", "{AF8BD6CB-113B-4DD9-BE78-EA62246B5B3B}"
EndProject
Project("{FAE04EC0-301F-11D3-BF4B-00C04F79EFBC}") = "LogRepository.ServiceContracts", "LogRepository\LogRepository.ServiceContracts\LogRepository.ServiceContracts.csproj", "{7A7CE935-5AF5-477E-A361-C8AB18C4FBED}"
EndProject
Project("{2150E333-8FDC-42A3-9474-1A3956D46DE8}") = "ServiceContracts", "ServiceContracts", "{E5FF38CA-3D4A-47CC-9430-4BA57320D113}"
EndProject
Project("{2150E333-8FDC-42A3-9474-1A3956D46DE8}") = "Tests", "Tests", "{37FC8841-B2AF-48E0-8592-CD806F16908A}"
EndProject
Project("{FAE04EC0-301F-11D3-BF4B-00C04F79EFBC}") = "ReferenceData", "Common\ReferenceData\ReferenceData.csproj", "{34E7A47E-A8FB-4614-9B81-D060FA87AC5B}"
EndProject
Project("{2150E333-8FDC-42A3-9474-1A3956D46DE8}") = "Common", "Common", "{FDE0976F-C996-43DD-8571-324493848117}"
EndProject
Project("{FAE04EC0-301F-11D3-BF4B-00C04F79EFBC}") = "ReferenceData.Tests", "Common\ReferenceData.Tests\ReferenceData.Tests.csproj", "{404E78A9-E2A4-48E0-ADDC-666E1FB956B2}"
EndProject
Project("{FAE04EC0-301F-11D3-BF4B-00C04F79EFBC}") = "Contracts", "Common\Contracts\Contracts.csproj", "{4C77BAC1-0604-4433-A3CE-C92433EE9227}"
EndProject
Project("{FAE04EC0-301F-11D3-BF4B-00C04F79EFBC}") = "Terminal.Common", "Terminal\Terminal.Common\Terminal.Common.csproj", "{2B8372A8-6E48-410D-8526-55553B87BDA5}"
EndProject
Project("{FAE04EC0-301F-11D3-BF4B-00C04F79EFBC}") = "Terminal.UiTests", "Terminal\Terminal.UiTests\Terminal.UiTests.csproj", "{C3764D60-5F6D-4886-BFBA-598C4134AEFA}"
	ProjectSection(ProjectDependencies) = postProject
		{57FA7CF2-9479-4C8B-83B4-0C2262A5E6FC} = {57FA7CF2-9479-4C8B-83B4-0C2262A5E6FC}
	EndProjectSection
EndProject
Project("{FAE04EC0-301F-11D3-BF4B-00C04F79EFBC}") = "Messages.Client", "Platform\Messages.Client\Messages.Client.csproj", "{251CDDD8-0100-4ACE-9D59-2E99B89374CF}"
	ProjectSection(ProjectDependencies) = postProject
		{4B2E1F04-35B1-4D0C-914E-F5E64EDDB7EB} = {4B2E1F04-35B1-4D0C-914E-F5E64EDDB7EB}
	EndProjectSection
EndProject
Project("{FAE04EC0-301F-11D3-BF4B-00C04F79EFBC}") = "Server.Core", "Platform\Server.Core\Server.Core.csproj", "{4B2E1F04-35B1-4D0C-914E-F5E64EDDB7EB}"
EndProject
Project("{FAE04EC0-301F-11D3-BF4B-00C04F79EFBC}") = "DocumentGeneration", "Common\DocumentGeneration\DocumentGeneration.csproj", "{E2EA324C-B304-4AF5-82BD-D1B7F6020C7F}"
EndProject
Project("{FAE04EC0-301F-11D3-BF4B-00C04F79EFBC}") = "DocumentGeneration.Tests", "Common\DocumentGeneration.Tests\DocumentGeneration.Tests.csproj", "{860146EB-8202-4955-8BC3-9DC6DC229808}"
EndProject
Project("{FAE04EC0-301F-11D3-BF4B-00C04F79EFBC}") = "Contracts.Tests", "Common\Contracts.Tests\Contracts.Tests.csproj", "{5782F1EA-01B5-475A-A4BD-759D4D58779C}"
EndProject
Project("{FAE04EC0-301F-11D3-BF4B-00C04F79EFBC}") = "Tests.Core", "Platform\Tests.Core\Tests.Core.csproj", "{AF2AA63F-B129-4D88-9D1A-4BC19E443B00}"
	ProjectSection(ProjectDependencies) = postProject
		{4B2E1F04-35B1-4D0C-914E-F5E64EDDB7EB} = {4B2E1F04-35B1-4D0C-914E-F5E64EDDB7EB}
		{D2A541D6-A79C-4C43-A1A1-388528F856C7} = {D2A541D6-A79C-4C43-A1A1-388528F856C7}
		{251CDDD8-0100-4ACE-9D59-2E99B89374CF} = {251CDDD8-0100-4ACE-9D59-2E99B89374CF}
	EndProjectSection
EndProject
Project("{FAE04EC0-301F-11D3-BF4B-00C04F79EFBC}") = "WorkerEngine", "Platform\WorkerEngine\WorkerEngine.csproj", "{D2A541D6-A79C-4C43-A1A1-388528F856C7}"
	ProjectSection(ProjectDependencies) = postProject
		{4B2E1F04-35B1-4D0C-914E-F5E64EDDB7EB} = {4B2E1F04-35B1-4D0C-914E-F5E64EDDB7EB}
		{251CDDD8-0100-4ACE-9D59-2E99B89374CF} = {251CDDD8-0100-4ACE-9D59-2E99B89374CF}
	EndProjectSection
EndProject
Project("{2150E333-8FDC-42A3-9474-1A3956D46DE8}") = "UiTests", "UiTests", "{4D2844B8-0110-41E1-A4E2-BB8BEF25C6E9}"
EndProject
Project("{FAE04EC0-301F-11D3-BF4B-00C04F79EFBC}") = "Mercury.Core", "Platform\Mercury.Core\Mercury.Core.csproj", "{36800F86-879A-4FBA-8D6C-FBEDD385531F}"
EndProject
Project("{FAE04EC0-301F-11D3-BF4B-00C04F79EFBC}") = "Mercury.Core.Tests", "Platform\Mercury.Core.Tests\Mercury.Core.Tests.csproj", "{98E1872A-02D8-4D1C-B0CB-D1FD269C9270}"
EndProject
Project("{FAE04EC0-301F-11D3-BF4B-00C04F79EFBC}") = "LoanCommon", "Common\LoanCommon\LoanCommon.csproj", "{AB66AF56-E08C-4E2D-9DCC-AC8919B575E5}"
EndProject
Project("{FAE04EC0-301F-11D3-BF4B-00C04F79EFBC}") = "LoanCommon.Tests", "Common\LoanCommon.Tests\LoanCommon.Tests.csproj", "{725F56F1-7B31-40ED-A587-A42649EE42D9}"
	ProjectSection(ProjectDependencies) = postProject
		{AF2AA63F-B129-4D88-9D1A-4BC19E443B00} = {AF2AA63F-B129-4D88-9D1A-4BC19E443B00}
		{AB66AF56-E08C-4E2D-9DCC-AC8919B575E5} = {AB66AF56-E08C-4E2D-9DCC-AC8919B575E5}
	EndProjectSection
EndProject
Project("{FAE04EC0-301F-11D3-BF4B-00C04F79EFBC}") = "LoanBuilder", "TestSupport\LoanBuilder\LoanBuilder.csproj", "{72E613F0-A37D-4964-9A68-116114CF2A40}"
EndProject
Project("{FAE04EC0-301F-11D3-BF4B-00C04F79EFBC}") = "Logging.Client", "Platform\Logging.Client\Logging.Client.csproj", "{42A388A2-B797-4335-8A7D-8D748F58E7A3}"
EndProject
Project("{FAE04EC0-301F-11D3-BF4B-00C04F79EFBC}") = "Messages.Client.Independent", "Common\Messages.Client.Independent\Messages.Client.Independent.csproj", "{6FE9E4A1-1142-4924-B29D-31F732F3E403}"
EndProject
Project("{FAE04EC0-301F-11D3-BF4B-00C04F79EFBC}") = "Tests.Shared", "Common\Tests.Shared\Tests.Shared.csproj", "{CA12242D-1F50-44BB-9972-D6C6609E4C37}"
EndProject
Project("{FAE04EC0-301F-11D3-BF4B-00C04F79EFBC}") = "Terminal.Common.Tests", "Terminal\Terminal.Common.Tests\Terminal.Common.Tests.csproj", "{3281B651-68F0-444A-88B3-23DC29F6E1E9}"
EndProject
Project("{FAE04EC0-301F-11D3-BF4B-00C04F79EFBC}") = "OnlineLoanBuilder", "TestSupport\OnlineLoanBuilder\OnlineLoanBuilder.csproj", "{9B13159A-7976-44F6-9CEB-BD76C8C5C8F5}"
EndProject
Project("{FAE04EC0-301F-11D3-BF4B-00C04F79EFBC}") = "InStoreLoanBuilder", "TestSupport\InStoreLoanBuilder\InStoreLoanBuilder.csproj", "{01C90774-589C-42C4-8B80-160B84FA5963}"
EndProject
Project("{FAE04EC0-301F-11D3-BF4B-00C04F79EFBC}") = "DocxEngine", "DocxEngine\DocxEngine\DocxEngine.csproj", "{D67FD116-DFE2-4AEC-9ED8-F522D690D91F}"
EndProject
Project("{FAE04EC0-301F-11D3-BF4B-00C04F79EFBC}") = "Contracts.Loan.Tests", "DocxEngine\Contracts.Loan.Tests\Mercury.DocxEngine.Contracts.Loan.Tests\Contracts.Loan.Tests.csproj", "{D693F406-5C14-4392-B7B0-63BE331D0FBF}"
EndProject
Project("{FAE04EC0-301F-11D3-BF4B-00C04F79EFBC}") = "Reports.Loan", "DocxEngine\Reports.Loan\Reports.Loan.csproj", "{F93098F1-3F51-4CAC-98A2-192483FE686F}"
EndProject
Project("{FAE04EC0-301F-11D3-BF4B-00C04F79EFBC}") = "DocxEngine.Tests", "DocxEngine\DocxEngine.Tests\DocxEngine.Tests.csproj", "{678F31CC-A5B4-44AD-94C8-23BAFD3015AE}"
EndProject
Project("{FAE04EC0-301F-11D3-BF4B-00C04F79EFBC}") = "Contracts.Loan", "DocxEngine\Contracts.Loan\Contracts.Loan.csproj", "{A28D3081-C2EE-44FA-8A0F-00438E311B55}"
EndProject
Project("{FAE04EC0-301F-11D3-BF4B-00C04F79EFBC}") = "LoanEligibilityCommon", "Common\LoanEligibilityCommon\LoanEligibilityCommon.csproj", "{25E6A33C-A5D8-4E1B-9F6B-19E4DEBA0A8F}"
EndProject
Project("{FAE04EC0-301F-11D3-BF4B-00C04F79EFBC}") = "LoanEligibilityCommon.Tests", "Common\LoanEligibilityCommon.Tests\LoanEligibilityCommon.Tests.csproj", "{9571BB34-AE5D-4516-9BBD-5229545C6FCB}"
EndProject
Project("{2150E333-8FDC-42A3-9474-1A3956D46DE8}") = "Documents", "Documents", "{76283C5D-2E76-479C-A707-E97635378005}"
EndProject
Project("{FAE04EC0-301F-11D3-BF4B-00C04F79EFBC}") = "Letters.Loan", "DocxEngine\Letters.Loan\Letters.Loan.csproj", "{90777788-49E3-46A3-99F0-68E49E1BC6C7}"
EndProject
Project("{FAE04EC0-301F-11D3-BF4B-00C04F79EFBC}") = "DocxEngine.Contracts", "DocxEngine\DocxEngine.Contracts\DocxEngine.Contracts.csproj", "{C240DF19-3DC8-42AE-AEA2-D4EE54099BF1}"
EndProject
Project("{FAE04EC0-301F-11D3-BF4B-00C04F79EFBC}") = "ImageApprover", "DocxEngine\ImageApprover\ImageApprover.csproj", "{3336A5C5-A699-4495-9BBD-C8301FD16E3C}"
EndProject
Project("{FAE04EC0-301F-11D3-BF4B-00C04F79EFBC}") = "CommissionCommon", "Common\CommissionCommon\CommissionCommon.csproj", "{0C6540CB-9EA1-4EE3-9422-E0C581F58B2F}"
EndProject
Project("{FAE04EC0-301F-11D3-BF4B-00C04F79EFBC}") = "CustomerBuilder", "TestSupport\CustomerBuilder\CustomerBuilder.csproj", "{2846295E-A1EA-44BF-8011-9C0424E00156}"
EndProject
Project("{FAE04EC0-301F-11D3-BF4B-00C04F79EFBC}") = "TestSupport.Common", "TestSupport\TestSupport.Common\TestSupport.Common.csproj", "{AC83F92D-B4E8-492F-B03F-C2615B5387D0}"
EndProject
Project("{FAE04EC0-301F-11D3-BF4B-00C04F79EFBC}") = "Receipts.Loan", "DocxEngine\Receipts.Loan\Receipts.Loan.csproj", "{5614AE56-04B0-4266-8505-6E16C9756867}"
EndProject
Project("{FAE04EC0-301F-11D3-BF4B-00C04F79EFBC}") = "CommissionCommon.Tests", "Common\CommissionCommon.Tests\CommissionCommon.Tests.csproj", "{8D657BBB-07A3-4506-9920-67FDCD2B68AC}"
EndProject
Project("{FAE04EC0-301F-11D3-BF4B-00C04F79EFBC}") = "Letters.Applications", "DocxEngine\Letters.Applications\Letters.Applications.csproj", "{7ABA5CDE-D561-4F17-B1CF-7221E6E8D3F1}"
EndProject
Project("{FAE04EC0-301F-11D3-BF4B-00C04F79EFBC}") = "CustomerNoteBuilder", "TestSupport\CustomerNoteBuilder\CustomerNoteBuilder.csproj", "{D96C6A66-5AA4-45EF-A351-DCE12B5CA4FD}"
EndProject
Project("{FAE04EC0-301F-11D3-BF4B-00C04F79EFBC}") = "SystemDescription", "Common\SystemDescription\SystemDescription.csproj", "{F6CC3697-FA09-41D6-8A73-2AA1B13C7B7B}"
EndProject
Project("{FAE04EC0-301F-11D3-BF4B-00C04F79EFBC}") = "CcStatementCommon", "Common\CcStatementCommon\CcStatementCommon.csproj", "{ADA0BB39-60A6-461C-A46F-1A42270497BA}"
EndProject
Project("{FAE04EC0-301F-11D3-BF4B-00C04F79EFBC}") = "Mercury.Core.JsonExtensions", "Platform\Mercury.Core.JsonExtensions\Mercury.Core.JsonExtensions.csproj", "{D3DC56B0-8B95-47A5-A086-9E7A95552364}"
EndProject
Global
	GlobalSection(SolutionConfigurationPlatforms) = preSolution
		Debug|Any CPU = Debug|Any CPU
		Release|Any CPU = Release|Any CPU
	EndGlobalSection
	GlobalSection(ProjectConfigurationPlatforms) = postSolution
		{A78F75AB-FEA0-4A70-9EF6-5ABD55CBF2EF}.Debug|Any CPU.ActiveCfg = Debug|Any CPU
		{A78F75AB-FEA0-4A70-9EF6-5ABD55CBF2EF}.Debug|Any CPU.Build.0 = Debug|Any CPU
		{A78F75AB-FEA0-4A70-9EF6-5ABD55CBF2EF}.Release|Any CPU.ActiveCfg = Debug|Any CPU
		{57FA7CF2-9479-4C8B-83B4-0C2262A5E6FC}.Debug|Any CPU.ActiveCfg = Debug|Any CPU
		{57FA7CF2-9479-4C8B-83B4-0C2262A5E6FC}.Debug|Any CPU.Build.0 = Debug|Any CPU
		{57FA7CF2-9479-4C8B-83B4-0C2262A5E6FC}.Release|Any CPU.ActiveCfg = Release|Any CPU
		{57FA7CF2-9479-4C8B-83B4-0C2262A5E6FC}.Release|Any CPU.Build.0 = Release|Any CPU
		{2A4EEDD4-1F42-4B69-BA33-A8ACF6B09D0A}.Debug|Any CPU.ActiveCfg = Debug|Any CPU
		{2A4EEDD4-1F42-4B69-BA33-A8ACF6B09D0A}.Debug|Any CPU.Build.0 = Debug|Any CPU
		{2A4EEDD4-1F42-4B69-BA33-A8ACF6B09D0A}.Release|Any CPU.ActiveCfg = Release|Any CPU
		{2A4EEDD4-1F42-4B69-BA33-A8ACF6B09D0A}.Release|Any CPU.Build.0 = Release|Any CPU
		{51A66FEC-3E1B-40D7-9EA8-88523ABC5FBC}.Debug|Any CPU.ActiveCfg = Debug|Any CPU
		{51A66FEC-3E1B-40D7-9EA8-88523ABC5FBC}.Debug|Any CPU.Build.0 = Debug|Any CPU
		{51A66FEC-3E1B-40D7-9EA8-88523ABC5FBC}.Release|Any CPU.ActiveCfg = Release|Any CPU
		{51A66FEC-3E1B-40D7-9EA8-88523ABC5FBC}.Release|Any CPU.Build.0 = Release|Any CPU
		{AF8BD6CB-113B-4DD9-BE78-EA62246B5B3B}.Debug|Any CPU.ActiveCfg = Debug|Any CPU
		{AF8BD6CB-113B-4DD9-BE78-EA62246B5B3B}.Debug|Any CPU.Build.0 = Debug|Any CPU
		{AF8BD6CB-113B-4DD9-BE78-EA62246B5B3B}.Release|Any CPU.ActiveCfg = Release|Any CPU
		{AF8BD6CB-113B-4DD9-BE78-EA62246B5B3B}.Release|Any CPU.Build.0 = Release|Any CPU
		{7A7CE935-5AF5-477E-A361-C8AB18C4FBED}.Debug|Any CPU.ActiveCfg = Debug|Any CPU
		{7A7CE935-5AF5-477E-A361-C8AB18C4FBED}.Debug|Any CPU.Build.0 = Debug|Any CPU
		{7A7CE935-5AF5-477E-A361-C8AB18C4FBED}.Release|Any CPU.ActiveCfg = Release|Any CPU
		{7A7CE935-5AF5-477E-A361-C8AB18C4FBED}.Release|Any CPU.Build.0 = Release|Any CPU
		{34E7A47E-A8FB-4614-9B81-D060FA87AC5B}.Debug|Any CPU.ActiveCfg = Debug|Any CPU
		{34E7A47E-A8FB-4614-9B81-D060FA87AC5B}.Debug|Any CPU.Build.0 = Debug|Any CPU
		{34E7A47E-A8FB-4614-9B81-D060FA87AC5B}.Release|Any CPU.ActiveCfg = Release|Any CPU
		{34E7A47E-A8FB-4614-9B81-D060FA87AC5B}.Release|Any CPU.Build.0 = Release|Any CPU
		{404E78A9-E2A4-48E0-ADDC-666E1FB956B2}.Debug|Any CPU.ActiveCfg = Debug|Any CPU
		{404E78A9-E2A4-48E0-ADDC-666E1FB956B2}.Debug|Any CPU.Build.0 = Debug|Any CPU
		{404E78A9-E2A4-48E0-ADDC-666E1FB956B2}.Release|Any CPU.ActiveCfg = Release|Any CPU
		{404E78A9-E2A4-48E0-ADDC-666E1FB956B2}.Release|Any CPU.Build.0 = Release|Any CPU
		{4C77BAC1-0604-4433-A3CE-C92433EE9227}.Debug|Any CPU.ActiveCfg = Debug|Any CPU
		{4C77BAC1-0604-4433-A3CE-C92433EE9227}.Debug|Any CPU.Build.0 = Debug|Any CPU
		{4C77BAC1-0604-4433-A3CE-C92433EE9227}.Release|Any CPU.ActiveCfg = Release|Any CPU
		{4C77BAC1-0604-4433-A3CE-C92433EE9227}.Release|Any CPU.Build.0 = Release|Any CPU
		{2B8372A8-6E48-410D-8526-55553B87BDA5}.Debug|Any CPU.ActiveCfg = Debug|Any CPU
		{2B8372A8-6E48-410D-8526-55553B87BDA5}.Debug|Any CPU.Build.0 = Debug|Any CPU
		{2B8372A8-6E48-410D-8526-55553B87BDA5}.Release|Any CPU.ActiveCfg = Release|Any CPU
		{2B8372A8-6E48-410D-8526-55553B87BDA5}.Release|Any CPU.Build.0 = Release|Any CPU
		{C3764D60-5F6D-4886-BFBA-598C4134AEFA}.Debug|Any CPU.ActiveCfg = Debug|Any CPU
		{C3764D60-5F6D-4886-BFBA-598C4134AEFA}.Debug|Any CPU.Build.0 = Debug|Any CPU
		{C3764D60-5F6D-4886-BFBA-598C4134AEFA}.Release|Any CPU.ActiveCfg = Release|Any CPU
		{C3764D60-5F6D-4886-BFBA-598C4134AEFA}.Release|Any CPU.Build.0 = Release|Any CPU
		{251CDDD8-0100-4ACE-9D59-2E99B89374CF}.Debug|Any CPU.ActiveCfg = Debug|Any CPU
		{251CDDD8-0100-4ACE-9D59-2E99B89374CF}.Debug|Any CPU.Build.0 = Debug|Any CPU
		{251CDDD8-0100-4ACE-9D59-2E99B89374CF}.Release|Any CPU.ActiveCfg = Release|Any CPU
		{251CDDD8-0100-4ACE-9D59-2E99B89374CF}.Release|Any CPU.Build.0 = Release|Any CPU
		{4B2E1F04-35B1-4D0C-914E-F5E64EDDB7EB}.Debug|Any CPU.ActiveCfg = Debug|Any CPU
		{4B2E1F04-35B1-4D0C-914E-F5E64EDDB7EB}.Debug|Any CPU.Build.0 = Debug|Any CPU
		{4B2E1F04-35B1-4D0C-914E-F5E64EDDB7EB}.Release|Any CPU.ActiveCfg = Release|Any CPU
		{4B2E1F04-35B1-4D0C-914E-F5E64EDDB7EB}.Release|Any CPU.Build.0 = Release|Any CPU
		{E2EA324C-B304-4AF5-82BD-D1B7F6020C7F}.Debug|Any CPU.ActiveCfg = Debug|Any CPU
		{E2EA324C-B304-4AF5-82BD-D1B7F6020C7F}.Debug|Any CPU.Build.0 = Debug|Any CPU
		{E2EA324C-B304-4AF5-82BD-D1B7F6020C7F}.Release|Any CPU.ActiveCfg = Release|Any CPU
		{E2EA324C-B304-4AF5-82BD-D1B7F6020C7F}.Release|Any CPU.Build.0 = Release|Any CPU
		{860146EB-8202-4955-8BC3-9DC6DC229808}.Debug|Any CPU.ActiveCfg = Debug|Any CPU
		{860146EB-8202-4955-8BC3-9DC6DC229808}.Debug|Any CPU.Build.0 = Debug|Any CPU
		{860146EB-8202-4955-8BC3-9DC6DC229808}.Release|Any CPU.ActiveCfg = Release|Any CPU
		{860146EB-8202-4955-8BC3-9DC6DC229808}.Release|Any CPU.Build.0 = Release|Any CPU
		{5782F1EA-01B5-475A-A4BD-759D4D58779C}.Debug|Any CPU.ActiveCfg = Debug|Any CPU
		{5782F1EA-01B5-475A-A4BD-759D4D58779C}.Debug|Any CPU.Build.0 = Debug|Any CPU
		{5782F1EA-01B5-475A-A4BD-759D4D58779C}.Release|Any CPU.ActiveCfg = Release|Any CPU
		{5782F1EA-01B5-475A-A4BD-759D4D58779C}.Release|Any CPU.Build.0 = Release|Any CPU
		{AF2AA63F-B129-4D88-9D1A-4BC19E443B00}.Debug|Any CPU.ActiveCfg = Debug|Any CPU
		{AF2AA63F-B129-4D88-9D1A-4BC19E443B00}.Debug|Any CPU.Build.0 = Debug|Any CPU
		{AF2AA63F-B129-4D88-9D1A-4BC19E443B00}.Release|Any CPU.ActiveCfg = Release|Any CPU
		{AF2AA63F-B129-4D88-9D1A-4BC19E443B00}.Release|Any CPU.Build.0 = Release|Any CPU
		{D2A541D6-A79C-4C43-A1A1-388528F856C7}.Debug|Any CPU.ActiveCfg = Debug|Any CPU
		{D2A541D6-A79C-4C43-A1A1-388528F856C7}.Debug|Any CPU.Build.0 = Debug|Any CPU
		{D2A541D6-A79C-4C43-A1A1-388528F856C7}.Release|Any CPU.ActiveCfg = Release|Any CPU
		{D2A541D6-A79C-4C43-A1A1-388528F856C7}.Release|Any CPU.Build.0 = Release|Any CPU
		{36800F86-879A-4FBA-8D6C-FBEDD385531F}.Debug|Any CPU.ActiveCfg = Debug|Any CPU
		{36800F86-879A-4FBA-8D6C-FBEDD385531F}.Debug|Any CPU.Build.0 = Debug|Any CPU
		{36800F86-879A-4FBA-8D6C-FBEDD385531F}.Release|Any CPU.ActiveCfg = Release|Any CPU
		{36800F86-879A-4FBA-8D6C-FBEDD385531F}.Release|Any CPU.Build.0 = Release|Any CPU
		{98E1872A-02D8-4D1C-B0CB-D1FD269C9270}.Debug|Any CPU.ActiveCfg = Debug|Any CPU
		{98E1872A-02D8-4D1C-B0CB-D1FD269C9270}.Debug|Any CPU.Build.0 = Debug|Any CPU
		{98E1872A-02D8-4D1C-B0CB-D1FD269C9270}.Release|Any CPU.ActiveCfg = Release|Any CPU
		{98E1872A-02D8-4D1C-B0CB-D1FD269C9270}.Release|Any CPU.Build.0 = Release|Any CPU
		{AB66AF56-E08C-4E2D-9DCC-AC8919B575E5}.Debug|Any CPU.ActiveCfg = Debug|Any CPU
		{AB66AF56-E08C-4E2D-9DCC-AC8919B575E5}.Debug|Any CPU.Build.0 = Debug|Any CPU
		{AB66AF56-E08C-4E2D-9DCC-AC8919B575E5}.Release|Any CPU.ActiveCfg = Release|Any CPU
		{AB66AF56-E08C-4E2D-9DCC-AC8919B575E5}.Release|Any CPU.Build.0 = Release|Any CPU
		{725F56F1-7B31-40ED-A587-A42649EE42D9}.Debug|Any CPU.ActiveCfg = Debug|Any CPU
		{725F56F1-7B31-40ED-A587-A42649EE42D9}.Debug|Any CPU.Build.0 = Debug|Any CPU
		{725F56F1-7B31-40ED-A587-A42649EE42D9}.Release|Any CPU.ActiveCfg = Release|Any CPU
		{725F56F1-7B31-40ED-A587-A42649EE42D9}.Release|Any CPU.Build.0 = Release|Any CPU
		{72E613F0-A37D-4964-9A68-116114CF2A40}.Debug|Any CPU.ActiveCfg = Debug|Any CPU
		{72E613F0-A37D-4964-9A68-116114CF2A40}.Debug|Any CPU.Build.0 = Debug|Any CPU
		{72E613F0-A37D-4964-9A68-116114CF2A40}.Release|Any CPU.ActiveCfg = Release|Any CPU
		{72E613F0-A37D-4964-9A68-116114CF2A40}.Release|Any CPU.Build.0 = Release|Any CPU
		{42A388A2-B797-4335-8A7D-8D748F58E7A3}.Debug|Any CPU.ActiveCfg = Debug|Any CPU
		{42A388A2-B797-4335-8A7D-8D748F58E7A3}.Debug|Any CPU.Build.0 = Debug|Any CPU
		{42A388A2-B797-4335-8A7D-8D748F58E7A3}.Release|Any CPU.ActiveCfg = Release|Any CPU
		{42A388A2-B797-4335-8A7D-8D748F58E7A3}.Release|Any CPU.Build.0 = Release|Any CPU
		{6FE9E4A1-1142-4924-B29D-31F732F3E403}.Debug|Any CPU.ActiveCfg = Debug|Any CPU
		{6FE9E4A1-1142-4924-B29D-31F732F3E403}.Debug|Any CPU.Build.0 = Debug|Any CPU
		{6FE9E4A1-1142-4924-B29D-31F732F3E403}.Release|Any CPU.ActiveCfg = Release|Any CPU
		{6FE9E4A1-1142-4924-B29D-31F732F3E403}.Release|Any CPU.Build.0 = Release|Any CPU
		{CA12242D-1F50-44BB-9972-D6C6609E4C37}.Debug|Any CPU.ActiveCfg = Debug|Any CPU
		{CA12242D-1F50-44BB-9972-D6C6609E4C37}.Debug|Any CPU.Build.0 = Debug|Any CPU
		{CA12242D-1F50-44BB-9972-D6C6609E4C37}.Release|Any CPU.ActiveCfg = Release|Any CPU
		{CA12242D-1F50-44BB-9972-D6C6609E4C37}.Release|Any CPU.Build.0 = Release|Any CPU
		{3281B651-68F0-444A-88B3-23DC29F6E1E9}.Debug|Any CPU.ActiveCfg = Debug|Any CPU
		{3281B651-68F0-444A-88B3-23DC29F6E1E9}.Debug|Any CPU.Build.0 = Debug|Any CPU
		{3281B651-68F0-444A-88B3-23DC29F6E1E9}.Release|Any CPU.ActiveCfg = Release|Any CPU
		{3281B651-68F0-444A-88B3-23DC29F6E1E9}.Release|Any CPU.Build.0 = Release|Any CPU
		{9B13159A-7976-44F6-9CEB-BD76C8C5C8F5}.Debug|Any CPU.ActiveCfg = Debug|Any CPU
		{9B13159A-7976-44F6-9CEB-BD76C8C5C8F5}.Debug|Any CPU.Build.0 = Debug|Any CPU
		{9B13159A-7976-44F6-9CEB-BD76C8C5C8F5}.Release|Any CPU.ActiveCfg = Release|Any CPU
		{9B13159A-7976-44F6-9CEB-BD76C8C5C8F5}.Release|Any CPU.Build.0 = Release|Any CPU
		{01C90774-589C-42C4-8B80-160B84FA5963}.Debug|Any CPU.ActiveCfg = Debug|Any CPU
		{01C90774-589C-42C4-8B80-160B84FA5963}.Debug|Any CPU.Build.0 = Debug|Any CPU
		{01C90774-589C-42C4-8B80-160B84FA5963}.Release|Any CPU.ActiveCfg = Release|Any CPU
		{01C90774-589C-42C4-8B80-160B84FA5963}.Release|Any CPU.Build.0 = Release|Any CPU
		{D67FD116-DFE2-4AEC-9ED8-F522D690D91F}.Debug|Any CPU.ActiveCfg = Debug|Any CPU
		{D67FD116-DFE2-4AEC-9ED8-F522D690D91F}.Debug|Any CPU.Build.0 = Debug|Any CPU
		{D67FD116-DFE2-4AEC-9ED8-F522D690D91F}.Release|Any CPU.ActiveCfg = Release|Any CPU
		{D67FD116-DFE2-4AEC-9ED8-F522D690D91F}.Release|Any CPU.Build.0 = Release|Any CPU
		{D693F406-5C14-4392-B7B0-63BE331D0FBF}.Debug|Any CPU.ActiveCfg = Debug|Any CPU
		{D693F406-5C14-4392-B7B0-63BE331D0FBF}.Debug|Any CPU.Build.0 = Debug|Any CPU
		{D693F406-5C14-4392-B7B0-63BE331D0FBF}.Release|Any CPU.ActiveCfg = Release|Any CPU
		{D693F406-5C14-4392-B7B0-63BE331D0FBF}.Release|Any CPU.Build.0 = Release|Any CPU
		{F93098F1-3F51-4CAC-98A2-192483FE686F}.Debug|Any CPU.ActiveCfg = Debug|Any CPU
		{F93098F1-3F51-4CAC-98A2-192483FE686F}.Debug|Any CPU.Build.0 = Debug|Any CPU
		{F93098F1-3F51-4CAC-98A2-192483FE686F}.Release|Any CPU.ActiveCfg = Release|Any CPU
		{F93098F1-3F51-4CAC-98A2-192483FE686F}.Release|Any CPU.Build.0 = Release|Any CPU
		{678F31CC-A5B4-44AD-94C8-23BAFD3015AE}.Debug|Any CPU.ActiveCfg = Debug|Any CPU
		{678F31CC-A5B4-44AD-94C8-23BAFD3015AE}.Debug|Any CPU.Build.0 = Debug|Any CPU
		{678F31CC-A5B4-44AD-94C8-23BAFD3015AE}.Release|Any CPU.ActiveCfg = Release|Any CPU
		{678F31CC-A5B4-44AD-94C8-23BAFD3015AE}.Release|Any CPU.Build.0 = Release|Any CPU
		{A28D3081-C2EE-44FA-8A0F-00438E311B55}.Debug|Any CPU.ActiveCfg = Debug|Any CPU
		{A28D3081-C2EE-44FA-8A0F-00438E311B55}.Debug|Any CPU.Build.0 = Debug|Any CPU
		{A28D3081-C2EE-44FA-8A0F-00438E311B55}.Release|Any CPU.ActiveCfg = Release|Any CPU
		{A28D3081-C2EE-44FA-8A0F-00438E311B55}.Release|Any CPU.Build.0 = Release|Any CPU
		{25E6A33C-A5D8-4E1B-9F6B-19E4DEBA0A8F}.Debug|Any CPU.ActiveCfg = Debug|Any CPU
		{25E6A33C-A5D8-4E1B-9F6B-19E4DEBA0A8F}.Debug|Any CPU.Build.0 = Debug|Any CPU
		{25E6A33C-A5D8-4E1B-9F6B-19E4DEBA0A8F}.Release|Any CPU.ActiveCfg = Release|Any CPU
		{25E6A33C-A5D8-4E1B-9F6B-19E4DEBA0A8F}.Release|Any CPU.Build.0 = Release|Any CPU
		{9571BB34-AE5D-4516-9BBD-5229545C6FCB}.Debug|Any CPU.ActiveCfg = Debug|Any CPU
		{9571BB34-AE5D-4516-9BBD-5229545C6FCB}.Debug|Any CPU.Build.0 = Debug|Any CPU
		{9571BB34-AE5D-4516-9BBD-5229545C6FCB}.Release|Any CPU.ActiveCfg = Release|Any CPU
		{9571BB34-AE5D-4516-9BBD-5229545C6FCB}.Release|Any CPU.Build.0 = Release|Any CPU
		{90777788-49E3-46A3-99F0-68E49E1BC6C7}.Debug|Any CPU.ActiveCfg = Debug|Any CPU
		{90777788-49E3-46A3-99F0-68E49E1BC6C7}.Debug|Any CPU.Build.0 = Debug|Any CPU
		{90777788-49E3-46A3-99F0-68E49E1BC6C7}.Release|Any CPU.ActiveCfg = Release|Any CPU
		{90777788-49E3-46A3-99F0-68E49E1BC6C7}.Release|Any CPU.Build.0 = Release|Any CPU
		{C240DF19-3DC8-42AE-AEA2-D4EE54099BF1}.Debug|Any CPU.ActiveCfg = Debug|Any CPU
		{C240DF19-3DC8-42AE-AEA2-D4EE54099BF1}.Debug|Any CPU.Build.0 = Debug|Any CPU
		{C240DF19-3DC8-42AE-AEA2-D4EE54099BF1}.Release|Any CPU.ActiveCfg = Release|Any CPU
		{C240DF19-3DC8-42AE-AEA2-D4EE54099BF1}.Release|Any CPU.Build.0 = Release|Any CPU
		{3336A5C5-A699-4495-9BBD-C8301FD16E3C}.Debug|Any CPU.ActiveCfg = Debug|Any CPU
		{3336A5C5-A699-4495-9BBD-C8301FD16E3C}.Debug|Any CPU.Build.0 = Debug|Any CPU
		{3336A5C5-A699-4495-9BBD-C8301FD16E3C}.Release|Any CPU.ActiveCfg = Release|Any CPU
		{3336A5C5-A699-4495-9BBD-C8301FD16E3C}.Release|Any CPU.Build.0 = Release|Any CPU
		{0C6540CB-9EA1-4EE3-9422-E0C581F58B2F}.Debug|Any CPU.ActiveCfg = Debug|Any CPU
		{0C6540CB-9EA1-4EE3-9422-E0C581F58B2F}.Debug|Any CPU.Build.0 = Debug|Any CPU
		{0C6540CB-9EA1-4EE3-9422-E0C581F58B2F}.Release|Any CPU.ActiveCfg = Release|Any CPU
		{0C6540CB-9EA1-4EE3-9422-E0C581F58B2F}.Release|Any CPU.Build.0 = Release|Any CPU
		{2846295E-A1EA-44BF-8011-9C0424E00156}.Debug|Any CPU.ActiveCfg = Debug|Any CPU
		{2846295E-A1EA-44BF-8011-9C0424E00156}.Debug|Any CPU.Build.0 = Debug|Any CPU
		{2846295E-A1EA-44BF-8011-9C0424E00156}.Release|Any CPU.ActiveCfg = Release|Any CPU
		{2846295E-A1EA-44BF-8011-9C0424E00156}.Release|Any CPU.Build.0 = Release|Any CPU
		{AC83F92D-B4E8-492F-B03F-C2615B5387D0}.Debug|Any CPU.ActiveCfg = Debug|Any CPU
		{AC83F92D-B4E8-492F-B03F-C2615B5387D0}.Debug|Any CPU.Build.0 = Debug|Any CPU
		{AC83F92D-B4E8-492F-B03F-C2615B5387D0}.Release|Any CPU.ActiveCfg = Release|Any CPU
		{AC83F92D-B4E8-492F-B03F-C2615B5387D0}.Release|Any CPU.Build.0 = Release|Any CPU
		{5614AE56-04B0-4266-8505-6E16C9756867}.Debug|Any CPU.ActiveCfg = Debug|Any CPU
		{5614AE56-04B0-4266-8505-6E16C9756867}.Debug|Any CPU.Build.0 = Debug|Any CPU
		{5614AE56-04B0-4266-8505-6E16C9756867}.Release|Any CPU.ActiveCfg = Release|Any CPU
		{5614AE56-04B0-4266-8505-6E16C9756867}.Release|Any CPU.Build.0 = Release|Any CPU
		{8D657BBB-07A3-4506-9920-67FDCD2B68AC}.Debug|Any CPU.ActiveCfg = Debug|Any CPU
		{8D657BBB-07A3-4506-9920-67FDCD2B68AC}.Debug|Any CPU.Build.0 = Debug|Any CPU
		{8D657BBB-07A3-4506-9920-67FDCD2B68AC}.Release|Any CPU.ActiveCfg = Release|Any CPU
		{8D657BBB-07A3-4506-9920-67FDCD2B68AC}.Release|Any CPU.Build.0 = Release|Any CPU
		{7ABA5CDE-D561-4F17-B1CF-7221E6E8D3F1}.Debug|Any CPU.ActiveCfg = Debug|Any CPU
		{7ABA5CDE-D561-4F17-B1CF-7221E6E8D3F1}.Debug|Any CPU.Build.0 = Debug|Any CPU
		{7ABA5CDE-D561-4F17-B1CF-7221E6E8D3F1}.Release|Any CPU.ActiveCfg = Release|Any CPU
		{7ABA5CDE-D561-4F17-B1CF-7221E6E8D3F1}.Release|Any CPU.Build.0 = Release|Any CPU
		{D96C6A66-5AA4-45EF-A351-DCE12B5CA4FD}.Debug|Any CPU.ActiveCfg = Debug|Any CPU
		{D96C6A66-5AA4-45EF-A351-DCE12B5CA4FD}.Debug|Any CPU.Build.0 = Debug|Any CPU
		{D96C6A66-5AA4-45EF-A351-DCE12B5CA4FD}.Release|Any CPU.ActiveCfg = Release|Any CPU
		{D96C6A66-5AA4-45EF-A351-DCE12B5CA4FD}.Release|Any CPU.Build.0 = Release|Any CPU
		{F6CC3697-FA09-41D6-8A73-2AA1B13C7B7B}.Debug|Any CPU.ActiveCfg = Debug|Any CPU
		{F6CC3697-FA09-41D6-8A73-2AA1B13C7B7B}.Debug|Any CPU.Build.0 = Debug|Any CPU
		{F6CC3697-FA09-41D6-8A73-2AA1B13C7B7B}.Release|Any CPU.ActiveCfg = Release|Any CPU
		{F6CC3697-FA09-41D6-8A73-2AA1B13C7B7B}.Release|Any CPU.Build.0 = Release|Any CPU
		{ADA0BB39-60A6-461C-A46F-1A42270497BA}.Debug|Any CPU.ActiveCfg = Debug|Any CPU
		{ADA0BB39-60A6-461C-A46F-1A42270497BA}.Debug|Any CPU.Build.0 = Debug|Any CPU
		{ADA0BB39-60A6-461C-A46F-1A42270497BA}.Release|Any CPU.ActiveCfg = Release|Any CPU
		{ADA0BB39-60A6-461C-A46F-1A42270497BA}.Release|Any CPU.Build.0 = Release|Any CPU
		{D3DC56B0-8B95-47A5-A086-9E7A95552364}.Debug|Any CPU.ActiveCfg = Debug|Any CPU
		{D3DC56B0-8B95-47A5-A086-9E7A95552364}.Debug|Any CPU.Build.0 = Debug|Any CPU
		{D3DC56B0-8B95-47A5-A086-9E7A95552364}.Release|Any CPU.ActiveCfg = Release|Any CPU
		{D3DC56B0-8B95-47A5-A086-9E7A95552364}.Release|Any CPU.Build.0 = Release|Any CPU
	EndGlobalSection
	GlobalSection(SolutionProperties) = preSolution
		HideSolutionNode = FALSE
	EndGlobalSection
	GlobalSection(NestedProjects) = preSolution
		{A78F75AB-FEA0-4A70-9EF6-5ABD55CBF2EF} = {FDE0976F-C996-43DD-8571-324493848117}
		{2A4EEDD4-1F42-4B69-BA33-A8ACF6B09D0A} = {37FC8841-B2AF-48E0-8592-CD806F16908A}
		{51A66FEC-3E1B-40D7-9EA8-88523ABC5FBC} = {FB2349F4-D77F-4D35-A2DE-97B1F1D02E81}
		{AF8BD6CB-113B-4DD9-BE78-EA62246B5B3B} = {E5FF38CA-3D4A-47CC-9430-4BA57320D113}
		{7A7CE935-5AF5-477E-A361-C8AB18C4FBED} = {E5FF38CA-3D4A-47CC-9430-4BA57320D113}
		{34E7A47E-A8FB-4614-9B81-D060FA87AC5B} = {FDE0976F-C996-43DD-8571-324493848117}
		{404E78A9-E2A4-48E0-ADDC-666E1FB956B2} = {37FC8841-B2AF-48E0-8592-CD806F16908A}
		{4C77BAC1-0604-4433-A3CE-C92433EE9227} = {FDE0976F-C996-43DD-8571-324493848117}
		{C3764D60-5F6D-4886-BFBA-598C4134AEFA} = {4D2844B8-0110-41E1-A4E2-BB8BEF25C6E9}
		{251CDDD8-0100-4ACE-9D59-2E99B89374CF} = {FDE0976F-C996-43DD-8571-324493848117}
		{4B2E1F04-35B1-4D0C-914E-F5E64EDDB7EB} = {FDE0976F-C996-43DD-8571-324493848117}
		{E2EA324C-B304-4AF5-82BD-D1B7F6020C7F} = {76283C5D-2E76-479C-A707-E97635378005}
		{860146EB-8202-4955-8BC3-9DC6DC229808} = {37FC8841-B2AF-48E0-8592-CD806F16908A}
		{5782F1EA-01B5-475A-A4BD-759D4D58779C} = {37FC8841-B2AF-48E0-8592-CD806F16908A}
		{AF2AA63F-B129-4D88-9D1A-4BC19E443B00} = {37FC8841-B2AF-48E0-8592-CD806F16908A}
		{D2A541D6-A79C-4C43-A1A1-388528F856C7} = {FDE0976F-C996-43DD-8571-324493848117}
		{36800F86-879A-4FBA-8D6C-FBEDD385531F} = {FDE0976F-C996-43DD-8571-324493848117}
		{98E1872A-02D8-4D1C-B0CB-D1FD269C9270} = {37FC8841-B2AF-48E0-8592-CD806F16908A}
		{AB66AF56-E08C-4E2D-9DCC-AC8919B575E5} = {FDE0976F-C996-43DD-8571-324493848117}
		{725F56F1-7B31-40ED-A587-A42649EE42D9} = {37FC8841-B2AF-48E0-8592-CD806F16908A}
		{72E613F0-A37D-4964-9A68-116114CF2A40} = {4D2844B8-0110-41E1-A4E2-BB8BEF25C6E9}
		{42A388A2-B797-4335-8A7D-8D748F58E7A3} = {FDE0976F-C996-43DD-8571-324493848117}
		{6FE9E4A1-1142-4924-B29D-31F732F3E403} = {FDE0976F-C996-43DD-8571-324493848117}
		{CA12242D-1F50-44BB-9972-D6C6609E4C37} = {37FC8841-B2AF-48E0-8592-CD806F16908A}
		{3281B651-68F0-444A-88B3-23DC29F6E1E9} = {37FC8841-B2AF-48E0-8592-CD806F16908A}
		{9B13159A-7976-44F6-9CEB-BD76C8C5C8F5} = {4D2844B8-0110-41E1-A4E2-BB8BEF25C6E9}
		{01C90774-589C-42C4-8B80-160B84FA5963} = {4D2844B8-0110-41E1-A4E2-BB8BEF25C6E9}
		{D67FD116-DFE2-4AEC-9ED8-F522D690D91F} = {76283C5D-2E76-479C-A707-E97635378005}
		{D693F406-5C14-4392-B7B0-63BE331D0FBF} = {37FC8841-B2AF-48E0-8592-CD806F16908A}
		{F93098F1-3F51-4CAC-98A2-192483FE686F} = {76283C5D-2E76-479C-A707-E97635378005}
		{678F31CC-A5B4-44AD-94C8-23BAFD3015AE} = {37FC8841-B2AF-48E0-8592-CD806F16908A}
		{A28D3081-C2EE-44FA-8A0F-00438E311B55} = {76283C5D-2E76-479C-A707-E97635378005}
		{25E6A33C-A5D8-4E1B-9F6B-19E4DEBA0A8F} = {FDE0976F-C996-43DD-8571-324493848117}
		{9571BB34-AE5D-4516-9BBD-5229545C6FCB} = {37FC8841-B2AF-48E0-8592-CD806F16908A}
		{90777788-49E3-46A3-99F0-68E49E1BC6C7} = {76283C5D-2E76-479C-A707-E97635378005}
		{C240DF19-3DC8-42AE-AEA2-D4EE54099BF1} = {76283C5D-2E76-479C-A707-E97635378005}
		{3336A5C5-A699-4495-9BBD-C8301FD16E3C} = {76283C5D-2E76-479C-A707-E97635378005}
		{0C6540CB-9EA1-4EE3-9422-E0C581F58B2F} = {FDE0976F-C996-43DD-8571-324493848117}
		{2846295E-A1EA-44BF-8011-9C0424E00156} = {4D2844B8-0110-41E1-A4E2-BB8BEF25C6E9}
		{AC83F92D-B4E8-492F-B03F-C2615B5387D0} = {4D2844B8-0110-41E1-A4E2-BB8BEF25C6E9}
		{5614AE56-04B0-4266-8505-6E16C9756867} = {76283C5D-2E76-479C-A707-E97635378005}
		{8D657BBB-07A3-4506-9920-67FDCD2B68AC} = {37FC8841-B2AF-48E0-8592-CD806F16908A}
		{7ABA5CDE-D561-4F17-B1CF-7221E6E8D3F1} = {76283C5D-2E76-479C-A707-E97635378005}
		{D96C6A66-5AA4-45EF-A351-DCE12B5CA4FD} = {4D2844B8-0110-41E1-A4E2-BB8BEF25C6E9}
		{F6CC3697-FA09-41D6-8A73-2AA1B13C7B7B} = {FDE0976F-C996-43DD-8571-324493848117}
		{ADA0BB39-60A6-461C-A46F-1A42270497BA} = {FDE0976F-C996-43DD-8571-324493848117}
		{D3DC56B0-8B95-47A5-A086-9E7A95552364} = {FDE0976F-C996-43DD-8571-324493848117}
	EndGlobalSection
EndGlobal
