Microsoft Visual Studio Solution File, Format Version 12.00
# Visual Studio 14
VisualStudioVersion = 14.0.25420.1
MinimumVisualStudioVersion = 10.0.40219.1
Project("{FAE04EC0-301F-11D3-BF4B-00C04F79EFBC}") = "Mercury.CoreTypes", "Platform\Mercury.CoreTypes\Mercury.CoreTypes.csproj", "{A78F75AB-FEA0-4A70-9EF6-5ABD55CBF2EF}"
EndProject
Project("{FAE04EC0-301F-11D3-BF4B-00C04F79EFBC}") = "Server.Core", "Platform\Server.Core\Server.Core.csproj", "{4B2E1F04-35B1-4D0C-914E-F5E64EDDB7EB}"
EndProject
Project("{2150E333-8FDC-42A3-9474-1A3956D46DE8}") = "Tests", "Tests", "{FFAFD879-5864-409F-9BAE-B39DBE1B9DB3}"
EndProject
Project("{FAE04EC0-301F-11D3-BF4B-00C04F79EFBC}") = "WebRole", "TerminalGateway\WebRole\WebRole.csproj", "{9C2B7DE2-DE9A-4B89-9459-2F9FE873D78C}"
EndProject
Project("{CC5FD16D-436D-48AD-A40C-5A424C6E3E79}") = "TerminalGatewayHostedService", "TerminalGateway\TerminalGatewayHostedService\TerminalGatewayHostedService.ccproj", "{FFC83772-D335-40CE-9A11-6A47C1AECA2D}"
EndProject
Project("{FAE04EC0-301F-11D3-BF4B-00C04F79EFBC}") = "ApiDeployer", "TerminalGateway\ApiDeployer\ApiDeployer.csproj", "{C5E34A9B-EEDD-4E48-AC6A-AB6F447696A3}"
EndProject
Project("{FAE04EC0-301F-11D3-BF4B-00C04F79EFBC}") = "ServiceContracts", "TerminalGateway\ServiceContracts\ServiceContracts.csproj", "{AF8BD6CB-113B-4DD9-BE78-EA62246B5B3B}"
EndProject
Project("{FAE04EC0-301F-11D3-BF4B-00C04F79EFBC}") = "Deployer.Core", "Platform\Deployer.Core\Deployer.Core.csproj", "{8BE16FF4-D4FE-4923-AC63-E7D95A7D117A}"
EndProject
Project("{FAE04EC0-301F-11D3-BF4B-00C04F79EFBC}") = "Deployer.Core.Tests", "Platform\Deployer.Core.Tests\Deployer.Core.Tests.csproj", "{E758A392-0128-49BA-9668-7FEDB606F85F}"
EndProject
Project("{FAE04EC0-301F-11D3-BF4B-00C04F79EFBC}") = "ReadModelPopulator", "TerminalGateway\ReadModelPopulator\ReadModelPopulator.csproj", "{6ED9FFB9-EC0C-407B-8830-886781A9046D}"
EndProject
Project("{FAE04EC0-301F-11D3-BF4B-00C04F79EFBC}") = "Messages.Client", "Platform\Messages.Client\Messages.Client.csproj", "{251CDDD8-0100-4ACE-9D59-2E99B89374CF}"
EndProject
Project("{FAE04EC0-301F-11D3-BF4B-00C04F79EFBC}") = "WorkerEngine", "Platform\WorkerEngine\WorkerEngine.csproj", "{D2A541D6-A79C-4C43-A1A1-388528F856C7}"
EndProject
Project("{FAE04EC0-301F-11D3-BF4B-00C04F79EFBC}") = "WorkerEngine.Tests", "Platform\WorkerEngine.Tests\WorkerEngine.Tests.csproj", "{D969683C-AD3A-44E6-9BEA-9AAD7516AEFE}"
EndProject
Project("{FAE04EC0-301F-11D3-BF4B-00C04F79EFBC}") = "ApiDatabase", "TerminalGateway\ApiDatabase\ApiDatabase.csproj", "{24736F98-5594-4F78-9AF3-879978967195}"
EndProject
Project("{FAE04EC0-301F-11D3-BF4B-00C04F79EFBC}") = "TerminalGatewayCommon", "TerminalGateway\TerminalGatewayCommon\TerminalGatewayCommon.csproj", "{622ECF87-CC01-421F-9073-69D3B6BF997A}"
EndProject
Project("{FAE04EC0-301F-11D3-BF4B-00C04F79EFBC}") = "ReadModelPopulator.Tests", "TerminalGateway\ReadModelPopulator.Tests\ReadModelPopulator.Tests.csproj", "{C2EB1ED8-3BAB-4F5E-B05F-349BF1E55699}"
EndProject
Project("{FAE04EC0-301F-11D3-BF4B-00C04F79EFBC}") = "Tests.Core", "Platform\Tests.Core\Tests.Core.csproj", "{AF2AA63F-B129-4D88-9D1A-4BC19E443B00}"
EndProject
Project("{FAE04EC0-301F-11D3-BF4B-00C04F79EFBC}") = "WebRole.Tests", "TerminalGateway\WebRole.Tests\WebRole.Tests.csproj", "{CB399A05-14EB-4FB6-9210-8697B0A9AC4E}"
EndProject
Project("{FAE04EC0-301F-11D3-BF4B-00C04F79EFBC}") = "Authentication.Core", "Common\Authentication.Core\Authentication.Core.csproj", "{D913B212-66AA-4AB0-AF15-DD0FD804AF58}"
EndProject
Project("{FAE04EC0-301F-11D3-BF4B-00C04F79EFBC}") = "Authentication.Core.Tests", "Common\Authentication.Core.Tests\Authentication.Core.Tests.csproj", "{DCD974D5-8AC3-4D50-8A2E-0E57E517E93A}"
EndProject
Project("{FAE04EC0-301F-11D3-BF4B-00C04F79EFBC}") = "Contracts", "Common\Contracts\Contracts.csproj", "{4C77BAC1-0604-4433-A3CE-C92433EE9227}"
EndProject
Project("{2150E333-8FDC-42A3-9474-1A3956D46DE8}") = ".nuget", ".nuget", "{D352E922-1D80-474E-939D-80CF30E1961D}"
	ProjectSection(SolutionItems) = preProject
		.nuget\NuGet.Config = .nuget\NuGet.Config
	EndProjectSection
EndProject
Project("{FAE04EC0-301F-11D3-BF4B-00C04F79EFBC}") = "WcfHosting.Core", "Platform\WcfHosting.Core\WcfHosting.Core.csproj", "{59F57D13-9C8D-4F7B-9546-84A7D8645C26}"
EndProject
Project("{FAE04EC0-301F-11D3-BF4B-00C04F79EFBC}") = "Contracts.Tests", "Common\Contracts.Tests\Contracts.Tests.csproj", "{5782F1EA-01B5-475A-A4BD-759D4D58779C}"
EndProject
Project("{FAE04EC0-301F-11D3-BF4B-00C04F79EFBC}") = "Messages.Client.Tests", "Platform\Messages.Client.Tests\Messages.Client.Tests.csproj", "{90159E3A-D516-4174-929A-53BB75A11048}"
EndProject
Project("{FAE04EC0-301F-11D3-BF4B-00C04F79EFBC}") = "ReferenceData", "Common\ReferenceData\ReferenceData.csproj", "{34E7A47E-A8FB-4614-9B81-D060FA87AC5B}"
EndProject
Project("{FAE04EC0-301F-11D3-BF4B-00C04F79EFBC}") = "DocumentGeneration", "Common\DocumentGeneration\DocumentGeneration.csproj", "{E2EA324C-B304-4AF5-82BD-D1B7F6020C7F}"
EndProject
Project("{FAE04EC0-301F-11D3-BF4B-00C04F79EFBC}") = "DocumentGeneration.Tests", "Common\DocumentGeneration.Tests\DocumentGeneration.Tests.csproj", "{860146EB-8202-4955-8BC3-9DC6DC229808}"
EndProject
Project("{FAE04EC0-301F-11D3-BF4B-00C04F79EFBC}") = "ServiceContracts.Tests", "TerminalGateway\ServiceContracts.Tests\ServiceContracts.Tests.csproj", "{A032B66E-FA10-46A0-837A-EFBA5CA14DAF}"
EndProject
Project("{FAE04EC0-301F-11D3-BF4B-00C04F79EFBC}") = "Mercury.Core", "Platform\Mercury.Core\Mercury.Core.csproj", "{36800F86-879A-4FBA-8D6C-FBEDD385531F}"
EndProject
Project("{FAE04EC0-301F-11D3-BF4B-00C04F79EFBC}") = "Mercury.Core.Tests", "Platform\Mercury.Core.Tests\Mercury.Core.Tests.csproj", "{98E1872A-02D8-4D1C-B0CB-D1FD269C9270}"
EndProject
Project("{FAE04EC0-301F-11D3-BF4B-00C04F79EFBC}") = "Logging.Client", "Platform\Logging.Client\Logging.Client.csproj", "{42A388A2-B797-4335-8A7D-8D748F58E7A3}"
EndProject
Project("{FAE04EC0-301F-11D3-BF4B-00C04F79EFBC}") = "LogRepository.ServiceContracts", "LogRepository\LogRepository.ServiceContracts\LogRepository.ServiceContracts.csproj", "{7A7CE935-5AF5-477E-A361-C8AB18C4FBED}"
EndProject
Project("{2150E333-8FDC-42A3-9474-1A3956D46DE8}") = "Plugins", "Plugins", "{C219BF35-5833-4FE7-AA40-BBFC45556E69}"
EndProject
Project("{2150E333-8FDC-42A3-9474-1A3956D46DE8}") = "Plugins", "Plugins", "{B5A23BC4-48AF-41A3-BD7C-919708E3BEA1}"
	ProjectSection(SolutionItems) = preProject
		Plugins\LoanManagementReadModel.Tests\LoanManagementReadModel.Tests.csproj = Plugins\LoanManagementReadModel.Tests\LoanManagementReadModel.Tests.csproj
	EndProjectSection
EndProject
Project("{2150E333-8FDC-42A3-9474-1A3956D46DE8}") = "Tasks", "Tasks", "{7BD300CE-5152-4AE6-BB47-067C4F12C2FC}"
EndProject
Project("{FAE04EC0-301F-11D3-BF4B-00C04F79EFBC}") = "Tasks.Common", "Tasks\Tasks.Common\Tasks.Common.csproj", "{7E8031E5-4C29-414B-AE91-A1FD3081188A}"
EndProject
Project("{FAE04EC0-301F-11D3-BF4B-00C04F79EFBC}") = "Tasks.Common.Tests", "Tasks\Tasks.Common.Tests\Tasks.Common.Tests.csproj", "{152AFD98-0CF6-4FC2-BCD4-2172A1C607BE}"
EndProject
Project("{FAE04EC0-301F-11D3-BF4B-00C04F79EFBC}") = "CustomerNoteReadModel", "Plugins\CustomerNoteReadModel\CustomerNoteReadModel.csproj", "{BBD4CBBE-4723-4F98-98EE-E69AFEEBC17C}"
EndProject
Project("{FAE04EC0-301F-11D3-BF4B-00C04F79EFBC}") = "StoreNameReadModel", "Plugins\StoreNameReadModel\StoreNameReadModel.csproj", "{B3F66E23-58E9-452B-91A9-3D060368A256}"
EndProject
Project("{FAE04EC0-301F-11D3-BF4B-00C04F79EFBC}") = "UsernameReadModel", "Plugins\UserNameReadModel\UsernameReadModel.csproj", "{A98587C7-C359-4CDC-81A2-D1353BC7A412}"
EndProject
Project("{FAE04EC0-301F-11D3-BF4B-00C04F79EFBC}") = "CustomerNoteReadModel.Tests", "Plugins\CustomerNoteReadModel.Tests\CustomerNoteReadModel.Tests.csproj", "{F621C45A-7F80-4978-ACF6-97819331DF10}"
EndProject
Project("{FAE04EC0-301F-11D3-BF4B-00C04F79EFBC}") = "StoreNameReadModel.Tests", "Plugins\StoreNameReadModel.Tests\StoreNameReadModel.Tests.csproj", "{57A37165-4351-4B83-A2DA-EA3E3593BB92}"
EndProject
Project("{FAE04EC0-301F-11D3-BF4B-00C04F79EFBC}") = "UserNameReadModel.Tests", "Plugins\UserNameReadModel.Tests\UserNameReadModel.Tests.csproj", "{F4F57D13-2835-481A-AAAA-ECA8D6F95979}"
EndProject
Project("{FAE04EC0-301F-11D3-BF4B-00C04F79EFBC}") = "OnlineApplicationReviewReadModel", "Plugins\OnlineApplicationReviewReadModel\OnlineApplicationReviewReadModel.csproj", "{4F90976B-2DB2-40E0-BFAE-643A59F40212}"
EndProject
Project("{FAE04EC0-301F-11D3-BF4B-00C04F79EFBC}") = "LoanEligibilityReadModel", "Plugins\LoanEligibilityReadModel\LoanEligibilityReadModel.csproj", "{F61B65E7-2B24-44D8-8916-F223C15BB703}"
EndProject
Project("{FAE04EC0-301F-11D3-BF4B-00C04F79EFBC}") = "OnlineApplicationReviewReadModel.Tests", "Plugins\OnlineApplicationReviewReadModel.Tests\OnlineApplicationReviewReadModel.Tests.csproj", "{0FC4551D-9532-419A-B824-D11FCA9F85D9}"
EndProject
Project("{FAE04EC0-301F-11D3-BF4B-00C04F79EFBC}") = "LoanEligibilityReadModel.Tests", "Plugins\LoanEligibilityReadModel.Tests\LoanEligibilityReadModel.Tests.csproj", "{64218D78-731F-4D4E-926D-332B52EA9EE1}"
EndProject
Project("{FAE04EC0-301F-11D3-BF4B-00C04F79EFBC}") = "BankingReadModel", "Plugins\BankingReadModel\BankingReadModel.csproj", "{3D8F8805-0545-49F7-AB49-A022325CBF98}"
EndProject
Project("{FAE04EC0-301F-11D3-BF4B-00C04F79EFBC}") = "TillReadModel", "Plugins\TillReadModel\TillReadModel.csproj", "{EB8C6F55-F4A6-4364-A1AF-BD51803D541A}"
EndProject
Project("{FAE04EC0-301F-11D3-BF4B-00C04F79EFBC}") = "BankingReadModel.Tests", "Plugins\BankingReadModel.Tests\BankingReadModel.Tests.csproj", "{EA269D5A-CA28-49A2-A039-1134540E3A56}"
EndProject
Project("{FAE04EC0-301F-11D3-BF4B-00C04F79EFBC}") = "TillReadModel.Tests", "Plugins\TillReadModel.Tests\TillReadModel.Tests.csproj", "{F5596630-8E7C-4BE6-A15E-5D0D172C91D6}"
EndProject
Project("{FAE04EC0-301F-11D3-BF4B-00C04F79EFBC}") = "Tests.Shared", "Common\Tests.Shared\Tests.Shared.csproj", "{CA12242D-1F50-44BB-9972-D6C6609E4C37}"
EndProject
Project("{FAE04EC0-301F-11D3-BF4B-00C04F79EFBC}") = "ManualAssessmentReadModel", "Plugins\ManualAssessmentReadModel\ManualAssessmentReadModel.csproj", "{61171544-D948-43DF-ABF0-A9D5BED94CD1}"
EndProject
Project("{FAE04EC0-301F-11D3-BF4B-00C04F79EFBC}") = "MissedDisbursementTaskReadModel", "Plugins\MissedDisbursementReadModel\MissedDisbursementTaskReadModel.csproj", "{9095FD2B-8206-43E7-AD22-B58F1681DEF9}"
EndProject
Project("{FAE04EC0-301F-11D3-BF4B-00C04F79EFBC}") = "MissedDisbursementTaskReadModel.Tests", "Plugins\MissedDisbursementReadModel.Tests\MissedDisbursementTaskReadModel.Tests.csproj", "{51A830E4-6BEB-4D64-9870-2A724CCD1C51}"
EndProject
Project("{FAE04EC0-301F-11D3-BF4B-00C04F79EFBC}") = "SystemDescription", "Common\SystemDescription\SystemDescription.csproj", "{F6CC3697-FA09-41D6-8A73-2AA1B13C7B7B}"
EndProject
Project("{FAE04EC0-301F-11D3-BF4B-00C04F79EFBC}") = "CustomerLoanHistoryReadModel", "Plugins\CustomerLoanHistoryReadModel\CustomerLoanHistoryReadModel.csproj", "{910BB4E8-B7E8-4B17-88C6-6E6470160037}"
EndProject
Project("{FAE04EC0-301F-11D3-BF4B-00C04F79EFBC}") = "CustomerLoanHistoryReadModel.Tests", "Plugins\CustomerLoanHistoryReadModel.Tests\CustomerLoanHistoryReadModel.Tests.csproj", "{50AA5E0A-2D74-47F6-8790-00C42E96106D}"
EndProject
Project("{FAE04EC0-301F-11D3-BF4B-00C04F79EFBC}") = "LoanManagementReadModel", "Plugins\LoanManagementReadModel\LoanManagementReadModel.csproj", "{B10B5290-09A5-44A8-8B8F-0A1542E26EBD}"
EndProject
Project("{FAE04EC0-301F-11D3-BF4B-00C04F79EFBC}") = "StoreHierarchyReadModel", "Plugins\StoreHierarchyReadModel\StoreHierarchyReadModel.csproj", "{1238D5F8-8E21-4D55-AFB0-50EF356D37C1}"
EndProject
Project("{FAE04EC0-301F-11D3-BF4B-00C04F79EFBC}") = "StoreHierarchyReadModel.Tests", "Plugins\StoreHierarchyReadModel.Tests\StoreHierarchyReadModel.Tests.csproj", "{BE237E2F-1AE1-4585-A098-723C487F3876}"
EndProject
Project("{FAE04EC0-301F-11D3-BF4B-00C04F79EFBC}") = "ReportingReadModel", "Plugins\ReportingReadModel\ReportingReadModel.csproj", "{C372C15B-0AC3-4EE3-AE0D-43032E591862}"
EndProject
Project("{FAE04EC0-301F-11D3-BF4B-00C04F79EFBC}") = "ArmaguardReadModel", "Plugins\ArmaguardReadModel\ArmaguardReadModel.csproj", "{163CC1D2-9FB3-407F-85D4-0A06565F3FEB}"
EndProject
Project("{FAE04EC0-301F-11D3-BF4B-00C04F79EFBC}") = "ArmaguardReadModel.Tests", "Plugins\ArmaguardReadModel.Tests\ArmaguardReadModel.Tests.csproj", "{B772C005-BBFC-4827-8766-880D9CE04182}"
EndProject
Project("{FAE04EC0-301F-11D3-BF4B-00C04F79EFBC}") = "ReportingReadModel.Tests", "Plugins\ReportingReadModel.Tests\ReportingReadModel.Tests.csproj", "{C4185E91-C0C2-4F9A-BCC7-A73765D958BE}"
EndProject
Project("{FAE04EC0-301F-11D3-BF4B-00C04F79EFBC}") = "SecuritisationReadModel", "Plugins\SecuritisationReadModel\SecuritisationReadModel.csproj", "{73480529-797F-4CFC-9440-9F44B4F461A3}"
EndProject
Project("{FAE04EC0-301F-11D3-BF4B-00C04F79EFBC}") = "SecuritisationReadModel.Tests", "Plugins\SecuritisationReadModel.Tests\SecuritisationReadModel.Tests.csproj", "{D7C01B1B-ADA2-4BDE-A5F1-4DCBACE48274}"
EndProject
Project("{FAE04EC0-301F-11D3-BF4B-00C04F79EFBC}") = "TerminalGatewayStructure.Tests", "TerminalGateway\TerminalGatewayStructure.Tests\TerminalGatewayStructure.Tests.csproj", "{1C7A507E-A4AC-4B3D-A514-D225FE77009A}"
EndProject
Project("{FAE04EC0-301F-11D3-BF4B-00C04F79EFBC}") = "LoanContractSigningReadModel", "Plugins\LoanContractSigningReadModel\LoanContractSigningReadModel.csproj", "{5E224F2B-B165-46A4-83F1-504AB98221A2}"
EndProject
Project("{FAE04EC0-301F-11D3-BF4B-00C04F79EFBC}") = "HardshipReadModel", "Plugins\HardshipReadModel\HardshipReadModel.csproj", "{BC10AFCA-0B79-4FDE-B04E-E1C39AEF9245}"
EndProject
Project("{FAE04EC0-301F-11D3-BF4B-00C04F79EFBC}") = "HardshipReadModel.Tests", "Plugins\HardshipReadModel.Tests\HardshipReadModel.Tests.csproj", "{543BDE83-6FE6-409A-AE9E-72D41EAC98F8}"
EndProject
Project("{FAE04EC0-301F-11D3-BF4B-00C04F79EFBC}") = "CCStatementReadModel", "Plugins\CCStatementReadModel\CCStatementReadModel.csproj", "{2D140C02-1BDF-4BFD-8D26-18D29EA08889}"
EndProject
Project("{FAE04EC0-301F-11D3-BF4B-00C04F79EFBC}") = "CCStatementReadModel.Tests", "Plugins\CCStatementReadModel.Tests\CCStatementReadModel.Tests.csproj", "{EED9098D-B5A7-465A-88BC-FEC995B586C4}"
EndProject
Project("{FAE04EC0-301F-11D3-BF4B-00C04F79EFBC}") = "IncompleteApplicationReadModel", "Plugins\IncompleteApplicationReadModel\IncompleteApplicationReadModel.csproj", "{E9BF9750-8652-48F7-9DBF-B3357CD76E36}"
EndProject
Project("{FAE04EC0-301F-11D3-BF4B-00C04F79EFBC}") = "CustomerDocumentsReadModel", "Plugins\CustomerDocumentsReadModel\CustomerDocumentsReadModel.csproj", "{8FE9A3CA-1EC4-45A4-9448-01CD37E0414F}"
EndProject
Project("{FAE04EC0-301F-11D3-BF4B-00C04F79EFBC}") = "CustomerDocumentsReadModel.Tests", "Plugins\CustomerDocumentsReadModel.Tests\CustomerDocumentsReadModel.Tests.csproj", "{35D230C5-073A-44E7-AB18-2EFB6D90EDE2}"
EndProject
Project("{FAE04EC0-301F-11D3-BF4B-00C04F79EFBC}") = "MissedRepaymentReadModel", "Plugins\MissedRepaymentReadModel\MissedRepaymentReadModel.csproj", "{EA37054F-F44F-4337-817E-999552BF9838}"
EndProject
Project("{FAE04EC0-301F-11D3-BF4B-00C04F79EFBC}") = "MissedRepaymentReadModel.Tests", "Plugins\MissedRepaymentReadModel.Tests\MissedRepaymentReadModel.Tests.csproj", "{E022C5DE-27AD-4BEC-BF94-9C71089B9641}"
EndProject
Project("{2150E333-8FDC-42A3-9474-1A3956D46DE8}") = "Common", "Common", "{9B1F53A0-CCCD-4A6B-9829-BBA134A055F9}"
EndProject
Project("{FAE04EC0-301F-11D3-BF4B-00C04F79EFBC}") = "TillSheetSummaryReadModel", "Plugins\TillSheetSummaryReadModel\TillSheetSummaryReadModel.csproj", "{6861CC5F-837B-4826-8115-7EAAD3D873EA}"
EndProject
Project("{FAE04EC0-301F-11D3-BF4B-00C04F79EFBC}") = "TillSheetSummaryReadModel.Tests", "Plugins\TillSheetSummaryReadModel.Tests\TillSheetSummaryReadModel.Tests.csproj", "{1E14E18C-3B43-403B-917B-E4E766C95C48}"
EndProject
Project("{FAE04EC0-301F-11D3-BF4B-00C04F79EFBC}") = "BPayReadModel", "Plugins\BPayReadModel\BPayReadModel.csproj", "{0272867A-BB11-43E2-8381-0007B0571000}"
EndProject
Project("{FAE04EC0-301F-11D3-BF4B-00C04F79EFBC}") = "CustomerInfoCardReadModel", "Plugins\CustomerInfoCardReadModel\CustomerInfoCardReadModel.csproj", "{398F8B49-8CB3-45AD-899F-E3F0EE210ED3}"
EndProject
Project("{FAE04EC0-301F-11D3-BF4B-00C04F79EFBC}") = "BPayReadModel.Tests", "Plugins\BPayReadModel.Tests\BPayReadModel.Tests.csproj", "{E45FE2D4-F0F8-41B8-AE37-D319FD863011}"
EndProject
Project("{FAE04EC0-301F-11D3-BF4B-00C04F79EFBC}") = "CustomerInfoCardReadModel.Tests", "Plugins\CustomerInfoCardReadModel.Tests\CustomerInfoCardReadModel.Tests.csproj", "{D9853011-BE66-4037-ADD5-34BFBAC9D029}"
EndProject
Project("{FAE04EC0-301F-11D3-BF4B-00C04F79EFBC}") = "InStoreApplicationReadModel", "Plugins\InStoreApplicationReadModel\InStoreApplicationReadModel.csproj", "{927A3EF2-EAD3-4186-965F-D5C0336BEC19}"
EndProject
Project("{FAE04EC0-301F-11D3-BF4B-00C04F79EFBC}") = "InStoreApplicationReadModel.Tests", "Plugins\InStoreApplicationReadModel.Tests\InStoreApplicationReadModel.Tests.csproj", "{A36350E5-7DA4-411E-9FB0-3FAD994091F5}"
EndProject
Project("{FAE04EC0-301F-11D3-BF4B-00C04F79EFBC}") = "TransactionHistoryReadModel", "Plugins\TransactionHistoryReadModel\TransactionHistoryReadModel.csproj", "{C237A490-3B9C-4F9C-8106-072337B29367}"
EndProject
Project("{FAE04EC0-301F-11D3-BF4B-00C04F79EFBC}") = "TransactionHistoryReadModel.Tests", "Plugins\TransactionHistoryReadModel.Tests\TransactionHistoryReadModel.Tests.csproj", "{69DB4D26-B951-4800-ACEC-E5F0229E70EA}"
EndProject
Project("{FAE04EC0-301F-11D3-BF4B-00C04F79EFBC}") = "CollectionAgentReadModel", "Plugins\CollectionAgentReadModel\CollectionAgentReadModel\CollectionAgentReadModel.csproj", "{3500B291-5411-4C3D-B4C9-C8E6A950484A}"
EndProject
Project("{FAE04EC0-301F-11D3-BF4B-00C04F79EFBC}") = "CollectionAgentReadModel.Tests", "Plugins\CollectionAgentReadModel.Tests\CollectionAgentReadModel.Tests.csproj", "{69002E71-B9F5-4540-95BB-BD90E513FD0F}"
EndProject
Project("{FAE04EC0-301F-11D3-BF4B-00C04F79EFBC}") = "CustomerCommunicationsReadModel", "Plugins\CustomerCommunicationsReadModel\CustomerCommunicationsReadModel.csproj", "{4801B776-191A-4315-8922-BF9B527FD39B}"
EndProject
Project("{FAE04EC0-301F-11D3-BF4B-00C04F79EFBC}") = "MoneReadModel", "Plugins\MoneReadModel\MoneReadModel.csproj", "{DC25D634-0D06-4DAA-A95B-E94AE4F43634}"
EndProject
Project("{FAE04EC0-301F-11D3-BF4B-00C04F79EFBC}") = "CustomerCommunicationsReadModel.Tests", "Plugins\CustomerCommunicationsReadModel.Tests\CustomerCommunicationsReadModel.Tests.csproj", "{80D6A1BA-280C-420A-8B0D-8812B49E43A3}"
EndProject
Project("{FAE04EC0-301F-11D3-BF4B-00C04F79EFBC}") = "DocxEngine", "DocxEngine\DocxEngine\DocxEngine.csproj", "{D67FD116-DFE2-4AEC-9ED8-F522D690D91F}"
EndProject
Project("{FAE04EC0-301F-11D3-BF4B-00C04F79EFBC}") = "MoneReadModel.Tests", "Plugins\MoneReadModel.Tests\MoneReadModel.Tests.csproj", "{1F919C43-813F-468F-84F0-91D731703238}"
EndProject
Project("{FAE04EC0-301F-11D3-BF4B-00C04F79EFBC}") = "StoreDocumentReadModel", "Plugins\StoreDocumentReadModel\StoreDocumentReadModel.csproj", "{BA9CD4BE-A74C-468E-BBA1-B52E50BABB67}"
EndProject
Project("{FAE04EC0-301F-11D3-BF4B-00C04F79EFBC}") = "StoreDocumentReadModel.Tests", "Plugins\StoreDocumentReadModel.Tests\StoreDocumentReadModel.Tests.csproj", "{8B247106-FED5-47C7-9F53-E8E18B58D44D}"
EndProject
Project("{FAE04EC0-301F-11D3-BF4B-00C04F79EFBC}") = "PersonalLoanReadModel", "Plugins\PersonalLoanReadModel\PersonalLoanReadModel.csproj", "{FC21FC27-C209-4CDD-9682-B0EEAC4AAAC2}"
EndProject
Project("{FAE04EC0-301F-11D3-BF4B-00C04F79EFBC}") = "PersonalLoanReadModel.Tests", "Plugins\PersonalLoanReadModel.Tests\PersonalLoanReadModel.Tests.csproj", "{DE22FA64-EBE4-4743-A35B-172FE6516393}"
EndProject
Project("{FAE04EC0-301F-11D3-BF4B-00C04F79EFBC}") = "LoanCommon", "Common\LoanCommon\LoanCommon.csproj", "{AB66AF56-E08C-4E2D-9DCC-AC8919B575E5}"
EndProject
Project("{FAE04EC0-301F-11D3-BF4B-00C04F79EFBC}") = "CaDdrRedistributionReadModel", "Plugins\CaDdrRedistributionReadModel\CaDdrRedistributionReadModel.csproj", "{5300C78A-F2DB-412B-AEA3-5B26CA856C1A}"
EndProject
Project("{FAE04EC0-301F-11D3-BF4B-00C04F79EFBC}") = "LoanCommon.Tests", "Common\LoanCommon.Tests\LoanCommon.Tests.csproj", "{725F56F1-7B31-40ED-A587-A42649EE42D9}"
EndProject
Project("{FAE04EC0-301F-11D3-BF4B-00C04F79EFBC}") = "ArrearsReadModel", "Plugins\ArrearsReadModel\ArrearsReadModel.csproj", "{BC62E1D5-5EDE-4A34-9865-80FAA6007942}"
EndProject
Project("{FAE04EC0-301F-11D3-BF4B-00C04F79EFBC}") = "CaDdrRedistributionReadModel.Tests", "Plugins\CaDdrRedistributionReadModel.Tests\CaDdrRedistributionReadModel.Tests.csproj", "{E32C476D-E410-43BB-9CFF-B453308FB5FF}"
EndProject
Project("{FAE04EC0-301F-11D3-BF4B-00C04F79EFBC}") = "ArrearsReadModel.Tests", "Plugins\ArrearsReadModel.Tests\ArrearsReadModel.Tests.csproj", "{7EC80836-BF46-437B-8238-767717BB13E1}"
EndProject
Project("{FAE04EC0-301F-11D3-BF4B-00C04F79EFBC}") = "StoreContactDetailsReadModel.Tests", "Plugins\StoreContactDetailsReadModel.Tests\StoreContactDetailsReadModel.Tests.csproj", "{16A03E19-9697-4B49-93DF-15D948D3879D}"
EndProject
Project("{FAE04EC0-301F-11D3-BF4B-00C04F79EFBC}") = "CustomerDetailsReadModel", "Plugins\CustomerDetailsReadModel\CustomerDetailsReadModel.csproj", "{FA9574F6-F9E5-4DCE-9BC7-6501DE100BCF}"
EndProject
Project("{FAE04EC0-301F-11D3-BF4B-00C04F79EFBC}") = "StoreContactDetailsReadModel", "Plugins\StoreContactDetailsReadModel\StoreContactDetailsReadModel.csproj", "{9CD1BFF9-9AAD-4F7C-99F5-0E04C07CFC22}"
EndProject
Project("{FAE04EC0-301F-11D3-BF4B-00C04F79EFBC}") = "Contracts.Loan", "DocxEngine\Contracts.Loan\Contracts.Loan.csproj", "{A28D3081-C2EE-44FA-8A0F-00438E311B55}"
EndProject
Project("{FAE04EC0-301F-11D3-BF4B-00C04F79EFBC}") = "DocxEngine.Contracts", "DocxEngine\DocxEngine.Contracts\DocxEngine.Contracts.csproj", "{C240DF19-3DC8-42AE-AEA2-D4EE54099BF1}"
EndProject
Project("{FAE04EC0-301F-11D3-BF4B-00C04F79EFBC}") = "CustomerDetailsReadModel.Tests", "Plugins\CustomerDetailsReadModel.Tests\CustomerDetailsReadModel.Tests.csproj", "{F75ACF12-0421-4BF4-9A95-C1D8DB52DD6C}"
EndProject
Project("{FAE04EC0-301F-11D3-BF4B-00C04F79EFBC}") = "StoreCommissionReadModel", "Plugins\StoreCommissionReadModel\StoreCommissionReadModel.csproj", "{E0B5293D-31E9-4E96-8A4A-878EB2FCAAF0}"
EndProject
Project("{FAE04EC0-301F-11D3-BF4B-00C04F79EFBC}") = "MissedRepaymentsCommon", "Common\MissedRepaymentsCommon\MissedRepaymentsCommon.csproj", "{7BA3DA83-18CA-4C5D-869A-AC29B5D09A03}"
EndProject
Project("{FAE04EC0-301F-11D3-BF4B-00C04F79EFBC}") = "MissedRepaymentsCommon.Tests", "Common\MissedRepaymentsCommon.Tests\MissedRepaymentsCommon.Tests.csproj", "{515BFE18-EBF3-4958-8960-1C82D89690F2}"
EndProject
Project("{FAE04EC0-301F-11D3-BF4B-00C04F79EFBC}") = "PartIXReadModel", "Plugins\PartIXReadModel\PartIXReadModel.csproj", "{810B50E3-640C-468A-8AB6-9E8D8BB2A104}"
EndProject
Project("{FAE04EC0-301F-11D3-BF4B-00C04F79EFBC}") = "PartIXReadModel.Tests", "Plugins\PartIXReadModel.Tests\PartIXReadModel.Tests.csproj", "{F362622F-E3A0-4C50-B0BD-28BD3E7C0684}"
EndProject
Project("{FAE04EC0-301F-11D3-BF4B-00C04F79EFBC}") = "LoanEligibilityCommon", "Common\LoanEligibilityCommon\LoanEligibilityCommon.csproj", "{25E6A33C-A5D8-4E1B-9F6B-19E4DEBA0A8F}"
EndProject
Project("{FAE04EC0-301F-11D3-BF4B-00C04F79EFBC}") = "OrphanedPaymentsReadModel", "Plugins\OrphanedPaymentsReadModel\OrphanedPaymentsReadModel.csproj", "{4662F563-233B-4A6F-A9C6-DEBB99D6ECA8}"
EndProject
Project("{FAE04EC0-301F-11D3-BF4B-00C04F79EFBC}") = "OrphanedPaymentsReadModel.Tests", "Plugins\OrphanedPaymentsReadModel.Tests\OrphanedPaymentsReadModel.Tests.csproj", "{B86832EA-8CC6-4796-AB21-F72C70D714E5}"
EndProject
Project("{FAE04EC0-301F-11D3-BF4B-00C04F79EFBC}") = "MissingDocumentsReadModel", "Plugins\MissingDocumentsReadModel\MissingDocumentsReadModel.csproj", "{5075AD93-7039-4E09-A80F-B0EC55258AC2}"
EndProject
Project("{FAE04EC0-301F-11D3-BF4B-00C04F79EFBC}") = "ContactCustomerForDeclineReadModel", "Plugins\ContactCustomerForDeclineReadModel\ContactCustomerForDeclineReadModel.csproj", "{8327982D-B578-4AF1-A6B3-4385814D6372}"
EndProject
Project("{FAE04EC0-301F-11D3-BF4B-00C04F79EFBC}") = "LoanEligibilityCommon.Tests", "Common\LoanEligibilityCommon.Tests\LoanEligibilityCommon.Tests.csproj", "{9571BB34-AE5D-4516-9BBD-5229545C6FCB}"
EndProject
Project("{FAE04EC0-301F-11D3-BF4B-00C04F79EFBC}") = "AuthorisationReadModel.Tests", "Plugins\AuthorisationReadModel.Tests\AuthorisationReadModel.Tests.csproj", "{B99B4DED-AB5D-4D9E-A444-84C5CAE99A79}"
EndProject
Project("{FAE04EC0-301F-11D3-BF4B-00C04F79EFBC}") = "AuthorisationReadModel", "Plugins\AuthorisationReadModel\AuthorisationReadModel.csproj", "{55E76B7D-F4C9-42CA-922A-EFB55A4F75C2}"
EndProject
Project("{FAE04EC0-301F-11D3-BF4B-00C04F79EFBC}") = "Services.LoanManagement", "TerminalGateway\Services.LoanManagement\Services.LoanManagement.csproj", "{A482C9D0-AB51-4BAD-AA60-75D6C89595DD}"
EndProject
Project("{FAE04EC0-301F-11D3-BF4B-00C04F79EFBC}") = "TerminalGateway.Core.Tests", "TerminalGateway\TerminalGateway.Core.Tests\TerminalGateway.Core.Tests.csproj", "{4A0BB06C-C7A2-4F93-8DC5-2BB9295B353D}"
EndProject
Project("{FAE04EC0-301F-11D3-BF4B-00C04F79EFBC}") = "Services.LoanManagement.Tests", "TerminalGateway\Services.LoanManagement.Tests\Services.LoanManagement.Tests.csproj", "{1BEC01CA-4D94-44B0-BC6B-13C86BDB2A27}"
EndProject
Project("{FAE04EC0-301F-11D3-BF4B-00C04F79EFBC}") = "LoanManagementReadModel.Tests", "Plugins\LoanManagementReadModel.Tests\LoanManagementReadModel.Tests.csproj", "{F8308FD2-0447-4663-8EC7-4B75C8DFF90E}"
EndProject
Project("{FAE04EC0-301F-11D3-BF4B-00C04F79EFBC}") = "Services.CustomerManagement", "TerminalGateway\Services.CustomerManagement\Services.CustomerManagement.csproj", "{92AE070A-D026-42D9-A0A9-A3616868D5FF}"
EndProject
Project("{FAE04EC0-301F-11D3-BF4B-00C04F79EFBC}") = "Services.CustomerManagement.Tests", "TerminalGateway\Services.CustomerManagement.Tests\Services.CustomerManagement.Tests.csproj", "{E706565D-4714-4B87-8BB0-12248E47CA59}"
EndProject
Project("{2150E333-8FDC-42A3-9474-1A3956D46DE8}") = "Domain", "Domain", "{F81F03E2-6CB9-4CEB-899A-38A22656ABE0}"
EndProject
Project("{2150E333-8FDC-42A3-9474-1A3956D46DE8}") = "Loan", "Loan", "{7F4C4C09-DBC6-4CC3-B98A-4647218A662D}"
EndProject
Project("{FAE04EC0-301F-11D3-BF4B-00C04F79EFBC}") = "CommandProcessor", "LoanService\CommandProcessor\CommandProcessor.csproj", "{2D122D4F-9B89-4582-938B-8916B832B278}"
EndProject
Project("{FAE04EC0-301F-11D3-BF4B-00C04F79EFBC}") = "LoanService.Testability", "LoanService\LoanService.Testability\LoanService.Testability.csproj", "{CB4A8E07-44BE-4FF3-9017-F2F8905E3FA6}"
EndProject
Project("{FAE04EC0-301F-11D3-BF4B-00C04F79EFBC}") = "DomainDatabase", "LoanService\DomainDatabase\DomainDatabase.csproj", "{8BB2658A-00F3-48F8-A3D5-632ABC0BD5B3}"
EndProject
Project("{FAE04EC0-301F-11D3-BF4B-00C04F79EFBC}") = "Services.InStoreLoanApplication", "TerminalGateway\Services.InStoreLoanApplication\Services.InStoreLoanApplication.csproj", "{3A523C16-D2FE-46C0-A1C3-5A7C78F57588}"
EndProject
Project("{FAE04EC0-301F-11D3-BF4B-00C04F79EFBC}") = "ApplicantCheckReadModel", "Plugins\ApplicantCheckReadModel\ApplicantCheckReadModel.csproj", "{5AEEA4E5-13DE-4ACA-81C0-306685C8DDFF}"
EndProject
Project("{FAE04EC0-301F-11D3-BF4B-00C04F79EFBC}") = "CommissionCommon", "Common\CommissionCommon\CommissionCommon.csproj", "{0C6540CB-9EA1-4EE3-9422-E0C581F58B2F}"
EndProject
Project("{FAE04EC0-301F-11D3-BF4B-00C04F79EFBC}") = "CommissionCommon.Tests", "Common\CommissionCommon.Tests\CommissionCommon.Tests.csproj", "{8D657BBB-07A3-4506-9920-67FDCD2B68AC}"
EndProject
Project("{2150E333-8FDC-42A3-9474-1A3956D46DE8}") = "ExternalReadModels", "ExternalReadModels", "{D1F086A5-5E66-4E4F-996B-AB7AB8582048}"
EndProject
Project("{FAE04EC0-301F-11D3-BF4B-00C04F79EFBC}") = "Services.InStoreLoanApplication.Tests", "TerminalGateway\Services.InStoreLoanApplication.Tests\Services.InStoreLoanApplication.Tests.csproj", "{B94473B5-968D-4643-9AC3-C7FC1E820F98}"
EndProject
Project("{FAE04EC0-301F-11D3-BF4B-00C04F79EFBC}") = "ReportingReadModelApi", "Reporting\ReportingReadModelApi\ReportingReadModelApi.csproj", "{2E461C63-F616-4E15-94E7-4E0B35B4226B}"
EndProject
Project("{FAE04EC0-301F-11D3-BF4B-00C04F79EFBC}") = "GpDynamicsReadModelApi", "GpDynamicsReadModel\GpDynamicsReadModelApi\GpDynamicsReadModelApi.csproj", "{76D0BCAD-215D-46D8-A332-629DA91F9256}"
EndProject
Project("{FAE04EC0-301F-11D3-BF4B-00C04F79EFBC}") = "GpDynamicsCommon", "Common\GpDynamicsCommon\GpDynamicsCommon.csproj", "{BA525A6F-6E1D-4941-B66B-96C3A58E89DB}"
EndProject
Project("{FAE04EC0-301F-11D3-BF4B-00C04F79EFBC}") = "BPayFileResultReadModel", "Plugins\BPayFileResultReadModel\BPayFileResultReadModel.csproj", "{CB3E903E-9A3A-4ED8-B294-CAA321BD8928}"
EndProject
Project("{FAE04EC0-301F-11D3-BF4B-00C04F79EFBC}") = "BPayFileResultReadModel.Tests", "Plugins\BPayFileResultReadModel.Tests\BPayFileResultReadModel.Tests.csproj", "{7A8F612F-A1AF-4054-B8AF-BDA6E9325538}"
EndProject
Project("{FAE04EC0-301F-11D3-BF4B-00C04F79EFBC}") = "CustomerSearchReadModel.Tests", "Plugins\CustomerSearchReadModel.Tests\CustomerSearchReadModel.Tests.csproj", "{CC8603A4-1BA0-440B-8F40-079E0F280AB5}"
EndProject
Project("{FAE04EC0-301F-11D3-BF4B-00C04F79EFBC}") = "CustomerSearchReadModel", "Plugins\CustomerSearchReadModel\CustomerSearchReadModel.csproj", "{41021462-2B24-43F5-BBC1-22F5E2E8C04D}"
EndProject
Project("{FAE04EC0-301F-11D3-BF4B-00C04F79EFBC}") = "ReturnedItemsReadModelApi", "ReturnedItemsReadModel\ReturnedItemsReadModelApi\ReturnedItemsReadModelApi.csproj", "{5ACAF4A5-EF11-4AAD-B751-AA074524532D}"
EndProject
Project("{FAE04EC0-301F-11D3-BF4B-00C04F79EFBC}") = "MarketingReadModel", "Plugins\MarketingReadModel\MarketingReadModel.csproj", "{5B08BF5D-85AB-4DFB-98C9-DD0558D8EC89}"
EndProject
Project("{FAE04EC0-301F-11D3-BF4B-00C04F79EFBC}") = "MarketingReadModel.Tests", "Plugins\MarketingReadModel.Tests\MarketingReadModel.Tests.csproj", "{7972B67D-C6E2-408C-AACC-3CE289223797}"
EndProject
Project("{FAE04EC0-301F-11D3-BF4B-00C04F79EFBC}") = "Services.MissedRepaymentTask", "TerminalGatewayMissedRepaymentTask\Services.MissedRepaymentTask\Services.MissedRepaymentTask.csproj", "{28FECDCD-6C51-4997-A89C-AF71A26B7536}"
EndProject
Project("{FAE04EC0-301F-11D3-BF4B-00C04F79EFBC}") = "Services.MissedRepaymentTask.Tests", "TerminalGatewayMissedRepaymentTask\Services.MissedRepaymentTask.Tests\Services.MissedRepaymentTask.Tests.csproj", "{F7F49036-9510-45A0-B1F2-DFDC1128D63B}"
EndProject
Project("{FAE04EC0-301F-11D3-BF4B-00C04F79EFBC}") = "CustomerCommunicationsReportingReadModelApi", "CustomerCommunicationsReporting\CustomerCommunicationsReportingReadModelApi\CustomerCommunicationsReportingReadModelApi.csproj", "{9949B987-1A52-412A-BAAC-4CE47C9DE309}"
EndProject
Project("{FAE04EC0-301F-11D3-BF4B-00C04F79EFBC}") = "CCStatementV2ReadModel", "Plugins\CCStatementV2ReadModel\CCStatementV2ReadModel.csproj", "{AA3503F4-BC18-484F-8DC4-35CAA47F921E}"
EndProject
Project("{FAE04EC0-301F-11D3-BF4B-00C04F79EFBC}") = "BulkWriteOffLoansReadModel", "Plugins\BulkWriteOffLoansReadModel\BulkWriteOffLoansReadModel.csproj", "{FAFB1FFB-39C9-48C9-9146-28017ABD91D9}"
EndProject
Project("{FAE04EC0-301F-11D3-BF4B-00C04F79EFBC}") = "BulkWriteOffLoansReadModel.Tests", "Plugins\BulkWriteOffLoansReadModel.Tests\BulkWriteOffLoansReadModel.Tests.csproj", "{AA9B7E29-778A-495D-B16D-BD67F743A666}"
EndProject
Project("{FAE04EC0-301F-11D3-BF4B-00C04F79EFBC}") = "ConfigurationReadModel", "Plugins\ConfigurationReadModel\ConfigurationReadModel.csproj", "{89337202-4B82-4C9F-963B-1E36EE1C4635}"
EndProject
Project("{FAE04EC0-301F-11D3-BF4B-00C04F79EFBC}") = "ConfigurationReadModel.Tests", "Plugins\ConfigurationReadModel.Tests\ConfigurationReadModel.Tests.csproj", "{B9A968B5-86C6-4044-AAA8-B82164C62849}"
EndProject
Project("{FAE04EC0-301F-11D3-BF4B-00C04F79EFBC}") = "OnlineCustomerDetailsReadModel", "Plugins\OnlineCustomerDetailsReadModel\OnlineCustomerDetailsReadModel.csproj", "{A982F2AB-BB6F-4BB9-A370-53EE772092FF}"
EndProject
Project("{FAE04EC0-301F-11D3-BF4B-00C04F79EFBC}") = "CustomerDisputeReadModel", "Plugins\CustomerDisputeReadModel\CustomerDisputeReadModel.csproj", "{6BC14ABB-BBC3-4AE3-833E-4DD8E3AD7277}"
EndProject
Project("{FAE04EC0-301F-11D3-BF4B-00C04F79EFBC}") = "CustomerDisputeReadModel.Tests", "Plugins\CustomerDisputeReadModel.Tests\CustomerDisputeReadModel.Tests.csproj", "{C52746B5-B878-45AB-8667-1DAE256D1C3B}"
EndProject
Project("{FAE04EC0-301F-11D3-BF4B-00C04F79EFBC}") = "StatementAnalysisApi", "Common\StatementAnalysisApi\StatementAnalysisApi.csproj", "{B25E5244-2A40-490B-BAD6-9DAE39CD7D49}"
EndProject
Project("{FAE04EC0-301F-11D3-BF4B-00C04F79EFBC}") = "StatementAnalysisApi.Tests", "Common\StatementAnalysisApi.Tests\StatementAnalysisApi.Tests.csproj", "{9194E812-9D30-49E2-8FA5-5E25BFDEC927}"
EndProject
Project("{FAE04EC0-301F-11D3-BF4B-00C04F79EFBC}") = "Mercury.Core.NHibernateExtensions", "Platform\Mercury.Core.NHibernateExtensions\Mercury.Core.NHibernateExtensions.csproj", "{F1575997-02D0-486F-AE36-69F6A3B37C39}"
EndProject
Global
	GlobalSection(SolutionConfigurationPlatforms) = preSolution
		Debug|Any CPU = Debug|Any CPU
		Release|Any CPU = Release|Any CPU
	EndGlobalSection
	GlobalSection(ProjectConfigurationPlatforms) = postSolution
		{A78F75AB-FEA0-4A70-9EF6-5ABD55CBF2EF}.Debug|Any CPU.ActiveCfg = Debug|Any CPU
		{A78F75AB-FEA0-4A70-9EF6-5ABD55CBF2EF}.Debug|Any CPU.Build.0 = Debug|Any CPU
		{A78F75AB-FEA0-4A70-9EF6-5ABD55CBF2EF}.Release|Any CPU.ActiveCfg = Debug|Any CPU
		{4B2E1F04-35B1-4D0C-914E-F5E64EDDB7EB}.Debug|Any CPU.ActiveCfg = Debug|Any CPU
		{4B2E1F04-35B1-4D0C-914E-F5E64EDDB7EB}.Debug|Any CPU.Build.0 = Debug|Any CPU
		{4B2E1F04-35B1-4D0C-914E-F5E64EDDB7EB}.Release|Any CPU.ActiveCfg = Release|Any CPU
		{4B2E1F04-35B1-4D0C-914E-F5E64EDDB7EB}.Release|Any CPU.Build.0 = Release|Any CPU
		{9C2B7DE2-DE9A-4B89-9459-2F9FE873D78C}.Debug|Any CPU.ActiveCfg = Debug|Any CPU
		{9C2B7DE2-DE9A-4B89-9459-2F9FE873D78C}.Debug|Any CPU.Build.0 = Debug|Any CPU
		{9C2B7DE2-DE9A-4B89-9459-2F9FE873D78C}.Release|Any CPU.ActiveCfg = Release|Any CPU
		{9C2B7DE2-DE9A-4B89-9459-2F9FE873D78C}.Release|Any CPU.Build.0 = Release|Any CPU
		{FFC83772-D335-40CE-9A11-6A47C1AECA2D}.Debug|Any CPU.ActiveCfg = Debug|Any CPU
		{FFC83772-D335-40CE-9A11-6A47C1AECA2D}.Debug|Any CPU.Build.0 = Debug|Any CPU
		{FFC83772-D335-40CE-9A11-6A47C1AECA2D}.Release|Any CPU.ActiveCfg = Release|Any CPU
		{FFC83772-D335-40CE-9A11-6A47C1AECA2D}.Release|Any CPU.Build.0 = Release|Any CPU
		{C5E34A9B-EEDD-4E48-AC6A-AB6F447696A3}.Debug|Any CPU.ActiveCfg = Debug|Any CPU
		{C5E34A9B-EEDD-4E48-AC6A-AB6F447696A3}.Debug|Any CPU.Build.0 = Debug|Any CPU
		{C5E34A9B-EEDD-4E48-AC6A-AB6F447696A3}.Release|Any CPU.ActiveCfg = Release|Any CPU
		{C5E34A9B-EEDD-4E48-AC6A-AB6F447696A3}.Release|Any CPU.Build.0 = Release|Any CPU
		{AF8BD6CB-113B-4DD9-BE78-EA62246B5B3B}.Debug|Any CPU.ActiveCfg = Debug|Any CPU
		{AF8BD6CB-113B-4DD9-BE78-EA62246B5B3B}.Debug|Any CPU.Build.0 = Debug|Any CPU
		{AF8BD6CB-113B-4DD9-BE78-EA62246B5B3B}.Release|Any CPU.ActiveCfg = Release|Any CPU
		{AF8BD6CB-113B-4DD9-BE78-EA62246B5B3B}.Release|Any CPU.Build.0 = Release|Any CPU
		{8BE16FF4-D4FE-4923-AC63-E7D95A7D117A}.Debug|Any CPU.ActiveCfg = Debug|Any CPU
		{8BE16FF4-D4FE-4923-AC63-E7D95A7D117A}.Debug|Any CPU.Build.0 = Debug|Any CPU
		{8BE16FF4-D4FE-4923-AC63-E7D95A7D117A}.Release|Any CPU.ActiveCfg = Release|Any CPU
		{8BE16FF4-D4FE-4923-AC63-E7D95A7D117A}.Release|Any CPU.Build.0 = Release|Any CPU
		{E758A392-0128-49BA-9668-7FEDB606F85F}.Debug|Any CPU.ActiveCfg = Debug|Any CPU
		{E758A392-0128-49BA-9668-7FEDB606F85F}.Debug|Any CPU.Build.0 = Debug|Any CPU
		{E758A392-0128-49BA-9668-7FEDB606F85F}.Release|Any CPU.ActiveCfg = Release|Any CPU
		{E758A392-0128-49BA-9668-7FEDB606F85F}.Release|Any CPU.Build.0 = Release|Any CPU
		{6ED9FFB9-EC0C-407B-8830-886781A9046D}.Debug|Any CPU.ActiveCfg = Debug|Any CPU
		{6ED9FFB9-EC0C-407B-8830-886781A9046D}.Debug|Any CPU.Build.0 = Debug|Any CPU
		{6ED9FFB9-EC0C-407B-8830-886781A9046D}.Release|Any CPU.ActiveCfg = Release|Any CPU
		{6ED9FFB9-EC0C-407B-8830-886781A9046D}.Release|Any CPU.Build.0 = Release|Any CPU
		{251CDDD8-0100-4ACE-9D59-2E99B89374CF}.Debug|Any CPU.ActiveCfg = Debug|Any CPU
		{251CDDD8-0100-4ACE-9D59-2E99B89374CF}.Debug|Any CPU.Build.0 = Debug|Any CPU
		{251CDDD8-0100-4ACE-9D59-2E99B89374CF}.Release|Any CPU.ActiveCfg = Release|Any CPU
		{251CDDD8-0100-4ACE-9D59-2E99B89374CF}.Release|Any CPU.Build.0 = Release|Any CPU
		{D2A541D6-A79C-4C43-A1A1-388528F856C7}.Debug|Any CPU.ActiveCfg = Debug|Any CPU
		{D2A541D6-A79C-4C43-A1A1-388528F856C7}.Debug|Any CPU.Build.0 = Debug|Any CPU
		{D2A541D6-A79C-4C43-A1A1-388528F856C7}.Release|Any CPU.ActiveCfg = Release|Any CPU
		{D2A541D6-A79C-4C43-A1A1-388528F856C7}.Release|Any CPU.Build.0 = Release|Any CPU
		{D969683C-AD3A-44E6-9BEA-9AAD7516AEFE}.Debug|Any CPU.ActiveCfg = Debug|Any CPU
		{D969683C-AD3A-44E6-9BEA-9AAD7516AEFE}.Debug|Any CPU.Build.0 = Debug|Any CPU
		{D969683C-AD3A-44E6-9BEA-9AAD7516AEFE}.Release|Any CPU.ActiveCfg = Release|Any CPU
		{D969683C-AD3A-44E6-9BEA-9AAD7516AEFE}.Release|Any CPU.Build.0 = Release|Any CPU
		{24736F98-5594-4F78-9AF3-879978967195}.Debug|Any CPU.ActiveCfg = Debug|Any CPU
		{24736F98-5594-4F78-9AF3-879978967195}.Debug|Any CPU.Build.0 = Debug|Any CPU
		{24736F98-5594-4F78-9AF3-879978967195}.Release|Any CPU.ActiveCfg = Release|Any CPU
		{24736F98-5594-4F78-9AF3-879978967195}.Release|Any CPU.Build.0 = Release|Any CPU
		{622ECF87-CC01-421F-9073-69D3B6BF997A}.Debug|Any CPU.ActiveCfg = Debug|Any CPU
		{622ECF87-CC01-421F-9073-69D3B6BF997A}.Debug|Any CPU.Build.0 = Debug|Any CPU
		{622ECF87-CC01-421F-9073-69D3B6BF997A}.Release|Any CPU.ActiveCfg = Release|Any CPU
		{622ECF87-CC01-421F-9073-69D3B6BF997A}.Release|Any CPU.Build.0 = Release|Any CPU
		{C2EB1ED8-3BAB-4F5E-B05F-349BF1E55699}.Debug|Any CPU.ActiveCfg = Debug|Any CPU
		{C2EB1ED8-3BAB-4F5E-B05F-349BF1E55699}.Debug|Any CPU.Build.0 = Debug|Any CPU
		{C2EB1ED8-3BAB-4F5E-B05F-349BF1E55699}.Release|Any CPU.ActiveCfg = Release|Any CPU
		{C2EB1ED8-3BAB-4F5E-B05F-349BF1E55699}.Release|Any CPU.Build.0 = Release|Any CPU
		{AF2AA63F-B129-4D88-9D1A-4BC19E443B00}.Debug|Any CPU.ActiveCfg = Debug|Any CPU
		{AF2AA63F-B129-4D88-9D1A-4BC19E443B00}.Debug|Any CPU.Build.0 = Debug|Any CPU
		{AF2AA63F-B129-4D88-9D1A-4BC19E443B00}.Release|Any CPU.ActiveCfg = Release|Any CPU
		{AF2AA63F-B129-4D88-9D1A-4BC19E443B00}.Release|Any CPU.Build.0 = Release|Any CPU
		{CB399A05-14EB-4FB6-9210-8697B0A9AC4E}.Debug|Any CPU.ActiveCfg = Debug|Any CPU
		{CB399A05-14EB-4FB6-9210-8697B0A9AC4E}.Debug|Any CPU.Build.0 = Debug|Any CPU
		{CB399A05-14EB-4FB6-9210-8697B0A9AC4E}.Release|Any CPU.ActiveCfg = Release|Any CPU
		{CB399A05-14EB-4FB6-9210-8697B0A9AC4E}.Release|Any CPU.Build.0 = Release|Any CPU
		{D913B212-66AA-4AB0-AF15-DD0FD804AF58}.Debug|Any CPU.ActiveCfg = Debug|Any CPU
		{D913B212-66AA-4AB0-AF15-DD0FD804AF58}.Debug|Any CPU.Build.0 = Debug|Any CPU
		{D913B212-66AA-4AB0-AF15-DD0FD804AF58}.Release|Any CPU.ActiveCfg = Release|Any CPU
		{D913B212-66AA-4AB0-AF15-DD0FD804AF58}.Release|Any CPU.Build.0 = Release|Any CPU
		{DCD974D5-8AC3-4D50-8A2E-0E57E517E93A}.Debug|Any CPU.ActiveCfg = Debug|Any CPU
		{DCD974D5-8AC3-4D50-8A2E-0E57E517E93A}.Debug|Any CPU.Build.0 = Debug|Any CPU
		{DCD974D5-8AC3-4D50-8A2E-0E57E517E93A}.Release|Any CPU.ActiveCfg = Release|Any CPU
		{DCD974D5-8AC3-4D50-8A2E-0E57E517E93A}.Release|Any CPU.Build.0 = Release|Any CPU
		{4C77BAC1-0604-4433-A3CE-C92433EE9227}.Debug|Any CPU.ActiveCfg = Debug|Any CPU
		{4C77BAC1-0604-4433-A3CE-C92433EE9227}.Debug|Any CPU.Build.0 = Debug|Any CPU
		{4C77BAC1-0604-4433-A3CE-C92433EE9227}.Release|Any CPU.ActiveCfg = Release|Any CPU
		{4C77BAC1-0604-4433-A3CE-C92433EE9227}.Release|Any CPU.Build.0 = Release|Any CPU
		{59F57D13-9C8D-4F7B-9546-84A7D8645C26}.Debug|Any CPU.ActiveCfg = Debug|Any CPU
		{59F57D13-9C8D-4F7B-9546-84A7D8645C26}.Debug|Any CPU.Build.0 = Debug|Any CPU
		{59F57D13-9C8D-4F7B-9546-84A7D8645C26}.Release|Any CPU.ActiveCfg = Release|Any CPU
		{59F57D13-9C8D-4F7B-9546-84A7D8645C26}.Release|Any CPU.Build.0 = Release|Any CPU
		{5782F1EA-01B5-475A-A4BD-759D4D58779C}.Debug|Any CPU.ActiveCfg = Debug|Any CPU
		{5782F1EA-01B5-475A-A4BD-759D4D58779C}.Debug|Any CPU.Build.0 = Debug|Any CPU
		{5782F1EA-01B5-475A-A4BD-759D4D58779C}.Release|Any CPU.ActiveCfg = Release|Any CPU
		{5782F1EA-01B5-475A-A4BD-759D4D58779C}.Release|Any CPU.Build.0 = Release|Any CPU
		{90159E3A-D516-4174-929A-53BB75A11048}.Debug|Any CPU.ActiveCfg = Debug|Any CPU
		{90159E3A-D516-4174-929A-53BB75A11048}.Debug|Any CPU.Build.0 = Debug|Any CPU
		{90159E3A-D516-4174-929A-53BB75A11048}.Release|Any CPU.ActiveCfg = Release|Any CPU
		{90159E3A-D516-4174-929A-53BB75A11048}.Release|Any CPU.Build.0 = Release|Any CPU
		{34E7A47E-A8FB-4614-9B81-D060FA87AC5B}.Debug|Any CPU.ActiveCfg = Debug|Any CPU
		{34E7A47E-A8FB-4614-9B81-D060FA87AC5B}.Debug|Any CPU.Build.0 = Debug|Any CPU
		{34E7A47E-A8FB-4614-9B81-D060FA87AC5B}.Release|Any CPU.ActiveCfg = Release|Any CPU
		{34E7A47E-A8FB-4614-9B81-D060FA87AC5B}.Release|Any CPU.Build.0 = Release|Any CPU
		{E2EA324C-B304-4AF5-82BD-D1B7F6020C7F}.Debug|Any CPU.ActiveCfg = Debug|Any CPU
		{E2EA324C-B304-4AF5-82BD-D1B7F6020C7F}.Debug|Any CPU.Build.0 = Debug|Any CPU
		{E2EA324C-B304-4AF5-82BD-D1B7F6020C7F}.Release|Any CPU.ActiveCfg = Release|Any CPU
		{E2EA324C-B304-4AF5-82BD-D1B7F6020C7F}.Release|Any CPU.Build.0 = Release|Any CPU
		{860146EB-8202-4955-8BC3-9DC6DC229808}.Debug|Any CPU.ActiveCfg = Debug|Any CPU
		{860146EB-8202-4955-8BC3-9DC6DC229808}.Debug|Any CPU.Build.0 = Debug|Any CPU
		{860146EB-8202-4955-8BC3-9DC6DC229808}.Release|Any CPU.ActiveCfg = Release|Any CPU
		{860146EB-8202-4955-8BC3-9DC6DC229808}.Release|Any CPU.Build.0 = Release|Any CPU
		{A032B66E-FA10-46A0-837A-EFBA5CA14DAF}.Debug|Any CPU.ActiveCfg = Debug|Any CPU
		{A032B66E-FA10-46A0-837A-EFBA5CA14DAF}.Debug|Any CPU.Build.0 = Debug|Any CPU
		{A032B66E-FA10-46A0-837A-EFBA5CA14DAF}.Release|Any CPU.ActiveCfg = Release|Any CPU
		{A032B66E-FA10-46A0-837A-EFBA5CA14DAF}.Release|Any CPU.Build.0 = Release|Any CPU
		{36800F86-879A-4FBA-8D6C-FBEDD385531F}.Debug|Any CPU.ActiveCfg = Debug|Any CPU
		{36800F86-879A-4FBA-8D6C-FBEDD385531F}.Debug|Any CPU.Build.0 = Debug|Any CPU
		{36800F86-879A-4FBA-8D6C-FBEDD385531F}.Release|Any CPU.ActiveCfg = Release|Any CPU
		{36800F86-879A-4FBA-8D6C-FBEDD385531F}.Release|Any CPU.Build.0 = Release|Any CPU
		{98E1872A-02D8-4D1C-B0CB-D1FD269C9270}.Debug|Any CPU.ActiveCfg = Debug|Any CPU
		{98E1872A-02D8-4D1C-B0CB-D1FD269C9270}.Debug|Any CPU.Build.0 = Debug|Any CPU
		{98E1872A-02D8-4D1C-B0CB-D1FD269C9270}.Release|Any CPU.ActiveCfg = Release|Any CPU
		{98E1872A-02D8-4D1C-B0CB-D1FD269C9270}.Release|Any CPU.Build.0 = Release|Any CPU
		{42A388A2-B797-4335-8A7D-8D748F58E7A3}.Debug|Any CPU.ActiveCfg = Debug|Any CPU
		{42A388A2-B797-4335-8A7D-8D748F58E7A3}.Debug|Any CPU.Build.0 = Debug|Any CPU
		{42A388A2-B797-4335-8A7D-8D748F58E7A3}.Release|Any CPU.ActiveCfg = Release|Any CPU
		{42A388A2-B797-4335-8A7D-8D748F58E7A3}.Release|Any CPU.Build.0 = Release|Any CPU
		{7A7CE935-5AF5-477E-A361-C8AB18C4FBED}.Debug|Any CPU.ActiveCfg = Debug|Any CPU
		{7A7CE935-5AF5-477E-A361-C8AB18C4FBED}.Debug|Any CPU.Build.0 = Debug|Any CPU
		{7A7CE935-5AF5-477E-A361-C8AB18C4FBED}.Release|Any CPU.ActiveCfg = Release|Any CPU
		{7A7CE935-5AF5-477E-A361-C8AB18C4FBED}.Release|Any CPU.Build.0 = Release|Any CPU
		{7E8031E5-4C29-414B-AE91-A1FD3081188A}.Debug|Any CPU.ActiveCfg = Debug|Any CPU
		{7E8031E5-4C29-414B-AE91-A1FD3081188A}.Debug|Any CPU.Build.0 = Debug|Any CPU
		{7E8031E5-4C29-414B-AE91-A1FD3081188A}.Release|Any CPU.ActiveCfg = Release|Any CPU
		{7E8031E5-4C29-414B-AE91-A1FD3081188A}.Release|Any CPU.Build.0 = Release|Any CPU
		{152AFD98-0CF6-4FC2-BCD4-2172A1C607BE}.Debug|Any CPU.ActiveCfg = Debug|Any CPU
		{152AFD98-0CF6-4FC2-BCD4-2172A1C607BE}.Debug|Any CPU.Build.0 = Debug|Any CPU
		{152AFD98-0CF6-4FC2-BCD4-2172A1C607BE}.Release|Any CPU.ActiveCfg = Release|Any CPU
		{152AFD98-0CF6-4FC2-BCD4-2172A1C607BE}.Release|Any CPU.Build.0 = Release|Any CPU
		{BBD4CBBE-4723-4F98-98EE-E69AFEEBC17C}.Debug|Any CPU.ActiveCfg = Debug|Any CPU
		{BBD4CBBE-4723-4F98-98EE-E69AFEEBC17C}.Debug|Any CPU.Build.0 = Debug|Any CPU
		{BBD4CBBE-4723-4F98-98EE-E69AFEEBC17C}.Release|Any CPU.ActiveCfg = Release|Any CPU
		{BBD4CBBE-4723-4F98-98EE-E69AFEEBC17C}.Release|Any CPU.Build.0 = Release|Any CPU
		{B3F66E23-58E9-452B-91A9-3D060368A256}.Debug|Any CPU.ActiveCfg = Debug|Any CPU
		{B3F66E23-58E9-452B-91A9-3D060368A256}.Debug|Any CPU.Build.0 = Debug|Any CPU
		{B3F66E23-58E9-452B-91A9-3D060368A256}.Release|Any CPU.ActiveCfg = Release|Any CPU
		{B3F66E23-58E9-452B-91A9-3D060368A256}.Release|Any CPU.Build.0 = Release|Any CPU
		{A98587C7-C359-4CDC-81A2-D1353BC7A412}.Debug|Any CPU.ActiveCfg = Debug|Any CPU
		{A98587C7-C359-4CDC-81A2-D1353BC7A412}.Debug|Any CPU.Build.0 = Debug|Any CPU
		{A98587C7-C359-4CDC-81A2-D1353BC7A412}.Release|Any CPU.ActiveCfg = Release|Any CPU
		{A98587C7-C359-4CDC-81A2-D1353BC7A412}.Release|Any CPU.Build.0 = Release|Any CPU
		{F621C45A-7F80-4978-ACF6-97819331DF10}.Debug|Any CPU.ActiveCfg = Debug|Any CPU
		{F621C45A-7F80-4978-ACF6-97819331DF10}.Debug|Any CPU.Build.0 = Debug|Any CPU
		{F621C45A-7F80-4978-ACF6-97819331DF10}.Release|Any CPU.ActiveCfg = Release|Any CPU
		{F621C45A-7F80-4978-ACF6-97819331DF10}.Release|Any CPU.Build.0 = Release|Any CPU
		{57A37165-4351-4B83-A2DA-EA3E3593BB92}.Debug|Any CPU.ActiveCfg = Debug|Any CPU
		{57A37165-4351-4B83-A2DA-EA3E3593BB92}.Debug|Any CPU.Build.0 = Debug|Any CPU
		{57A37165-4351-4B83-A2DA-EA3E3593BB92}.Release|Any CPU.ActiveCfg = Release|Any CPU
		{57A37165-4351-4B83-A2DA-EA3E3593BB92}.Release|Any CPU.Build.0 = Release|Any CPU
		{F4F57D13-2835-481A-AAAA-ECA8D6F95979}.Debug|Any CPU.ActiveCfg = Debug|Any CPU
		{F4F57D13-2835-481A-AAAA-ECA8D6F95979}.Debug|Any CPU.Build.0 = Debug|Any CPU
		{F4F57D13-2835-481A-AAAA-ECA8D6F95979}.Release|Any CPU.ActiveCfg = Release|Any CPU
		{F4F57D13-2835-481A-AAAA-ECA8D6F95979}.Release|Any CPU.Build.0 = Release|Any CPU
		{4F90976B-2DB2-40E0-BFAE-643A59F40212}.Debug|Any CPU.ActiveCfg = Debug|Any CPU
		{4F90976B-2DB2-40E0-BFAE-643A59F40212}.Debug|Any CPU.Build.0 = Debug|Any CPU
		{4F90976B-2DB2-40E0-BFAE-643A59F40212}.Release|Any CPU.ActiveCfg = Release|Any CPU
		{4F90976B-2DB2-40E0-BFAE-643A59F40212}.Release|Any CPU.Build.0 = Release|Any CPU
		{F61B65E7-2B24-44D8-8916-F223C15BB703}.Debug|Any CPU.ActiveCfg = Debug|Any CPU
		{F61B65E7-2B24-44D8-8916-F223C15BB703}.Debug|Any CPU.Build.0 = Debug|Any CPU
		{F61B65E7-2B24-44D8-8916-F223C15BB703}.Release|Any CPU.ActiveCfg = Release|Any CPU
		{F61B65E7-2B24-44D8-8916-F223C15BB703}.Release|Any CPU.Build.0 = Release|Any CPU
		{0FC4551D-9532-419A-B824-D11FCA9F85D9}.Debug|Any CPU.ActiveCfg = Debug|Any CPU
		{0FC4551D-9532-419A-B824-D11FCA9F85D9}.Debug|Any CPU.Build.0 = Debug|Any CPU
		{0FC4551D-9532-419A-B824-D11FCA9F85D9}.Release|Any CPU.ActiveCfg = Release|Any CPU
		{0FC4551D-9532-419A-B824-D11FCA9F85D9}.Release|Any CPU.Build.0 = Release|Any CPU
		{64218D78-731F-4D4E-926D-332B52EA9EE1}.Debug|Any CPU.ActiveCfg = Debug|Any CPU
		{64218D78-731F-4D4E-926D-332B52EA9EE1}.Debug|Any CPU.Build.0 = Debug|Any CPU
		{64218D78-731F-4D4E-926D-332B52EA9EE1}.Release|Any CPU.ActiveCfg = Release|Any CPU
		{64218D78-731F-4D4E-926D-332B52EA9EE1}.Release|Any CPU.Build.0 = Release|Any CPU
		{3D8F8805-0545-49F7-AB49-A022325CBF98}.Debug|Any CPU.ActiveCfg = Debug|Any CPU
		{3D8F8805-0545-49F7-AB49-A022325CBF98}.Debug|Any CPU.Build.0 = Debug|Any CPU
		{3D8F8805-0545-49F7-AB49-A022325CBF98}.Release|Any CPU.ActiveCfg = Release|Any CPU
		{3D8F8805-0545-49F7-AB49-A022325CBF98}.Release|Any CPU.Build.0 = Release|Any CPU
		{EB8C6F55-F4A6-4364-A1AF-BD51803D541A}.Debug|Any CPU.ActiveCfg = Debug|Any CPU
		{EB8C6F55-F4A6-4364-A1AF-BD51803D541A}.Debug|Any CPU.Build.0 = Debug|Any CPU
		{EB8C6F55-F4A6-4364-A1AF-BD51803D541A}.Release|Any CPU.ActiveCfg = Release|Any CPU
		{EB8C6F55-F4A6-4364-A1AF-BD51803D541A}.Release|Any CPU.Build.0 = Release|Any CPU
		{EA269D5A-CA28-49A2-A039-1134540E3A56}.Debug|Any CPU.ActiveCfg = Debug|Any CPU
		{EA269D5A-CA28-49A2-A039-1134540E3A56}.Debug|Any CPU.Build.0 = Debug|Any CPU
		{EA269D5A-CA28-49A2-A039-1134540E3A56}.Release|Any CPU.ActiveCfg = Release|Any CPU
		{EA269D5A-CA28-49A2-A039-1134540E3A56}.Release|Any CPU.Build.0 = Release|Any CPU
		{F5596630-8E7C-4BE6-A15E-5D0D172C91D6}.Debug|Any CPU.ActiveCfg = Debug|Any CPU
		{F5596630-8E7C-4BE6-A15E-5D0D172C91D6}.Debug|Any CPU.Build.0 = Debug|Any CPU
		{F5596630-8E7C-4BE6-A15E-5D0D172C91D6}.Release|Any CPU.ActiveCfg = Release|Any CPU
		{F5596630-8E7C-4BE6-A15E-5D0D172C91D6}.Release|Any CPU.Build.0 = Release|Any CPU
		{CA12242D-1F50-44BB-9972-D6C6609E4C37}.Debug|Any CPU.ActiveCfg = Debug|Any CPU
		{CA12242D-1F50-44BB-9972-D6C6609E4C37}.Debug|Any CPU.Build.0 = Debug|Any CPU
		{CA12242D-1F50-44BB-9972-D6C6609E4C37}.Release|Any CPU.ActiveCfg = Release|Any CPU
		{CA12242D-1F50-44BB-9972-D6C6609E4C37}.Release|Any CPU.Build.0 = Release|Any CPU
		{61171544-D948-43DF-ABF0-A9D5BED94CD1}.Debug|Any CPU.ActiveCfg = Debug|Any CPU
		{61171544-D948-43DF-ABF0-A9D5BED94CD1}.Debug|Any CPU.Build.0 = Debug|Any CPU
		{61171544-D948-43DF-ABF0-A9D5BED94CD1}.Release|Any CPU.ActiveCfg = Release|Any CPU
		{61171544-D948-43DF-ABF0-A9D5BED94CD1}.Release|Any CPU.Build.0 = Release|Any CPU
		{9095FD2B-8206-43E7-AD22-B58F1681DEF9}.Debug|Any CPU.ActiveCfg = Debug|Any CPU
		{9095FD2B-8206-43E7-AD22-B58F1681DEF9}.Debug|Any CPU.Build.0 = Debug|Any CPU
		{9095FD2B-8206-43E7-AD22-B58F1681DEF9}.Release|Any CPU.ActiveCfg = Release|Any CPU
		{9095FD2B-8206-43E7-AD22-B58F1681DEF9}.Release|Any CPU.Build.0 = Release|Any CPU
		{51A830E4-6BEB-4D64-9870-2A724CCD1C51}.Debug|Any CPU.ActiveCfg = Debug|Any CPU
		{51A830E4-6BEB-4D64-9870-2A724CCD1C51}.Debug|Any CPU.Build.0 = Debug|Any CPU
		{51A830E4-6BEB-4D64-9870-2A724CCD1C51}.Release|Any CPU.ActiveCfg = Release|Any CPU
		{51A830E4-6BEB-4D64-9870-2A724CCD1C51}.Release|Any CPU.Build.0 = Release|Any CPU
		{F6CC3697-FA09-41D6-8A73-2AA1B13C7B7B}.Debug|Any CPU.ActiveCfg = Debug|Any CPU
		{F6CC3697-FA09-41D6-8A73-2AA1B13C7B7B}.Debug|Any CPU.Build.0 = Debug|Any CPU
		{F6CC3697-FA09-41D6-8A73-2AA1B13C7B7B}.Release|Any CPU.ActiveCfg = Release|Any CPU
		{F6CC3697-FA09-41D6-8A73-2AA1B13C7B7B}.Release|Any CPU.Build.0 = Release|Any CPU
		{910BB4E8-B7E8-4B17-88C6-6E6470160037}.Debug|Any CPU.ActiveCfg = Debug|Any CPU
		{910BB4E8-B7E8-4B17-88C6-6E6470160037}.Debug|Any CPU.Build.0 = Debug|Any CPU
		{910BB4E8-B7E8-4B17-88C6-6E6470160037}.Release|Any CPU.ActiveCfg = Release|Any CPU
		{910BB4E8-B7E8-4B17-88C6-6E6470160037}.Release|Any CPU.Build.0 = Release|Any CPU
		{50AA5E0A-2D74-47F6-8790-00C42E96106D}.Debug|Any CPU.ActiveCfg = Debug|Any CPU
		{50AA5E0A-2D74-47F6-8790-00C42E96106D}.Debug|Any CPU.Build.0 = Debug|Any CPU
		{50AA5E0A-2D74-47F6-8790-00C42E96106D}.Release|Any CPU.ActiveCfg = Release|Any CPU
		{50AA5E0A-2D74-47F6-8790-00C42E96106D}.Release|Any CPU.Build.0 = Release|Any CPU
		{B10B5290-09A5-44A8-8B8F-0A1542E26EBD}.Debug|Any CPU.ActiveCfg = Debug|Any CPU
		{B10B5290-09A5-44A8-8B8F-0A1542E26EBD}.Debug|Any CPU.Build.0 = Debug|Any CPU
		{B10B5290-09A5-44A8-8B8F-0A1542E26EBD}.Release|Any CPU.ActiveCfg = Release|Any CPU
		{B10B5290-09A5-44A8-8B8F-0A1542E26EBD}.Release|Any CPU.Build.0 = Release|Any CPU
		{1238D5F8-8E21-4D55-AFB0-50EF356D37C1}.Debug|Any CPU.ActiveCfg = Debug|Any CPU
		{1238D5F8-8E21-4D55-AFB0-50EF356D37C1}.Debug|Any CPU.Build.0 = Debug|Any CPU
		{1238D5F8-8E21-4D55-AFB0-50EF356D37C1}.Release|Any CPU.ActiveCfg = Release|Any CPU
		{1238D5F8-8E21-4D55-AFB0-50EF356D37C1}.Release|Any CPU.Build.0 = Release|Any CPU
		{BE237E2F-1AE1-4585-A098-723C487F3876}.Debug|Any CPU.ActiveCfg = Debug|Any CPU
		{BE237E2F-1AE1-4585-A098-723C487F3876}.Debug|Any CPU.Build.0 = Debug|Any CPU
		{BE237E2F-1AE1-4585-A098-723C487F3876}.Release|Any CPU.ActiveCfg = Release|Any CPU
		{BE237E2F-1AE1-4585-A098-723C487F3876}.Release|Any CPU.Build.0 = Release|Any CPU
		{C372C15B-0AC3-4EE3-AE0D-43032E591862}.Debug|Any CPU.ActiveCfg = Debug|Any CPU
		{C372C15B-0AC3-4EE3-AE0D-43032E591862}.Debug|Any CPU.Build.0 = Debug|Any CPU
		{C372C15B-0AC3-4EE3-AE0D-43032E591862}.Release|Any CPU.ActiveCfg = Release|Any CPU
		{C372C15B-0AC3-4EE3-AE0D-43032E591862}.Release|Any CPU.Build.0 = Release|Any CPU
		{163CC1D2-9FB3-407F-85D4-0A06565F3FEB}.Debug|Any CPU.ActiveCfg = Debug|Any CPU
		{163CC1D2-9FB3-407F-85D4-0A06565F3FEB}.Debug|Any CPU.Build.0 = Debug|Any CPU
		{163CC1D2-9FB3-407F-85D4-0A06565F3FEB}.Release|Any CPU.ActiveCfg = Release|Any CPU
		{163CC1D2-9FB3-407F-85D4-0A06565F3FEB}.Release|Any CPU.Build.0 = Release|Any CPU
		{B772C005-BBFC-4827-8766-880D9CE04182}.Debug|Any CPU.ActiveCfg = Debug|Any CPU
		{B772C005-BBFC-4827-8766-880D9CE04182}.Debug|Any CPU.Build.0 = Debug|Any CPU
		{B772C005-BBFC-4827-8766-880D9CE04182}.Release|Any CPU.ActiveCfg = Release|Any CPU
		{B772C005-BBFC-4827-8766-880D9CE04182}.Release|Any CPU.Build.0 = Release|Any CPU
		{C4185E91-C0C2-4F9A-BCC7-A73765D958BE}.Debug|Any CPU.ActiveCfg = Debug|Any CPU
		{C4185E91-C0C2-4F9A-BCC7-A73765D958BE}.Debug|Any CPU.Build.0 = Debug|Any CPU
		{C4185E91-C0C2-4F9A-BCC7-A73765D958BE}.Release|Any CPU.ActiveCfg = Release|Any CPU
		{C4185E91-C0C2-4F9A-BCC7-A73765D958BE}.Release|Any CPU.Build.0 = Release|Any CPU
		{73480529-797F-4CFC-9440-9F44B4F461A3}.Debug|Any CPU.ActiveCfg = Debug|Any CPU
		{73480529-797F-4CFC-9440-9F44B4F461A3}.Debug|Any CPU.Build.0 = Debug|Any CPU
		{73480529-797F-4CFC-9440-9F44B4F461A3}.Release|Any CPU.ActiveCfg = Release|Any CPU
		{73480529-797F-4CFC-9440-9F44B4F461A3}.Release|Any CPU.Build.0 = Release|Any CPU
		{D7C01B1B-ADA2-4BDE-A5F1-4DCBACE48274}.Debug|Any CPU.ActiveCfg = Debug|Any CPU
		{D7C01B1B-ADA2-4BDE-A5F1-4DCBACE48274}.Debug|Any CPU.Build.0 = Debug|Any CPU
		{D7C01B1B-ADA2-4BDE-A5F1-4DCBACE48274}.Release|Any CPU.ActiveCfg = Release|Any CPU
		{D7C01B1B-ADA2-4BDE-A5F1-4DCBACE48274}.Release|Any CPU.Build.0 = Release|Any CPU
		{1C7A507E-A4AC-4B3D-A514-D225FE77009A}.Debug|Any CPU.ActiveCfg = Debug|Any CPU
		{1C7A507E-A4AC-4B3D-A514-D225FE77009A}.Debug|Any CPU.Build.0 = Debug|Any CPU
		{1C7A507E-A4AC-4B3D-A514-D225FE77009A}.Release|Any CPU.ActiveCfg = Release|Any CPU
		{1C7A507E-A4AC-4B3D-A514-D225FE77009A}.Release|Any CPU.Build.0 = Release|Any CPU
		{5E224F2B-B165-46A4-83F1-504AB98221A2}.Debug|Any CPU.ActiveCfg = Debug|Any CPU
		{5E224F2B-B165-46A4-83F1-504AB98221A2}.Debug|Any CPU.Build.0 = Debug|Any CPU
		{5E224F2B-B165-46A4-83F1-504AB98221A2}.Release|Any CPU.ActiveCfg = Release|Any CPU
		{5E224F2B-B165-46A4-83F1-504AB98221A2}.Release|Any CPU.Build.0 = Release|Any CPU
		{BC10AFCA-0B79-4FDE-B04E-E1C39AEF9245}.Debug|Any CPU.ActiveCfg = Debug|Any CPU
		{BC10AFCA-0B79-4FDE-B04E-E1C39AEF9245}.Debug|Any CPU.Build.0 = Debug|Any CPU
		{BC10AFCA-0B79-4FDE-B04E-E1C39AEF9245}.Release|Any CPU.ActiveCfg = Release|Any CPU
		{BC10AFCA-0B79-4FDE-B04E-E1C39AEF9245}.Release|Any CPU.Build.0 = Release|Any CPU
		{543BDE83-6FE6-409A-AE9E-72D41EAC98F8}.Debug|Any CPU.ActiveCfg = Debug|Any CPU
		{543BDE83-6FE6-409A-AE9E-72D41EAC98F8}.Debug|Any CPU.Build.0 = Debug|Any CPU
		{543BDE83-6FE6-409A-AE9E-72D41EAC98F8}.Release|Any CPU.ActiveCfg = Release|Any CPU
		{543BDE83-6FE6-409A-AE9E-72D41EAC98F8}.Release|Any CPU.Build.0 = Release|Any CPU
		{2D140C02-1BDF-4BFD-8D26-18D29EA08889}.Debug|Any CPU.ActiveCfg = Debug|Any CPU
		{2D140C02-1BDF-4BFD-8D26-18D29EA08889}.Debug|Any CPU.Build.0 = Debug|Any CPU
		{2D140C02-1BDF-4BFD-8D26-18D29EA08889}.Release|Any CPU.ActiveCfg = Release|Any CPU
		{2D140C02-1BDF-4BFD-8D26-18D29EA08889}.Release|Any CPU.Build.0 = Release|Any CPU
		{EED9098D-B5A7-465A-88BC-FEC995B586C4}.Debug|Any CPU.ActiveCfg = Debug|Any CPU
		{EED9098D-B5A7-465A-88BC-FEC995B586C4}.Debug|Any CPU.Build.0 = Debug|Any CPU
		{EED9098D-B5A7-465A-88BC-FEC995B586C4}.Release|Any CPU.ActiveCfg = Release|Any CPU
		{EED9098D-B5A7-465A-88BC-FEC995B586C4}.Release|Any CPU.Build.0 = Release|Any CPU
		{E9BF9750-8652-48F7-9DBF-B3357CD76E36}.Debug|Any CPU.ActiveCfg = Debug|Any CPU
		{E9BF9750-8652-48F7-9DBF-B3357CD76E36}.Debug|Any CPU.Build.0 = Debug|Any CPU
		{E9BF9750-8652-48F7-9DBF-B3357CD76E36}.Release|Any CPU.ActiveCfg = Release|Any CPU
		{E9BF9750-8652-48F7-9DBF-B3357CD76E36}.Release|Any CPU.Build.0 = Release|Any CPU
		{8FE9A3CA-1EC4-45A4-9448-01CD37E0414F}.Debug|Any CPU.ActiveCfg = Debug|Any CPU
		{8FE9A3CA-1EC4-45A4-9448-01CD37E0414F}.Debug|Any CPU.Build.0 = Debug|Any CPU
		{8FE9A3CA-1EC4-45A4-9448-01CD37E0414F}.Release|Any CPU.ActiveCfg = Release|Any CPU
		{8FE9A3CA-1EC4-45A4-9448-01CD37E0414F}.Release|Any CPU.Build.0 = Release|Any CPU
		{35D230C5-073A-44E7-AB18-2EFB6D90EDE2}.Debug|Any CPU.ActiveCfg = Debug|Any CPU
		{35D230C5-073A-44E7-AB18-2EFB6D90EDE2}.Debug|Any CPU.Build.0 = Debug|Any CPU
		{35D230C5-073A-44E7-AB18-2EFB6D90EDE2}.Release|Any CPU.ActiveCfg = Release|Any CPU
		{35D230C5-073A-44E7-AB18-2EFB6D90EDE2}.Release|Any CPU.Build.0 = Release|Any CPU
		{EA37054F-F44F-4337-817E-999552BF9838}.Debug|Any CPU.ActiveCfg = Debug|Any CPU
		{EA37054F-F44F-4337-817E-999552BF9838}.Debug|Any CPU.Build.0 = Debug|Any CPU
		{EA37054F-F44F-4337-817E-999552BF9838}.Release|Any CPU.ActiveCfg = Release|Any CPU
		{EA37054F-F44F-4337-817E-999552BF9838}.Release|Any CPU.Build.0 = Release|Any CPU
		{E022C5DE-27AD-4BEC-BF94-9C71089B9641}.Debug|Any CPU.ActiveCfg = Debug|Any CPU
		{E022C5DE-27AD-4BEC-BF94-9C71089B9641}.Debug|Any CPU.Build.0 = Debug|Any CPU
		{E022C5DE-27AD-4BEC-BF94-9C71089B9641}.Release|Any CPU.ActiveCfg = Release|Any CPU
		{E022C5DE-27AD-4BEC-BF94-9C71089B9641}.Release|Any CPU.Build.0 = Release|Any CPU
		{6861CC5F-837B-4826-8115-7EAAD3D873EA}.Debug|Any CPU.ActiveCfg = Debug|Any CPU
		{6861CC5F-837B-4826-8115-7EAAD3D873EA}.Debug|Any CPU.Build.0 = Debug|Any CPU
		{6861CC5F-837B-4826-8115-7EAAD3D873EA}.Release|Any CPU.ActiveCfg = Release|Any CPU
		{6861CC5F-837B-4826-8115-7EAAD3D873EA}.Release|Any CPU.Build.0 = Release|Any CPU
		{1E14E18C-3B43-403B-917B-E4E766C95C48}.Debug|Any CPU.ActiveCfg = Debug|Any CPU
		{1E14E18C-3B43-403B-917B-E4E766C95C48}.Debug|Any CPU.Build.0 = Debug|Any CPU
		{1E14E18C-3B43-403B-917B-E4E766C95C48}.Release|Any CPU.ActiveCfg = Release|Any CPU
		{1E14E18C-3B43-403B-917B-E4E766C95C48}.Release|Any CPU.Build.0 = Release|Any CPU
		{0272867A-BB11-43E2-8381-0007B0571000}.Debug|Any CPU.ActiveCfg = Debug|Any CPU
		{0272867A-BB11-43E2-8381-0007B0571000}.Debug|Any CPU.Build.0 = Debug|Any CPU
		{0272867A-BB11-43E2-8381-0007B0571000}.Release|Any CPU.ActiveCfg = Release|Any CPU
		{0272867A-BB11-43E2-8381-0007B0571000}.Release|Any CPU.Build.0 = Release|Any CPU
		{398F8B49-8CB3-45AD-899F-E3F0EE210ED3}.Debug|Any CPU.ActiveCfg = Debug|Any CPU
		{398F8B49-8CB3-45AD-899F-E3F0EE210ED3}.Debug|Any CPU.Build.0 = Debug|Any CPU
		{398F8B49-8CB3-45AD-899F-E3F0EE210ED3}.Release|Any CPU.ActiveCfg = Release|Any CPU
		{398F8B49-8CB3-45AD-899F-E3F0EE210ED3}.Release|Any CPU.Build.0 = Release|Any CPU
		{E45FE2D4-F0F8-41B8-AE37-D319FD863011}.Debug|Any CPU.ActiveCfg = Debug|Any CPU
		{E45FE2D4-F0F8-41B8-AE37-D319FD863011}.Debug|Any CPU.Build.0 = Debug|Any CPU
		{E45FE2D4-F0F8-41B8-AE37-D319FD863011}.Release|Any CPU.ActiveCfg = Release|Any CPU
		{E45FE2D4-F0F8-41B8-AE37-D319FD863011}.Release|Any CPU.Build.0 = Release|Any CPU
		{D9853011-BE66-4037-ADD5-34BFBAC9D029}.Debug|Any CPU.ActiveCfg = Debug|Any CPU
		{D9853011-BE66-4037-ADD5-34BFBAC9D029}.Debug|Any CPU.Build.0 = Debug|Any CPU
		{D9853011-BE66-4037-ADD5-34BFBAC9D029}.Release|Any CPU.ActiveCfg = Release|Any CPU
		{D9853011-BE66-4037-ADD5-34BFBAC9D029}.Release|Any CPU.Build.0 = Release|Any CPU
		{927A3EF2-EAD3-4186-965F-D5C0336BEC19}.Debug|Any CPU.ActiveCfg = Debug|Any CPU
		{927A3EF2-EAD3-4186-965F-D5C0336BEC19}.Debug|Any CPU.Build.0 = Debug|Any CPU
		{927A3EF2-EAD3-4186-965F-D5C0336BEC19}.Release|Any CPU.ActiveCfg = Release|Any CPU
		{927A3EF2-EAD3-4186-965F-D5C0336BEC19}.Release|Any CPU.Build.0 = Release|Any CPU
		{A36350E5-7DA4-411E-9FB0-3FAD994091F5}.Debug|Any CPU.ActiveCfg = Debug|Any CPU
		{A36350E5-7DA4-411E-9FB0-3FAD994091F5}.Debug|Any CPU.Build.0 = Debug|Any CPU
		{A36350E5-7DA4-411E-9FB0-3FAD994091F5}.Release|Any CPU.ActiveCfg = Release|Any CPU
		{A36350E5-7DA4-411E-9FB0-3FAD994091F5}.Release|Any CPU.Build.0 = Release|Any CPU
		{C237A490-3B9C-4F9C-8106-072337B29367}.Debug|Any CPU.ActiveCfg = Debug|Any CPU
		{C237A490-3B9C-4F9C-8106-072337B29367}.Debug|Any CPU.Build.0 = Debug|Any CPU
		{C237A490-3B9C-4F9C-8106-072337B29367}.Release|Any CPU.ActiveCfg = Release|Any CPU
		{C237A490-3B9C-4F9C-8106-072337B29367}.Release|Any CPU.Build.0 = Release|Any CPU
		{69DB4D26-B951-4800-ACEC-E5F0229E70EA}.Debug|Any CPU.ActiveCfg = Debug|Any CPU
		{69DB4D26-B951-4800-ACEC-E5F0229E70EA}.Debug|Any CPU.Build.0 = Debug|Any CPU
		{69DB4D26-B951-4800-ACEC-E5F0229E70EA}.Release|Any CPU.ActiveCfg = Release|Any CPU
		{69DB4D26-B951-4800-ACEC-E5F0229E70EA}.Release|Any CPU.Build.0 = Release|Any CPU
		{3500B291-5411-4C3D-B4C9-C8E6A950484A}.Debug|Any CPU.ActiveCfg = Debug|Any CPU
		{3500B291-5411-4C3D-B4C9-C8E6A950484A}.Debug|Any CPU.Build.0 = Debug|Any CPU
		{3500B291-5411-4C3D-B4C9-C8E6A950484A}.Release|Any CPU.ActiveCfg = Release|Any CPU
		{3500B291-5411-4C3D-B4C9-C8E6A950484A}.Release|Any CPU.Build.0 = Release|Any CPU
		{69002E71-B9F5-4540-95BB-BD90E513FD0F}.Debug|Any CPU.ActiveCfg = Debug|Any CPU
		{69002E71-B9F5-4540-95BB-BD90E513FD0F}.Debug|Any CPU.Build.0 = Debug|Any CPU
		{69002E71-B9F5-4540-95BB-BD90E513FD0F}.Release|Any CPU.ActiveCfg = Release|Any CPU
		{69002E71-B9F5-4540-95BB-BD90E513FD0F}.Release|Any CPU.Build.0 = Release|Any CPU
		{4801B776-191A-4315-8922-BF9B527FD39B}.Debug|Any CPU.ActiveCfg = Debug|Any CPU
		{4801B776-191A-4315-8922-BF9B527FD39B}.Debug|Any CPU.Build.0 = Debug|Any CPU
		{4801B776-191A-4315-8922-BF9B527FD39B}.Release|Any CPU.ActiveCfg = Release|Any CPU
		{4801B776-191A-4315-8922-BF9B527FD39B}.Release|Any CPU.Build.0 = Release|Any CPU
		{DC25D634-0D06-4DAA-A95B-E94AE4F43634}.Debug|Any CPU.ActiveCfg = Debug|Any CPU
		{DC25D634-0D06-4DAA-A95B-E94AE4F43634}.Debug|Any CPU.Build.0 = Debug|Any CPU
		{DC25D634-0D06-4DAA-A95B-E94AE4F43634}.Release|Any CPU.ActiveCfg = Release|Any CPU
		{DC25D634-0D06-4DAA-A95B-E94AE4F43634}.Release|Any CPU.Build.0 = Release|Any CPU
		{80D6A1BA-280C-420A-8B0D-8812B49E43A3}.Debug|Any CPU.ActiveCfg = Debug|Any CPU
		{80D6A1BA-280C-420A-8B0D-8812B49E43A3}.Debug|Any CPU.Build.0 = Debug|Any CPU
		{80D6A1BA-280C-420A-8B0D-8812B49E43A3}.Release|Any CPU.ActiveCfg = Release|Any CPU
		{80D6A1BA-280C-420A-8B0D-8812B49E43A3}.Release|Any CPU.Build.0 = Release|Any CPU
		{D67FD116-DFE2-4AEC-9ED8-F522D690D91F}.Debug|Any CPU.ActiveCfg = Debug|Any CPU
		{D67FD116-DFE2-4AEC-9ED8-F522D690D91F}.Debug|Any CPU.Build.0 = Debug|Any CPU
		{D67FD116-DFE2-4AEC-9ED8-F522D690D91F}.Release|Any CPU.ActiveCfg = Release|Any CPU
		{D67FD116-DFE2-4AEC-9ED8-F522D690D91F}.Release|Any CPU.Build.0 = Release|Any CPU
		{1F919C43-813F-468F-84F0-91D731703238}.Debug|Any CPU.ActiveCfg = Debug|Any CPU
		{1F919C43-813F-468F-84F0-91D731703238}.Debug|Any CPU.Build.0 = Debug|Any CPU
		{1F919C43-813F-468F-84F0-91D731703238}.Release|Any CPU.ActiveCfg = Release|Any CPU
		{1F919C43-813F-468F-84F0-91D731703238}.Release|Any CPU.Build.0 = Release|Any CPU
		{BA9CD4BE-A74C-468E-BBA1-B52E50BABB67}.Debug|Any CPU.ActiveCfg = Debug|Any CPU
		{BA9CD4BE-A74C-468E-BBA1-B52E50BABB67}.Debug|Any CPU.Build.0 = Debug|Any CPU
		{BA9CD4BE-A74C-468E-BBA1-B52E50BABB67}.Release|Any CPU.ActiveCfg = Release|Any CPU
		{BA9CD4BE-A74C-468E-BBA1-B52E50BABB67}.Release|Any CPU.Build.0 = Release|Any CPU
		{8B247106-FED5-47C7-9F53-E8E18B58D44D}.Debug|Any CPU.ActiveCfg = Debug|Any CPU
		{8B247106-FED5-47C7-9F53-E8E18B58D44D}.Debug|Any CPU.Build.0 = Debug|Any CPU
		{8B247106-FED5-47C7-9F53-E8E18B58D44D}.Release|Any CPU.ActiveCfg = Release|Any CPU
		{8B247106-FED5-47C7-9F53-E8E18B58D44D}.Release|Any CPU.Build.0 = Release|Any CPU
		{FC21FC27-C209-4CDD-9682-B0EEAC4AAAC2}.Debug|Any CPU.ActiveCfg = Debug|Any CPU
		{FC21FC27-C209-4CDD-9682-B0EEAC4AAAC2}.Debug|Any CPU.Build.0 = Debug|Any CPU
		{FC21FC27-C209-4CDD-9682-B0EEAC4AAAC2}.Release|Any CPU.ActiveCfg = Release|Any CPU
		{FC21FC27-C209-4CDD-9682-B0EEAC4AAAC2}.Release|Any CPU.Build.0 = Release|Any CPU
		{DE22FA64-EBE4-4743-A35B-172FE6516393}.Debug|Any CPU.ActiveCfg = Debug|Any CPU
		{DE22FA64-EBE4-4743-A35B-172FE6516393}.Debug|Any CPU.Build.0 = Debug|Any CPU
		{DE22FA64-EBE4-4743-A35B-172FE6516393}.Release|Any CPU.ActiveCfg = Release|Any CPU
		{DE22FA64-EBE4-4743-A35B-172FE6516393}.Release|Any CPU.Build.0 = Release|Any CPU
		{AB66AF56-E08C-4E2D-9DCC-AC8919B575E5}.Debug|Any CPU.ActiveCfg = Debug|Any CPU
		{AB66AF56-E08C-4E2D-9DCC-AC8919B575E5}.Debug|Any CPU.Build.0 = Debug|Any CPU
		{AB66AF56-E08C-4E2D-9DCC-AC8919B575E5}.Release|Any CPU.ActiveCfg = Release|Any CPU
		{AB66AF56-E08C-4E2D-9DCC-AC8919B575E5}.Release|Any CPU.Build.0 = Release|Any CPU
		{5300C78A-F2DB-412B-AEA3-5B26CA856C1A}.Debug|Any CPU.ActiveCfg = Debug|Any CPU
		{5300C78A-F2DB-412B-AEA3-5B26CA856C1A}.Debug|Any CPU.Build.0 = Debug|Any CPU
		{5300C78A-F2DB-412B-AEA3-5B26CA856C1A}.Release|Any CPU.ActiveCfg = Release|Any CPU
		{5300C78A-F2DB-412B-AEA3-5B26CA856C1A}.Release|Any CPU.Build.0 = Release|Any CPU
		{725F56F1-7B31-40ED-A587-A42649EE42D9}.Debug|Any CPU.ActiveCfg = Debug|Any CPU
		{725F56F1-7B31-40ED-A587-A42649EE42D9}.Debug|Any CPU.Build.0 = Debug|Any CPU
		{725F56F1-7B31-40ED-A587-A42649EE42D9}.Release|Any CPU.ActiveCfg = Release|Any CPU
		{725F56F1-7B31-40ED-A587-A42649EE42D9}.Release|Any CPU.Build.0 = Release|Any CPU
		{BC62E1D5-5EDE-4A34-9865-80FAA6007942}.Debug|Any CPU.ActiveCfg = Debug|Any CPU
		{BC62E1D5-5EDE-4A34-9865-80FAA6007942}.Debug|Any CPU.Build.0 = Debug|Any CPU
		{BC62E1D5-5EDE-4A34-9865-80FAA6007942}.Release|Any CPU.ActiveCfg = Release|Any CPU
		{BC62E1D5-5EDE-4A34-9865-80FAA6007942}.Release|Any CPU.Build.0 = Release|Any CPU
		{E32C476D-E410-43BB-9CFF-B453308FB5FF}.Debug|Any CPU.ActiveCfg = Debug|Any CPU
		{E32C476D-E410-43BB-9CFF-B453308FB5FF}.Debug|Any CPU.Build.0 = Debug|Any CPU
		{E32C476D-E410-43BB-9CFF-B453308FB5FF}.Release|Any CPU.ActiveCfg = Release|Any CPU
		{E32C476D-E410-43BB-9CFF-B453308FB5FF}.Release|Any CPU.Build.0 = Release|Any CPU
		{7EC80836-BF46-437B-8238-767717BB13E1}.Debug|Any CPU.ActiveCfg = Debug|Any CPU
		{7EC80836-BF46-437B-8238-767717BB13E1}.Debug|Any CPU.Build.0 = Debug|Any CPU
		{7EC80836-BF46-437B-8238-767717BB13E1}.Release|Any CPU.ActiveCfg = Release|Any CPU
		{7EC80836-BF46-437B-8238-767717BB13E1}.Release|Any CPU.Build.0 = Release|Any CPU
		{16A03E19-9697-4B49-93DF-15D948D3879D}.Debug|Any CPU.ActiveCfg = Debug|Any CPU
		{16A03E19-9697-4B49-93DF-15D948D3879D}.Debug|Any CPU.Build.0 = Debug|Any CPU
		{16A03E19-9697-4B49-93DF-15D948D3879D}.Release|Any CPU.ActiveCfg = Release|Any CPU
		{16A03E19-9697-4B49-93DF-15D948D3879D}.Release|Any CPU.Build.0 = Release|Any CPU
		{FA9574F6-F9E5-4DCE-9BC7-6501DE100BCF}.Debug|Any CPU.ActiveCfg = Debug|Any CPU
		{FA9574F6-F9E5-4DCE-9BC7-6501DE100BCF}.Debug|Any CPU.Build.0 = Debug|Any CPU
		{FA9574F6-F9E5-4DCE-9BC7-6501DE100BCF}.Release|Any CPU.ActiveCfg = Release|Any CPU
		{FA9574F6-F9E5-4DCE-9BC7-6501DE100BCF}.Release|Any CPU.Build.0 = Release|Any CPU
		{9CD1BFF9-9AAD-4F7C-99F5-0E04C07CFC22}.Debug|Any CPU.ActiveCfg = Debug|Any CPU
		{9CD1BFF9-9AAD-4F7C-99F5-0E04C07CFC22}.Debug|Any CPU.Build.0 = Debug|Any CPU
		{9CD1BFF9-9AAD-4F7C-99F5-0E04C07CFC22}.Release|Any CPU.ActiveCfg = Release|Any CPU
		{9CD1BFF9-9AAD-4F7C-99F5-0E04C07CFC22}.Release|Any CPU.Build.0 = Release|Any CPU
		{A28D3081-C2EE-44FA-8A0F-00438E311B55}.Debug|Any CPU.ActiveCfg = Debug|Any CPU
		{A28D3081-C2EE-44FA-8A0F-00438E311B55}.Debug|Any CPU.Build.0 = Debug|Any CPU
		{A28D3081-C2EE-44FA-8A0F-00438E311B55}.Release|Any CPU.ActiveCfg = Release|Any CPU
		{A28D3081-C2EE-44FA-8A0F-00438E311B55}.Release|Any CPU.Build.0 = Release|Any CPU
		{C240DF19-3DC8-42AE-AEA2-D4EE54099BF1}.Debug|Any CPU.ActiveCfg = Debug|Any CPU
		{C240DF19-3DC8-42AE-AEA2-D4EE54099BF1}.Debug|Any CPU.Build.0 = Debug|Any CPU
		{C240DF19-3DC8-42AE-AEA2-D4EE54099BF1}.Release|Any CPU.ActiveCfg = Release|Any CPU
		{C240DF19-3DC8-42AE-AEA2-D4EE54099BF1}.Release|Any CPU.Build.0 = Release|Any CPU
		{F75ACF12-0421-4BF4-9A95-C1D8DB52DD6C}.Debug|Any CPU.ActiveCfg = Debug|Any CPU
		{F75ACF12-0421-4BF4-9A95-C1D8DB52DD6C}.Debug|Any CPU.Build.0 = Debug|Any CPU
		{F75ACF12-0421-4BF4-9A95-C1D8DB52DD6C}.Release|Any CPU.ActiveCfg = Release|Any CPU
		{F75ACF12-0421-4BF4-9A95-C1D8DB52DD6C}.Release|Any CPU.Build.0 = Release|Any CPU
		{E0B5293D-31E9-4E96-8A4A-878EB2FCAAF0}.Debug|Any CPU.ActiveCfg = Debug|Any CPU
		{E0B5293D-31E9-4E96-8A4A-878EB2FCAAF0}.Debug|Any CPU.Build.0 = Debug|Any CPU
		{E0B5293D-31E9-4E96-8A4A-878EB2FCAAF0}.Release|Any CPU.ActiveCfg = Release|Any CPU
		{E0B5293D-31E9-4E96-8A4A-878EB2FCAAF0}.Release|Any CPU.Build.0 = Release|Any CPU
		{7BA3DA83-18CA-4C5D-869A-AC29B5D09A03}.Debug|Any CPU.ActiveCfg = Debug|Any CPU
		{7BA3DA83-18CA-4C5D-869A-AC29B5D09A03}.Debug|Any CPU.Build.0 = Debug|Any CPU
		{7BA3DA83-18CA-4C5D-869A-AC29B5D09A03}.Release|Any CPU.ActiveCfg = Release|Any CPU
		{7BA3DA83-18CA-4C5D-869A-AC29B5D09A03}.Release|Any CPU.Build.0 = Release|Any CPU
		{515BFE18-EBF3-4958-8960-1C82D89690F2}.Debug|Any CPU.ActiveCfg = Debug|Any CPU
		{515BFE18-EBF3-4958-8960-1C82D89690F2}.Debug|Any CPU.Build.0 = Debug|Any CPU
		{515BFE18-EBF3-4958-8960-1C82D89690F2}.Release|Any CPU.ActiveCfg = Release|Any CPU
		{515BFE18-EBF3-4958-8960-1C82D89690F2}.Release|Any CPU.Build.0 = Release|Any CPU
		{810B50E3-640C-468A-8AB6-9E8D8BB2A104}.Debug|Any CPU.ActiveCfg = Debug|Any CPU
		{810B50E3-640C-468A-8AB6-9E8D8BB2A104}.Debug|Any CPU.Build.0 = Debug|Any CPU
		{810B50E3-640C-468A-8AB6-9E8D8BB2A104}.Release|Any CPU.ActiveCfg = Release|Any CPU
		{810B50E3-640C-468A-8AB6-9E8D8BB2A104}.Release|Any CPU.Build.0 = Release|Any CPU
		{F362622F-E3A0-4C50-B0BD-28BD3E7C0684}.Debug|Any CPU.ActiveCfg = Debug|Any CPU
		{F362622F-E3A0-4C50-B0BD-28BD3E7C0684}.Debug|Any CPU.Build.0 = Debug|Any CPU
		{F362622F-E3A0-4C50-B0BD-28BD3E7C0684}.Release|Any CPU.ActiveCfg = Release|Any CPU
		{F362622F-E3A0-4C50-B0BD-28BD3E7C0684}.Release|Any CPU.Build.0 = Release|Any CPU
		{25E6A33C-A5D8-4E1B-9F6B-19E4DEBA0A8F}.Debug|Any CPU.ActiveCfg = Debug|Any CPU
		{25E6A33C-A5D8-4E1B-9F6B-19E4DEBA0A8F}.Debug|Any CPU.Build.0 = Debug|Any CPU
		{25E6A33C-A5D8-4E1B-9F6B-19E4DEBA0A8F}.Release|Any CPU.ActiveCfg = Release|Any CPU
		{25E6A33C-A5D8-4E1B-9F6B-19E4DEBA0A8F}.Release|Any CPU.Build.0 = Release|Any CPU
		{4662F563-233B-4A6F-A9C6-DEBB99D6ECA8}.Debug|Any CPU.ActiveCfg = Debug|Any CPU
		{4662F563-233B-4A6F-A9C6-DEBB99D6ECA8}.Debug|Any CPU.Build.0 = Debug|Any CPU
		{4662F563-233B-4A6F-A9C6-DEBB99D6ECA8}.Release|Any CPU.ActiveCfg = Release|Any CPU
		{4662F563-233B-4A6F-A9C6-DEBB99D6ECA8}.Release|Any CPU.Build.0 = Release|Any CPU
		{B86832EA-8CC6-4796-AB21-F72C70D714E5}.Debug|Any CPU.ActiveCfg = Debug|Any CPU
		{B86832EA-8CC6-4796-AB21-F72C70D714E5}.Debug|Any CPU.Build.0 = Debug|Any CPU
		{B86832EA-8CC6-4796-AB21-F72C70D714E5}.Release|Any CPU.ActiveCfg = Release|Any CPU
		{B86832EA-8CC6-4796-AB21-F72C70D714E5}.Release|Any CPU.Build.0 = Release|Any CPU
		{5075AD93-7039-4E09-A80F-B0EC55258AC2}.Debug|Any CPU.ActiveCfg = Debug|Any CPU
		{5075AD93-7039-4E09-A80F-B0EC55258AC2}.Debug|Any CPU.Build.0 = Debug|Any CPU
		{5075AD93-7039-4E09-A80F-B0EC55258AC2}.Release|Any CPU.ActiveCfg = Release|Any CPU
		{5075AD93-7039-4E09-A80F-B0EC55258AC2}.Release|Any CPU.Build.0 = Release|Any CPU
		{8327982D-B578-4AF1-A6B3-4385814D6372}.Debug|Any CPU.ActiveCfg = Debug|Any CPU
		{8327982D-B578-4AF1-A6B3-4385814D6372}.Debug|Any CPU.Build.0 = Debug|Any CPU
		{8327982D-B578-4AF1-A6B3-4385814D6372}.Release|Any CPU.ActiveCfg = Release|Any CPU
		{8327982D-B578-4AF1-A6B3-4385814D6372}.Release|Any CPU.Build.0 = Release|Any CPU
		{9571BB34-AE5D-4516-9BBD-5229545C6FCB}.Debug|Any CPU.ActiveCfg = Debug|Any CPU
		{9571BB34-AE5D-4516-9BBD-5229545C6FCB}.Debug|Any CPU.Build.0 = Debug|Any CPU
		{9571BB34-AE5D-4516-9BBD-5229545C6FCB}.Release|Any CPU.ActiveCfg = Release|Any CPU
		{9571BB34-AE5D-4516-9BBD-5229545C6FCB}.Release|Any CPU.Build.0 = Release|Any CPU
		{B99B4DED-AB5D-4D9E-A444-84C5CAE99A79}.Debug|Any CPU.ActiveCfg = Debug|Any CPU
		{B99B4DED-AB5D-4D9E-A444-84C5CAE99A79}.Debug|Any CPU.Build.0 = Debug|Any CPU
		{B99B4DED-AB5D-4D9E-A444-84C5CAE99A79}.Release|Any CPU.ActiveCfg = Release|Any CPU
		{B99B4DED-AB5D-4D9E-A444-84C5CAE99A79}.Release|Any CPU.Build.0 = Release|Any CPU
		{55E76B7D-F4C9-42CA-922A-EFB55A4F75C2}.Debug|Any CPU.ActiveCfg = Debug|Any CPU
		{55E76B7D-F4C9-42CA-922A-EFB55A4F75C2}.Debug|Any CPU.Build.0 = Debug|Any CPU
		{55E76B7D-F4C9-42CA-922A-EFB55A4F75C2}.Release|Any CPU.ActiveCfg = Release|Any CPU
		{55E76B7D-F4C9-42CA-922A-EFB55A4F75C2}.Release|Any CPU.Build.0 = Release|Any CPU
		{A482C9D0-AB51-4BAD-AA60-75D6C89595DD}.Debug|Any CPU.ActiveCfg = Debug|Any CPU
		{A482C9D0-AB51-4BAD-AA60-75D6C89595DD}.Debug|Any CPU.Build.0 = Debug|Any CPU
		{A482C9D0-AB51-4BAD-AA60-75D6C89595DD}.Release|Any CPU.ActiveCfg = Release|Any CPU
		{A482C9D0-AB51-4BAD-AA60-75D6C89595DD}.Release|Any CPU.Build.0 = Release|Any CPU
		{4A0BB06C-C7A2-4F93-8DC5-2BB9295B353D}.Debug|Any CPU.ActiveCfg = Debug|Any CPU
		{4A0BB06C-C7A2-4F93-8DC5-2BB9295B353D}.Debug|Any CPU.Build.0 = Debug|Any CPU
		{4A0BB06C-C7A2-4F93-8DC5-2BB9295B353D}.Release|Any CPU.ActiveCfg = Release|Any CPU
		{4A0BB06C-C7A2-4F93-8DC5-2BB9295B353D}.Release|Any CPU.Build.0 = Release|Any CPU
		{1BEC01CA-4D94-44B0-BC6B-13C86BDB2A27}.Debug|Any CPU.ActiveCfg = Debug|Any CPU
		{1BEC01CA-4D94-44B0-BC6B-13C86BDB2A27}.Debug|Any CPU.Build.0 = Debug|Any CPU
		{1BEC01CA-4D94-44B0-BC6B-13C86BDB2A27}.Release|Any CPU.ActiveCfg = Release|Any CPU
		{1BEC01CA-4D94-44B0-BC6B-13C86BDB2A27}.Release|Any CPU.Build.0 = Release|Any CPU
		{F8308FD2-0447-4663-8EC7-4B75C8DFF90E}.Debug|Any CPU.ActiveCfg = Debug|Any CPU
		{F8308FD2-0447-4663-8EC7-4B75C8DFF90E}.Debug|Any CPU.Build.0 = Debug|Any CPU
		{F8308FD2-0447-4663-8EC7-4B75C8DFF90E}.Release|Any CPU.ActiveCfg = Release|Any CPU
		{F8308FD2-0447-4663-8EC7-4B75C8DFF90E}.Release|Any CPU.Build.0 = Release|Any CPU
		{92AE070A-D026-42D9-A0A9-A3616868D5FF}.Debug|Any CPU.ActiveCfg = Debug|Any CPU
		{92AE070A-D026-42D9-A0A9-A3616868D5FF}.Debug|Any CPU.Build.0 = Debug|Any CPU
		{92AE070A-D026-42D9-A0A9-A3616868D5FF}.Release|Any CPU.ActiveCfg = Release|Any CPU
		{92AE070A-D026-42D9-A0A9-A3616868D5FF}.Release|Any CPU.Build.0 = Release|Any CPU
		{E706565D-4714-4B87-8BB0-12248E47CA59}.Debug|Any CPU.ActiveCfg = Debug|Any CPU
		{E706565D-4714-4B87-8BB0-12248E47CA59}.Debug|Any CPU.Build.0 = Debug|Any CPU
		{E706565D-4714-4B87-8BB0-12248E47CA59}.Release|Any CPU.ActiveCfg = Release|Any CPU
		{E706565D-4714-4B87-8BB0-12248E47CA59}.Release|Any CPU.Build.0 = Release|Any CPU
		{2D122D4F-9B89-4582-938B-8916B832B278}.Debug|Any CPU.ActiveCfg = Debug|Any CPU
		{2D122D4F-9B89-4582-938B-8916B832B278}.Debug|Any CPU.Build.0 = Debug|Any CPU
		{2D122D4F-9B89-4582-938B-8916B832B278}.Release|Any CPU.ActiveCfg = Release|Any CPU
		{2D122D4F-9B89-4582-938B-8916B832B278}.Release|Any CPU.Build.0 = Release|Any CPU
		{CB4A8E07-44BE-4FF3-9017-F2F8905E3FA6}.Debug|Any CPU.ActiveCfg = Debug|Any CPU
		{CB4A8E07-44BE-4FF3-9017-F2F8905E3FA6}.Debug|Any CPU.Build.0 = Debug|Any CPU
		{CB4A8E07-44BE-4FF3-9017-F2F8905E3FA6}.Release|Any CPU.ActiveCfg = Release|Any CPU
		{CB4A8E07-44BE-4FF3-9017-F2F8905E3FA6}.Release|Any CPU.Build.0 = Release|Any CPU
		{8BB2658A-00F3-48F8-A3D5-632ABC0BD5B3}.Debug|Any CPU.ActiveCfg = Debug|Any CPU
		{8BB2658A-00F3-48F8-A3D5-632ABC0BD5B3}.Debug|Any CPU.Build.0 = Debug|Any CPU
		{8BB2658A-00F3-48F8-A3D5-632ABC0BD5B3}.Release|Any CPU.ActiveCfg = Release|Any CPU
		{8BB2658A-00F3-48F8-A3D5-632ABC0BD5B3}.Release|Any CPU.Build.0 = Release|Any CPU
		{3A523C16-D2FE-46C0-A1C3-5A7C78F57588}.Debug|Any CPU.ActiveCfg = Debug|Any CPU
		{3A523C16-D2FE-46C0-A1C3-5A7C78F57588}.Debug|Any CPU.Build.0 = Debug|Any CPU
		{3A523C16-D2FE-46C0-A1C3-5A7C78F57588}.Release|Any CPU.ActiveCfg = Release|Any CPU
		{3A523C16-D2FE-46C0-A1C3-5A7C78F57588}.Release|Any CPU.Build.0 = Release|Any CPU
		{5AEEA4E5-13DE-4ACA-81C0-306685C8DDFF}.Debug|Any CPU.ActiveCfg = Debug|Any CPU
		{5AEEA4E5-13DE-4ACA-81C0-306685C8DDFF}.Debug|Any CPU.Build.0 = Debug|Any CPU
		{5AEEA4E5-13DE-4ACA-81C0-306685C8DDFF}.Release|Any CPU.ActiveCfg = Release|Any CPU
		{5AEEA4E5-13DE-4ACA-81C0-306685C8DDFF}.Release|Any CPU.Build.0 = Release|Any CPU
		{0C6540CB-9EA1-4EE3-9422-E0C581F58B2F}.Debug|Any CPU.ActiveCfg = Debug|Any CPU
		{0C6540CB-9EA1-4EE3-9422-E0C581F58B2F}.Debug|Any CPU.Build.0 = Debug|Any CPU
		{0C6540CB-9EA1-4EE3-9422-E0C581F58B2F}.Release|Any CPU.ActiveCfg = Release|Any CPU
		{0C6540CB-9EA1-4EE3-9422-E0C581F58B2F}.Release|Any CPU.Build.0 = Release|Any CPU
		{8D657BBB-07A3-4506-9920-67FDCD2B68AC}.Debug|Any CPU.ActiveCfg = Debug|Any CPU
		{8D657BBB-07A3-4506-9920-67FDCD2B68AC}.Debug|Any CPU.Build.0 = Debug|Any CPU
		{8D657BBB-07A3-4506-9920-67FDCD2B68AC}.Release|Any CPU.ActiveCfg = Release|Any CPU
		{8D657BBB-07A3-4506-9920-67FDCD2B68AC}.Release|Any CPU.Build.0 = Release|Any CPU
		{B94473B5-968D-4643-9AC3-C7FC1E820F98}.Debug|Any CPU.ActiveCfg = Debug|Any CPU
		{B94473B5-968D-4643-9AC3-C7FC1E820F98}.Debug|Any CPU.Build.0 = Debug|Any CPU
		{B94473B5-968D-4643-9AC3-C7FC1E820F98}.Release|Any CPU.ActiveCfg = Release|Any CPU
		{B94473B5-968D-4643-9AC3-C7FC1E820F98}.Release|Any CPU.Build.0 = Release|Any CPU
		{2E461C63-F616-4E15-94E7-4E0B35B4226B}.Debug|Any CPU.ActiveCfg = Debug|Any CPU
		{2E461C63-F616-4E15-94E7-4E0B35B4226B}.Debug|Any CPU.Build.0 = Debug|Any CPU
		{2E461C63-F616-4E15-94E7-4E0B35B4226B}.Release|Any CPU.ActiveCfg = Release|Any CPU
		{2E461C63-F616-4E15-94E7-4E0B35B4226B}.Release|Any CPU.Build.0 = Release|Any CPU
		{76D0BCAD-215D-46D8-A332-629DA91F9256}.Debug|Any CPU.ActiveCfg = Debug|Any CPU
		{76D0BCAD-215D-46D8-A332-629DA91F9256}.Debug|Any CPU.Build.0 = Debug|Any CPU
		{76D0BCAD-215D-46D8-A332-629DA91F9256}.Release|Any CPU.ActiveCfg = Release|Any CPU
		{76D0BCAD-215D-46D8-A332-629DA91F9256}.Release|Any CPU.Build.0 = Release|Any CPU
		{BA525A6F-6E1D-4941-B66B-96C3A58E89DB}.Debug|Any CPU.ActiveCfg = Debug|Any CPU
		{BA525A6F-6E1D-4941-B66B-96C3A58E89DB}.Debug|Any CPU.Build.0 = Debug|Any CPU
		{BA525A6F-6E1D-4941-B66B-96C3A58E89DB}.Release|Any CPU.ActiveCfg = Release|Any CPU
		{BA525A6F-6E1D-4941-B66B-96C3A58E89DB}.Release|Any CPU.Build.0 = Release|Any CPU
		{CB3E903E-9A3A-4ED8-B294-CAA321BD8928}.Debug|Any CPU.ActiveCfg = Debug|Any CPU
		{CB3E903E-9A3A-4ED8-B294-CAA321BD8928}.Debug|Any CPU.Build.0 = Debug|Any CPU
		{CB3E903E-9A3A-4ED8-B294-CAA321BD8928}.Release|Any CPU.ActiveCfg = Release|Any CPU
		{CB3E903E-9A3A-4ED8-B294-CAA321BD8928}.Release|Any CPU.Build.0 = Release|Any CPU
		{7A8F612F-A1AF-4054-B8AF-BDA6E9325538}.Debug|Any CPU.ActiveCfg = Debug|Any CPU
		{7A8F612F-A1AF-4054-B8AF-BDA6E9325538}.Debug|Any CPU.Build.0 = Debug|Any CPU
		{7A8F612F-A1AF-4054-B8AF-BDA6E9325538}.Release|Any CPU.ActiveCfg = Release|Any CPU
		{7A8F612F-A1AF-4054-B8AF-BDA6E9325538}.Release|Any CPU.Build.0 = Release|Any CPU
		{CC8603A4-1BA0-440B-8F40-079E0F280AB5}.Debug|Any CPU.ActiveCfg = Debug|Any CPU
		{CC8603A4-1BA0-440B-8F40-079E0F280AB5}.Debug|Any CPU.Build.0 = Debug|Any CPU
		{CC8603A4-1BA0-440B-8F40-079E0F280AB5}.Release|Any CPU.ActiveCfg = Release|Any CPU
		{CC8603A4-1BA0-440B-8F40-079E0F280AB5}.Release|Any CPU.Build.0 = Release|Any CPU
		{41021462-2B24-43F5-BBC1-22F5E2E8C04D}.Debug|Any CPU.ActiveCfg = Debug|Any CPU
		{41021462-2B24-43F5-BBC1-22F5E2E8C04D}.Debug|Any CPU.Build.0 = Debug|Any CPU
		{41021462-2B24-43F5-BBC1-22F5E2E8C04D}.Release|Any CPU.ActiveCfg = Release|Any CPU
		{41021462-2B24-43F5-BBC1-22F5E2E8C04D}.Release|Any CPU.Build.0 = Release|Any CPU
		{5ACAF4A5-EF11-4AAD-B751-AA074524532D}.Debug|Any CPU.ActiveCfg = Debug|Any CPU
		{5ACAF4A5-EF11-4AAD-B751-AA074524532D}.Debug|Any CPU.Build.0 = Debug|Any CPU
		{5ACAF4A5-EF11-4AAD-B751-AA074524532D}.Release|Any CPU.ActiveCfg = Release|Any CPU
		{5ACAF4A5-EF11-4AAD-B751-AA074524532D}.Release|Any CPU.Build.0 = Release|Any CPU
		{5B08BF5D-85AB-4DFB-98C9-DD0558D8EC89}.Debug|Any CPU.ActiveCfg = Debug|Any CPU
		{5B08BF5D-85AB-4DFB-98C9-DD0558D8EC89}.Debug|Any CPU.Build.0 = Debug|Any CPU
		{5B08BF5D-85AB-4DFB-98C9-DD0558D8EC89}.Release|Any CPU.ActiveCfg = Release|Any CPU
		{5B08BF5D-85AB-4DFB-98C9-DD0558D8EC89}.Release|Any CPU.Build.0 = Release|Any CPU
		{7972B67D-C6E2-408C-AACC-3CE289223797}.Debug|Any CPU.ActiveCfg = Debug|Any CPU
		{7972B67D-C6E2-408C-AACC-3CE289223797}.Debug|Any CPU.Build.0 = Debug|Any CPU
		{7972B67D-C6E2-408C-AACC-3CE289223797}.Release|Any CPU.ActiveCfg = Release|Any CPU
		{7972B67D-C6E2-408C-AACC-3CE289223797}.Release|Any CPU.Build.0 = Release|Any CPU
		{28FECDCD-6C51-4997-A89C-AF71A26B7536}.Debug|Any CPU.ActiveCfg = Debug|Any CPU
		{28FECDCD-6C51-4997-A89C-AF71A26B7536}.Debug|Any CPU.Build.0 = Debug|Any CPU
		{28FECDCD-6C51-4997-A89C-AF71A26B7536}.Release|Any CPU.ActiveCfg = Release|Any CPU
		{28FECDCD-6C51-4997-A89C-AF71A26B7536}.Release|Any CPU.Build.0 = Release|Any CPU
		{F7F49036-9510-45A0-B1F2-DFDC1128D63B}.Debug|Any CPU.ActiveCfg = Debug|Any CPU
		{F7F49036-9510-45A0-B1F2-DFDC1128D63B}.Debug|Any CPU.Build.0 = Debug|Any CPU
		{F7F49036-9510-45A0-B1F2-DFDC1128D63B}.Release|Any CPU.ActiveCfg = Release|Any CPU
		{F7F49036-9510-45A0-B1F2-DFDC1128D63B}.Release|Any CPU.Build.0 = Release|Any CPU
		{9949B987-1A52-412A-BAAC-4CE47C9DE309}.Debug|Any CPU.ActiveCfg = Debug|Any CPU
		{9949B987-1A52-412A-BAAC-4CE47C9DE309}.Debug|Any CPU.Build.0 = Debug|Any CPU
		{9949B987-1A52-412A-BAAC-4CE47C9DE309}.Release|Any CPU.ActiveCfg = Release|Any CPU
		{9949B987-1A52-412A-BAAC-4CE47C9DE309}.Release|Any CPU.Build.0 = Release|Any CPU
		{AA3503F4-BC18-484F-8DC4-35CAA47F921E}.Debug|Any CPU.ActiveCfg = Debug|Any CPU
		{AA3503F4-BC18-484F-8DC4-35CAA47F921E}.Debug|Any CPU.Build.0 = Debug|Any CPU
		{AA3503F4-BC18-484F-8DC4-35CAA47F921E}.Release|Any CPU.ActiveCfg = Release|Any CPU
		{AA3503F4-BC18-484F-8DC4-35CAA47F921E}.Release|Any CPU.Build.0 = Release|Any CPU
		{FAFB1FFB-39C9-48C9-9146-28017ABD91D9}.Debug|Any CPU.ActiveCfg = Debug|Any CPU
		{FAFB1FFB-39C9-48C9-9146-28017ABD91D9}.Debug|Any CPU.Build.0 = Debug|Any CPU
		{FAFB1FFB-39C9-48C9-9146-28017ABD91D9}.Release|Any CPU.ActiveCfg = Release|Any CPU
		{FAFB1FFB-39C9-48C9-9146-28017ABD91D9}.Release|Any CPU.Build.0 = Release|Any CPU
		{AA9B7E29-778A-495D-B16D-BD67F743A666}.Debug|Any CPU.ActiveCfg = Debug|Any CPU
		{AA9B7E29-778A-495D-B16D-BD67F743A666}.Debug|Any CPU.Build.0 = Debug|Any CPU
		{AA9B7E29-778A-495D-B16D-BD67F743A666}.Release|Any CPU.ActiveCfg = Release|Any CPU
		{AA9B7E29-778A-495D-B16D-BD67F743A666}.Release|Any CPU.Build.0 = Release|Any CPU
		{89337202-4B82-4C9F-963B-1E36EE1C4635}.Debug|Any CPU.ActiveCfg = Debug|Any CPU
		{89337202-4B82-4C9F-963B-1E36EE1C4635}.Debug|Any CPU.Build.0 = Debug|Any CPU
		{89337202-4B82-4C9F-963B-1E36EE1C4635}.Release|Any CPU.ActiveCfg = Release|Any CPU
		{89337202-4B82-4C9F-963B-1E36EE1C4635}.Release|Any CPU.Build.0 = Release|Any CPU
		{B9A968B5-86C6-4044-AAA8-B82164C62849}.Debug|Any CPU.ActiveCfg = Debug|Any CPU
		{B9A968B5-86C6-4044-AAA8-B82164C62849}.Debug|Any CPU.Build.0 = Debug|Any CPU
		{B9A968B5-86C6-4044-AAA8-B82164C62849}.Release|Any CPU.ActiveCfg = Release|Any CPU
		{B9A968B5-86C6-4044-AAA8-B82164C62849}.Release|Any CPU.Build.0 = Release|Any CPU
		{A982F2AB-BB6F-4BB9-A370-53EE772092FF}.Debug|Any CPU.ActiveCfg = Debug|Any CPU
		{A982F2AB-BB6F-4BB9-A370-53EE772092FF}.Debug|Any CPU.Build.0 = Debug|Any CPU
		{A982F2AB-BB6F-4BB9-A370-53EE772092FF}.Release|Any CPU.ActiveCfg = Release|Any CPU
		{A982F2AB-BB6F-4BB9-A370-53EE772092FF}.Release|Any CPU.Build.0 = Release|Any CPU
		{6BC14ABB-BBC3-4AE3-833E-4DD8E3AD7277}.Debug|Any CPU.ActiveCfg = Debug|Any CPU
		{6BC14ABB-BBC3-4AE3-833E-4DD8E3AD7277}.Debug|Any CPU.Build.0 = Debug|Any CPU
		{6BC14ABB-BBC3-4AE3-833E-4DD8E3AD7277}.Release|Any CPU.ActiveCfg = Release|Any CPU
		{6BC14ABB-BBC3-4AE3-833E-4DD8E3AD7277}.Release|Any CPU.Build.0 = Release|Any CPU
		{C52746B5-B878-45AB-8667-1DAE256D1C3B}.Debug|Any CPU.ActiveCfg = Debug|Any CPU
		{C52746B5-B878-45AB-8667-1DAE256D1C3B}.Debug|Any CPU.Build.0 = Debug|Any CPU
		{C52746B5-B878-45AB-8667-1DAE256D1C3B}.Release|Any CPU.ActiveCfg = Release|Any CPU
		{C52746B5-B878-45AB-8667-1DAE256D1C3B}.Release|Any CPU.Build.0 = Release|Any CPU
		{B25E5244-2A40-490B-BAD6-9DAE39CD7D49}.Debug|Any CPU.ActiveCfg = Debug|Any CPU
		{B25E5244-2A40-490B-BAD6-9DAE39CD7D49}.Debug|Any CPU.Build.0 = Debug|Any CPU
		{B25E5244-2A40-490B-BAD6-9DAE39CD7D49}.Release|Any CPU.ActiveCfg = Release|Any CPU
		{B25E5244-2A40-490B-BAD6-9DAE39CD7D49}.Release|Any CPU.Build.0 = Release|Any CPU
		{9194E812-9D30-49E2-8FA5-5E25BFDEC927}.Debug|Any CPU.ActiveCfg = Debug|Any CPU
		{9194E812-9D30-49E2-8FA5-5E25BFDEC927}.Debug|Any CPU.Build.0 = Debug|Any CPU
		{9194E812-9D30-49E2-8FA5-5E25BFDEC927}.Release|Any CPU.ActiveCfg = Release|Any CPU
		{9194E812-9D30-49E2-8FA5-5E25BFDEC927}.Release|Any CPU.Build.0 = Release|Any CPU
		{F1575997-02D0-486F-AE36-69F6A3B37C39}.Debug|Any CPU.ActiveCfg = Debug|Any CPU
		{F1575997-02D0-486F-AE36-69F6A3B37C39}.Debug|Any CPU.Build.0 = Debug|Any CPU
		{F1575997-02D0-486F-AE36-69F6A3B37C39}.Release|Any CPU.ActiveCfg = Release|Any CPU
		{F1575997-02D0-486F-AE36-69F6A3B37C39}.Release|Any CPU.Build.0 = Release|Any CPU
	EndGlobalSection
	GlobalSection(SolutionProperties) = preSolution
		HideSolutionNode = FALSE
	EndGlobalSection
	GlobalSection(NestedProjects) = preSolution
		{A78F75AB-FEA0-4A70-9EF6-5ABD55CBF2EF} = {9B1F53A0-CCCD-4A6B-9829-BBA134A055F9}
		{4B2E1F04-35B1-4D0C-914E-F5E64EDDB7EB} = {9B1F53A0-CCCD-4A6B-9829-BBA134A055F9}
		{8BE16FF4-D4FE-4923-AC63-E7D95A7D117A} = {9B1F53A0-CCCD-4A6B-9829-BBA134A055F9}
		{E758A392-0128-49BA-9668-7FEDB606F85F} = {FFAFD879-5864-409F-9BAE-B39DBE1B9DB3}
		{251CDDD8-0100-4ACE-9D59-2E99B89374CF} = {9B1F53A0-CCCD-4A6B-9829-BBA134A055F9}
		{D2A541D6-A79C-4C43-A1A1-388528F856C7} = {9B1F53A0-CCCD-4A6B-9829-BBA134A055F9}
		{D969683C-AD3A-44E6-9BEA-9AAD7516AEFE} = {FFAFD879-5864-409F-9BAE-B39DBE1B9DB3}
		{C2EB1ED8-3BAB-4F5E-B05F-349BF1E55699} = {FFAFD879-5864-409F-9BAE-B39DBE1B9DB3}
		{AF2AA63F-B129-4D88-9D1A-4BC19E443B00} = {FFAFD879-5864-409F-9BAE-B39DBE1B9DB3}
		{CB399A05-14EB-4FB6-9210-8697B0A9AC4E} = {FFAFD879-5864-409F-9BAE-B39DBE1B9DB3}
		{D913B212-66AA-4AB0-AF15-DD0FD804AF58} = {9B1F53A0-CCCD-4A6B-9829-BBA134A055F9}
		{DCD974D5-8AC3-4D50-8A2E-0E57E517E93A} = {FFAFD879-5864-409F-9BAE-B39DBE1B9DB3}
		{4C77BAC1-0604-4433-A3CE-C92433EE9227} = {9B1F53A0-CCCD-4A6B-9829-BBA134A055F9}
		{D352E922-1D80-474E-939D-80CF30E1961D} = {9B1F53A0-CCCD-4A6B-9829-BBA134A055F9}
		{59F57D13-9C8D-4F7B-9546-84A7D8645C26} = {9B1F53A0-CCCD-4A6B-9829-BBA134A055F9}
		{5782F1EA-01B5-475A-A4BD-759D4D58779C} = {FFAFD879-5864-409F-9BAE-B39DBE1B9DB3}
		{90159E3A-D516-4174-929A-53BB75A11048} = {FFAFD879-5864-409F-9BAE-B39DBE1B9DB3}
		{34E7A47E-A8FB-4614-9B81-D060FA87AC5B} = {9B1F53A0-CCCD-4A6B-9829-BBA134A055F9}
		{E2EA324C-B304-4AF5-82BD-D1B7F6020C7F} = {9B1F53A0-CCCD-4A6B-9829-BBA134A055F9}
		{860146EB-8202-4955-8BC3-9DC6DC229808} = {FFAFD879-5864-409F-9BAE-B39DBE1B9DB3}
		{A032B66E-FA10-46A0-837A-EFBA5CA14DAF} = {FFAFD879-5864-409F-9BAE-B39DBE1B9DB3}
		{36800F86-879A-4FBA-8D6C-FBEDD385531F} = {9B1F53A0-CCCD-4A6B-9829-BBA134A055F9}
		{98E1872A-02D8-4D1C-B0CB-D1FD269C9270} = {FFAFD879-5864-409F-9BAE-B39DBE1B9DB3}
		{42A388A2-B797-4335-8A7D-8D748F58E7A3} = {9B1F53A0-CCCD-4A6B-9829-BBA134A055F9}
		{7A7CE935-5AF5-477E-A361-C8AB18C4FBED} = {9B1F53A0-CCCD-4A6B-9829-BBA134A055F9}
		{B5A23BC4-48AF-41A3-BD7C-919708E3BEA1} = {FFAFD879-5864-409F-9BAE-B39DBE1B9DB3}
		{7E8031E5-4C29-414B-AE91-A1FD3081188A} = {7BD300CE-5152-4AE6-BB47-067C4F12C2FC}
		{152AFD98-0CF6-4FC2-BCD4-2172A1C607BE} = {7BD300CE-5152-4AE6-BB47-067C4F12C2FC}
		{BBD4CBBE-4723-4F98-98EE-E69AFEEBC17C} = {C219BF35-5833-4FE7-AA40-BBFC45556E69}
		{B3F66E23-58E9-452B-91A9-3D060368A256} = {C219BF35-5833-4FE7-AA40-BBFC45556E69}
		{A98587C7-C359-4CDC-81A2-D1353BC7A412} = {C219BF35-5833-4FE7-AA40-BBFC45556E69}
		{F621C45A-7F80-4978-ACF6-97819331DF10} = {B5A23BC4-48AF-41A3-BD7C-919708E3BEA1}
		{57A37165-4351-4B83-A2DA-EA3E3593BB92} = {B5A23BC4-48AF-41A3-BD7C-919708E3BEA1}
		{F4F57D13-2835-481A-AAAA-ECA8D6F95979} = {B5A23BC4-48AF-41A3-BD7C-919708E3BEA1}
		{4F90976B-2DB2-40E0-BFAE-643A59F40212} = {C219BF35-5833-4FE7-AA40-BBFC45556E69}
		{F61B65E7-2B24-44D8-8916-F223C15BB703} = {C219BF35-5833-4FE7-AA40-BBFC45556E69}
		{0FC4551D-9532-419A-B824-D11FCA9F85D9} = {B5A23BC4-48AF-41A3-BD7C-919708E3BEA1}
		{64218D78-731F-4D4E-926D-332B52EA9EE1} = {B5A23BC4-48AF-41A3-BD7C-919708E3BEA1}
		{3D8F8805-0545-49F7-AB49-A022325CBF98} = {C219BF35-5833-4FE7-AA40-BBFC45556E69}
		{EB8C6F55-F4A6-4364-A1AF-BD51803D541A} = {C219BF35-5833-4FE7-AA40-BBFC45556E69}
		{EA269D5A-CA28-49A2-A039-1134540E3A56} = {B5A23BC4-48AF-41A3-BD7C-919708E3BEA1}
		{F5596630-8E7C-4BE6-A15E-5D0D172C91D6} = {B5A23BC4-48AF-41A3-BD7C-919708E3BEA1}
		{CA12242D-1F50-44BB-9972-D6C6609E4C37} = {FFAFD879-5864-409F-9BAE-B39DBE1B9DB3}
		{61171544-D948-43DF-ABF0-A9D5BED94CD1} = {C219BF35-5833-4FE7-AA40-BBFC45556E69}
		{9095FD2B-8206-43E7-AD22-B58F1681DEF9} = {C219BF35-5833-4FE7-AA40-BBFC45556E69}
		{51A830E4-6BEB-4D64-9870-2A724CCD1C51} = {B5A23BC4-48AF-41A3-BD7C-919708E3BEA1}
		{F6CC3697-FA09-41D6-8A73-2AA1B13C7B7B} = {9B1F53A0-CCCD-4A6B-9829-BBA134A055F9}
		{910BB4E8-B7E8-4B17-88C6-6E6470160037} = {C219BF35-5833-4FE7-AA40-BBFC45556E69}
		{50AA5E0A-2D74-47F6-8790-00C42E96106D} = {B5A23BC4-48AF-41A3-BD7C-919708E3BEA1}
		{B10B5290-09A5-44A8-8B8F-0A1542E26EBD} = {C219BF35-5833-4FE7-AA40-BBFC45556E69}
		{1238D5F8-8E21-4D55-AFB0-50EF356D37C1} = {C219BF35-5833-4FE7-AA40-BBFC45556E69}
		{BE237E2F-1AE1-4585-A098-723C487F3876} = {B5A23BC4-48AF-41A3-BD7C-919708E3BEA1}
		{C372C15B-0AC3-4EE3-AE0D-43032E591862} = {C219BF35-5833-4FE7-AA40-BBFC45556E69}
		{163CC1D2-9FB3-407F-85D4-0A06565F3FEB} = {C219BF35-5833-4FE7-AA40-BBFC45556E69}
		{B772C005-BBFC-4827-8766-880D9CE04182} = {B5A23BC4-48AF-41A3-BD7C-919708E3BEA1}
		{C4185E91-C0C2-4F9A-BCC7-A73765D958BE} = {B5A23BC4-48AF-41A3-BD7C-919708E3BEA1}
		{73480529-797F-4CFC-9440-9F44B4F461A3} = {C219BF35-5833-4FE7-AA40-BBFC45556E69}
		{D7C01B1B-ADA2-4BDE-A5F1-4DCBACE48274} = {B5A23BC4-48AF-41A3-BD7C-919708E3BEA1}
		{1C7A507E-A4AC-4B3D-A514-D225FE77009A} = {FFAFD879-5864-409F-9BAE-B39DBE1B9DB3}
		{5E224F2B-B165-46A4-83F1-504AB98221A2} = {C219BF35-5833-4FE7-AA40-BBFC45556E69}
		{BC10AFCA-0B79-4FDE-B04E-E1C39AEF9245} = {C219BF35-5833-4FE7-AA40-BBFC45556E69}
		{543BDE83-6FE6-409A-AE9E-72D41EAC98F8} = {B5A23BC4-48AF-41A3-BD7C-919708E3BEA1}
		{2D140C02-1BDF-4BFD-8D26-18D29EA08889} = {C219BF35-5833-4FE7-AA40-BBFC45556E69}
		{EED9098D-B5A7-465A-88BC-FEC995B586C4} = {B5A23BC4-48AF-41A3-BD7C-919708E3BEA1}
		{E9BF9750-8652-48F7-9DBF-B3357CD76E36} = {C219BF35-5833-4FE7-AA40-BBFC45556E69}
		{8FE9A3CA-1EC4-45A4-9448-01CD37E0414F} = {C219BF35-5833-4FE7-AA40-BBFC45556E69}
		{35D230C5-073A-44E7-AB18-2EFB6D90EDE2} = {B5A23BC4-48AF-41A3-BD7C-919708E3BEA1}
		{EA37054F-F44F-4337-817E-999552BF9838} = {C219BF35-5833-4FE7-AA40-BBFC45556E69}
		{E022C5DE-27AD-4BEC-BF94-9C71089B9641} = {B5A23BC4-48AF-41A3-BD7C-919708E3BEA1}
		{6861CC5F-837B-4826-8115-7EAAD3D873EA} = {C219BF35-5833-4FE7-AA40-BBFC45556E69}
		{1E14E18C-3B43-403B-917B-E4E766C95C48} = {B5A23BC4-48AF-41A3-BD7C-919708E3BEA1}
		{0272867A-BB11-43E2-8381-0007B0571000} = {C219BF35-5833-4FE7-AA40-BBFC45556E69}
		{398F8B49-8CB3-45AD-899F-E3F0EE210ED3} = {C219BF35-5833-4FE7-AA40-BBFC45556E69}
		{E45FE2D4-F0F8-41B8-AE37-D319FD863011} = {B5A23BC4-48AF-41A3-BD7C-919708E3BEA1}
		{D9853011-BE66-4037-ADD5-34BFBAC9D029} = {B5A23BC4-48AF-41A3-BD7C-919708E3BEA1}
		{927A3EF2-EAD3-4186-965F-D5C0336BEC19} = {C219BF35-5833-4FE7-AA40-BBFC45556E69}
		{A36350E5-7DA4-411E-9FB0-3FAD994091F5} = {B5A23BC4-48AF-41A3-BD7C-919708E3BEA1}
		{C237A490-3B9C-4F9C-8106-072337B29367} = {C219BF35-5833-4FE7-AA40-BBFC45556E69}
		{69DB4D26-B951-4800-ACEC-E5F0229E70EA} = {B5A23BC4-48AF-41A3-BD7C-919708E3BEA1}
		{3500B291-5411-4C3D-B4C9-C8E6A950484A} = {C219BF35-5833-4FE7-AA40-BBFC45556E69}
		{69002E71-B9F5-4540-95BB-BD90E513FD0F} = {B5A23BC4-48AF-41A3-BD7C-919708E3BEA1}
		{4801B776-191A-4315-8922-BF9B527FD39B} = {C219BF35-5833-4FE7-AA40-BBFC45556E69}
		{DC25D634-0D06-4DAA-A95B-E94AE4F43634} = {C219BF35-5833-4FE7-AA40-BBFC45556E69}
		{80D6A1BA-280C-420A-8B0D-8812B49E43A3} = {B5A23BC4-48AF-41A3-BD7C-919708E3BEA1}
		{D67FD116-DFE2-4AEC-9ED8-F522D690D91F} = {9B1F53A0-CCCD-4A6B-9829-BBA134A055F9}
		{1F919C43-813F-468F-84F0-91D731703238} = {B5A23BC4-48AF-41A3-BD7C-919708E3BEA1}
		{BA9CD4BE-A74C-468E-BBA1-B52E50BABB67} = {C219BF35-5833-4FE7-AA40-BBFC45556E69}
		{8B247106-FED5-47C7-9F53-E8E18B58D44D} = {B5A23BC4-48AF-41A3-BD7C-919708E3BEA1}
		{FC21FC27-C209-4CDD-9682-B0EEAC4AAAC2} = {C219BF35-5833-4FE7-AA40-BBFC45556E69}
		{DE22FA64-EBE4-4743-A35B-172FE6516393} = {B5A23BC4-48AF-41A3-BD7C-919708E3BEA1}
		{AB66AF56-E08C-4E2D-9DCC-AC8919B575E5} = {9B1F53A0-CCCD-4A6B-9829-BBA134A055F9}
		{5300C78A-F2DB-412B-AEA3-5B26CA856C1A} = {C219BF35-5833-4FE7-AA40-BBFC45556E69}
		{725F56F1-7B31-40ED-A587-A42649EE42D9} = {FFAFD879-5864-409F-9BAE-B39DBE1B9DB3}
		{BC62E1D5-5EDE-4A34-9865-80FAA6007942} = {C219BF35-5833-4FE7-AA40-BBFC45556E69}
		{E32C476D-E410-43BB-9CFF-B453308FB5FF} = {B5A23BC4-48AF-41A3-BD7C-919708E3BEA1}
		{7EC80836-BF46-437B-8238-767717BB13E1} = {B5A23BC4-48AF-41A3-BD7C-919708E3BEA1}
		{16A03E19-9697-4B49-93DF-15D948D3879D} = {B5A23BC4-48AF-41A3-BD7C-919708E3BEA1}
		{FA9574F6-F9E5-4DCE-9BC7-6501DE100BCF} = {C219BF35-5833-4FE7-AA40-BBFC45556E69}
		{9CD1BFF9-9AAD-4F7C-99F5-0E04C07CFC22} = {C219BF35-5833-4FE7-AA40-BBFC45556E69}
		{A28D3081-C2EE-44FA-8A0F-00438E311B55} = {9B1F53A0-CCCD-4A6B-9829-BBA134A055F9}
		{C240DF19-3DC8-42AE-AEA2-D4EE54099BF1} = {9B1F53A0-CCCD-4A6B-9829-BBA134A055F9}
		{F75ACF12-0421-4BF4-9A95-C1D8DB52DD6C} = {B5A23BC4-48AF-41A3-BD7C-919708E3BEA1}
		{E0B5293D-31E9-4E96-8A4A-878EB2FCAAF0} = {C219BF35-5833-4FE7-AA40-BBFC45556E69}
		{7BA3DA83-18CA-4C5D-869A-AC29B5D09A03} = {9B1F53A0-CCCD-4A6B-9829-BBA134A055F9}
		{515BFE18-EBF3-4958-8960-1C82D89690F2} = {FFAFD879-5864-409F-9BAE-B39DBE1B9DB3}
		{810B50E3-640C-468A-8AB6-9E8D8BB2A104} = {C219BF35-5833-4FE7-AA40-BBFC45556E69}
		{F362622F-E3A0-4C50-B0BD-28BD3E7C0684} = {B5A23BC4-48AF-41A3-BD7C-919708E3BEA1}
		{25E6A33C-A5D8-4E1B-9F6B-19E4DEBA0A8F} = {9B1F53A0-CCCD-4A6B-9829-BBA134A055F9}
		{4662F563-233B-4A6F-A9C6-DEBB99D6ECA8} = {C219BF35-5833-4FE7-AA40-BBFC45556E69}
		{B86832EA-8CC6-4796-AB21-F72C70D714E5} = {B5A23BC4-48AF-41A3-BD7C-919708E3BEA1}
		{5075AD93-7039-4E09-A80F-B0EC55258AC2} = {C219BF35-5833-4FE7-AA40-BBFC45556E69}
		{8327982D-B578-4AF1-A6B3-4385814D6372} = {C219BF35-5833-4FE7-AA40-BBFC45556E69}
		{9571BB34-AE5D-4516-9BBD-5229545C6FCB} = {FFAFD879-5864-409F-9BAE-B39DBE1B9DB3}
		{B99B4DED-AB5D-4D9E-A444-84C5CAE99A79} = {B5A23BC4-48AF-41A3-BD7C-919708E3BEA1}
		{55E76B7D-F4C9-42CA-922A-EFB55A4F75C2} = {C219BF35-5833-4FE7-AA40-BBFC45556E69}
		{4A0BB06C-C7A2-4F93-8DC5-2BB9295B353D} = {FFAFD879-5864-409F-9BAE-B39DBE1B9DB3}
		{1BEC01CA-4D94-44B0-BC6B-13C86BDB2A27} = {FFAFD879-5864-409F-9BAE-B39DBE1B9DB3}
		{F8308FD2-0447-4663-8EC7-4B75C8DFF90E} = {B5A23BC4-48AF-41A3-BD7C-919708E3BEA1}
		{E706565D-4714-4B87-8BB0-12248E47CA59} = {FFAFD879-5864-409F-9BAE-B39DBE1B9DB3}
		{F81F03E2-6CB9-4CEB-899A-38A22656ABE0} = {FFAFD879-5864-409F-9BAE-B39DBE1B9DB3}
		{7F4C4C09-DBC6-4CC3-B98A-4647218A662D} = {F81F03E2-6CB9-4CEB-899A-38A22656ABE0}
		{2D122D4F-9B89-4582-938B-8916B832B278} = {7F4C4C09-DBC6-4CC3-B98A-4647218A662D}
		{CB4A8E07-44BE-4FF3-9017-F2F8905E3FA6} = {7F4C4C09-DBC6-4CC3-B98A-4647218A662D}
		{8BB2658A-00F3-48F8-A3D5-632ABC0BD5B3} = {7F4C4C09-DBC6-4CC3-B98A-4647218A662D}
		{5AEEA4E5-13DE-4ACA-81C0-306685C8DDFF} = {C219BF35-5833-4FE7-AA40-BBFC45556E69}
		{0C6540CB-9EA1-4EE3-9422-E0C581F58B2F} = {9B1F53A0-CCCD-4A6B-9829-BBA134A055F9}
		{8D657BBB-07A3-4506-9920-67FDCD2B68AC} = {FFAFD879-5864-409F-9BAE-B39DBE1B9DB3}
		{B94473B5-968D-4643-9AC3-C7FC1E820F98} = {FFAFD879-5864-409F-9BAE-B39DBE1B9DB3}
		{2E461C63-F616-4E15-94E7-4E0B35B4226B} = {D1F086A5-5E66-4E4F-996B-AB7AB8582048}
		{76D0BCAD-215D-46D8-A332-629DA91F9256} = {D1F086A5-5E66-4E4F-996B-AB7AB8582048}
		{BA525A6F-6E1D-4941-B66B-96C3A58E89DB} = {9B1F53A0-CCCD-4A6B-9829-BBA134A055F9}
		{CB3E903E-9A3A-4ED8-B294-CAA321BD8928} = {C219BF35-5833-4FE7-AA40-BBFC45556E69}
		{7A8F612F-A1AF-4054-B8AF-BDA6E9325538} = {B5A23BC4-48AF-41A3-BD7C-919708E3BEA1}
		{CC8603A4-1BA0-440B-8F40-079E0F280AB5} = {B5A23BC4-48AF-41A3-BD7C-919708E3BEA1}
		{41021462-2B24-43F5-BBC1-22F5E2E8C04D} = {C219BF35-5833-4FE7-AA40-BBFC45556E69}
		{5ACAF4A5-EF11-4AAD-B751-AA074524532D} = {D1F086A5-5E66-4E4F-996B-AB7AB8582048}
		{5B08BF5D-85AB-4DFB-98C9-DD0558D8EC89} = {C219BF35-5833-4FE7-AA40-BBFC45556E69}
		{7972B67D-C6E2-408C-AACC-3CE289223797} = {B5A23BC4-48AF-41A3-BD7C-919708E3BEA1}
		{F7F49036-9510-45A0-B1F2-DFDC1128D63B} = {FFAFD879-5864-409F-9BAE-B39DBE1B9DB3}
		{9949B987-1A52-412A-BAAC-4CE47C9DE309} = {D1F086A5-5E66-4E4F-996B-AB7AB8582048}
		{FAFB1FFB-39C9-48C9-9146-28017ABD91D9} = {C219BF35-5833-4FE7-AA40-BBFC45556E69}
		{AA9B7E29-778A-495D-B16D-BD67F743A666} = {B5A23BC4-48AF-41A3-BD7C-919708E3BEA1}
		{B9A968B5-86C6-4044-AAA8-B82164C62849} = {B5A23BC4-48AF-41A3-BD7C-919708E3BEA1}
		{A982F2AB-BB6F-4BB9-A370-53EE772092FF} = {C219BF35-5833-4FE7-AA40-BBFC45556E69}
		{6BC14ABB-BBC3-4AE3-833E-4DD8E3AD7277} = {C219BF35-5833-4FE7-AA40-BBFC45556E69}
		{C52746B5-B878-45AB-8667-1DAE256D1C3B} = {B5A23BC4-48AF-41A3-BD7C-919708E3BEA1}
		{B25E5244-2A40-490B-BAD6-9DAE39CD7D49} = {9B1F53A0-CCCD-4A6B-9829-BBA134A055F9}
		{9194E812-9D30-49E2-8FA5-5E25BFDEC927} = {FFAFD879-5864-409F-9BAE-B39DBE1B9DB3}
	EndGlobalSection
EndGlobal
